{
  "format_version": "1.0",
  "provider_schemas": {
    "f5-distributed-cloud": {
      "provider": {
        "version": 0,
        "block": {
          "attributes": {
            "api_token": {
              "type": "string",
              "description": "API token for authentication. Can also be set via the F5XC_API_TOKEN environment variable.",
              "description_kind": "plain",
              "optional": true,
              "sensitive": true
            },
            "api_url": {
              "type": "string",
              "description": "The URL for the F5 XC API. Can also be set via the F5XC_API_URL environment variable.",
              "description_kind": "plain",
              "optional": true
            },
            "p12_file": {
              "type": "string",
              "description": "Path to the P12 certificate file for authentication. Can also be set via the F5XC_API_P12_FILE environment variable.",
              "description_kind": "plain",
              "optional": true
            },
            "p12_password": {
              "type": "string",
              "description": "Password for the P12 certificate file. Can also be set via the F5XC_API_P12_PASSWORD environment variable.",
              "description_kind": "plain",
              "optional": true,
              "sensitive": true
            }
          },
          "description": "\nThe F5 Distributed Cloud (F5 XC) provider enables infrastructure engineers to manage F5 XC resources using Terraform.\n\n## Authentication\n\nThe provider supports two authentication methods:\n\n1. **API Token Authentication** (recommended for automation):\n   - Set the `api_token` attribute or `F5XC_API_TOKEN` environment variable\n\n2. **Certificate Authentication** (P12 file):\n   - Set `p12_file` and `p12_password` attributes or\n   - Set `F5XC_API_P12_FILE` and `F5XC_API_P12_PASSWORD` environment variables\n\n## Example Usage\n\n```hcl\nprovider \"f5_distributed_cloud\" {\n  api_url   = \"https://your-tenant.console.ves.volterra.io/api\"\n  api_token = var.f5_distributed_cloud_api_token\n}\n```\n",
          "description_kind": "markdown"
        }
      },
      "resource_schemas": {
        "f5_distributed_cloud_active_service_policies": {
          "version": 0,
          "block": {
            "attributes": {
              "description": {
                "type": "string",
                "description_kind": "plain",
                "optional": true
              },
              "id": {
                "type": "string",
                "description_kind": "plain",
                "computed": true
              },
              "name": {
                "type": "string",
                "description_kind": "plain",
                "required": true
              },
              "namespace": {
                "type": "string",
                "description_kind": "plain",
                "required": true
              }
            },
            "block_types": {
              "policies": {
                "nesting_mode": "list",
                "block": {
                  "attributes": {
                    "name": {
                      "type": "string",
                      "description": "Name of the service policy.",
                      "description_kind": "plain",
                      "required": true
                    },
                    "namespace": {
                      "type": "string",
                      "description": "Namespace of the service policy.",
                      "description_kind": "plain",
                      "required": true
                    }
                  },
                  "description": "List of service policies to activate.",
                  "description_kind": "plain"
                }
              }
            },
            "description": "\nThe `f5_distributed_cloud_active_service_policies` resource manages Active Service Policies in F5 Distributed Cloud.\n\nActive Service Policies allow you to activate and apply a set of service policies to sites or virtual sites.\n\n## Example Usage\n\n```hcl\nresource \"f5_distributed_cloud_active_service_policies\" \"example\" {\n  name      = \"active-policies\"\n  namespace = \"system\"\n\n  policies {\n    name      = \"rate-limit-policy\"\n    namespace = \"my-namespace\"\n  }\n\n  policies {\n    name      = \"waf-policy\"\n    namespace = \"my-namespace\"\n  }\n}\n```\n",
            "description_kind": "markdown"
          }
        },
        "f5_distributed_cloud_advertise_policy": {
          "version": 0,
          "block": {
            "attributes": {
              "description": {
                "type": "string",
                "description_kind": "plain",
                "optional": true
              },
              "id": {
                "type": "string",
                "description_kind": "plain",
                "computed": true
              },
              "name": {
                "type": "string",
                "description_kind": "plain",
                "required": true
              },
              "namespace": {
                "type": "string",
                "description_kind": "plain",
                "required": true
              }
            },
            "description": "\nThe `f5_distributed_cloud_advertise_policy` resource manages Advertise Policies in F5 Distributed Cloud.\n\nAdvertise Policies control how services are advertised to the network.\n\n## Example Usage\n\n```hcl\nresource \"f5_distributed_cloud_advertise_policy\" \"example\" {\n  name        = \"my-advertise-policy\"\n  namespace   = \"my-namespace\"\n  description = \"Policy for service advertisement\"\n}\n```\n",
            "description_kind": "markdown"
          }
        },
        "f5_distributed_cloud_alert_policy": {
          "version": 0,
          "block": {
            "attributes": {
              "description": {
                "type": "string",
                "description_kind": "plain",
                "optional": true
              },
              "id": {
                "type": "string",
                "description_kind": "plain",
                "computed": true
              },
              "name": {
                "type": "string",
                "description_kind": "plain",
                "required": true
              },
              "namespace": {
                "type": "string",
                "description_kind": "plain",
                "required": true
              }
            },
            "block_types": {
              "receivers": {
                "nesting_mode": "list",
                "block": {
                  "attributes": {
                    "name": {
                      "type": "string",
                      "description_kind": "plain",
                      "required": true
                    },
                    "namespace": {
                      "type": "string",
                      "description_kind": "plain",
                      "required": true
                    }
                  },
                  "description": "List of alert receivers.",
                  "description_kind": "plain"
                }
              },
              "routes": {
                "nesting_mode": "list",
                "block": {
                  "attributes": {
                    "match": {
                      "type": [
                        "map",
                        "string"
                      ],
                      "description_kind": "plain",
                      "optional": true
                    },
                    "receiver": {
                      "type": "string",
                      "description_kind": "plain",
                      "required": true
                    }
                  },
                  "description": "Alert routing rules.",
                  "description_kind": "plain"
                }
              }
            },
            "description": "\nThe `f5_distributed_cloud_alert_policy` resource manages Alert Policies in F5 Distributed Cloud.\n\nAlert Policies define notification rules for alerts and events.\n\n## Example Usage\n\n```hcl\nresource \"f5_distributed_cloud_alert_policy\" \"example\" {\n  name        = \"my-alert-policy\"\n  namespace   = \"my-namespace\"\n  description = \"Alert policy for critical alerts\"\n\n  receivers {\n    name      = \"slack-receiver\"\n    namespace = \"shared\"\n  }\n}\n```\n",
            "description_kind": "markdown"
          }
        },
        "f5_distributed_cloud_alert_receiver": {
          "version": 0,
          "block": {
            "attributes": {
              "description": {
                "type": "string",
                "description_kind": "plain",
                "optional": true
              },
              "email": {
                "type": "string",
                "description": "Email address to send alerts to.",
                "description_kind": "plain",
                "optional": true
              },
              "id": {
                "type": "string",
                "description_kind": "plain",
                "computed": true
              },
              "name": {
                "type": "string",
                "description_kind": "plain",
                "required": true
              },
              "namespace": {
                "type": "string",
                "description_kind": "plain",
                "required": true
              },
              "pagerduty_key": {
                "type": "string",
                "description": "PagerDuty routing key for notifications.",
                "description_kind": "plain",
                "optional": true,
                "sensitive": true
              },
              "slack_url": {
                "type": "string",
                "description": "Slack webhook URL for notifications.",
                "description_kind": "plain",
                "optional": true,
                "sensitive": true
              }
            },
            "description": "\nThe `f5_distributed_cloud_alert_receiver` resource manages Alert Receivers in F5 Distributed Cloud.\n\nAlert Receivers define notification destinations for alerts (email, Slack, PagerDuty).\n\n## Example Usage\n\n```hcl\nresource \"f5_distributed_cloud_alert_receiver\" \"slack\" {\n  name        = \"slack-alerts\"\n  namespace   = \"shared\"\n  description = \"Slack channel for alerts\"\n  slack_url   = \"https://hooks.slack.com/services/xxx/yyy/zzz\"\n}\n\nresource \"f5_distributed_cloud_alert_receiver\" \"email\" {\n  name        = \"email-alerts\"\n  namespace   = \"shared\"\n  description = \"Email alerts\"\n  email       = \"alerts@example.com\"\n}\n```\n",
            "description_kind": "markdown"
          }
        },
        "f5_distributed_cloud_api_credential": {
          "version": 0,
          "block": {
            "attributes": {
              "credential_type": {
                "type": "string",
                "description_kind": "plain",
                "required": true
              },
              "data": {
                "type": "string",
                "description": "The credential data (certificate or token)",
                "description_kind": "plain",
                "computed": true,
                "sensitive": true
              },
              "description": {
                "type": "string",
                "description_kind": "plain",
                "optional": true
              },
              "expiration_days": {
                "type": "number",
                "description_kind": "plain",
                "optional": true,
                "computed": true
              },
              "id": {
                "type": "string",
                "description_kind": "plain",
                "computed": true
              },
              "name": {
                "type": "string",
                "description_kind": "plain",
                "required": true
              },
              "namespace": {
                "type": "string",
                "description_kind": "plain",
                "required": true
              },
              "virtual_k8s_name": {
                "type": "string",
                "description": "Name of the virtual K8s cluster (for KUBE_CONFIG type)",
                "description_kind": "plain",
                "optional": true
              },
              "virtual_k8s_namespace": {
                "type": "string",
                "description": "Namespace of the virtual K8s cluster",
                "description_kind": "plain",
                "optional": true
              }
            },
            "description": "\nThe `f5_distributed_cloud_api_credential` resource manages API Credentials in F5 Distributed Cloud.\n\nAPI Credentials are used for programmatic access to F5 XC APIs.\n\n## Example Usage\n\n```hcl\nresource \"f5_distributed_cloud_api_credential\" \"example\" {\n  name            = \"terraform-api-cred\"\n  namespace       = \"system\"\n  credential_type = \"API_CERTIFICATE\"\n  expiration_days = 365\n}\n```\n",
            "description_kind": "markdown"
          }
        },
        "f5_distributed_cloud_api_definition": {
          "version": 0,
          "block": {
            "attributes": {
              "base_path": {
                "type": "string",
                "description": "Base path for the API endpoints.",
                "description_kind": "plain",
                "optional": true
              },
              "description": {
                "type": "string",
                "description_kind": "plain",
                "optional": true
              },
              "id": {
                "type": "string",
                "description_kind": "plain",
                "computed": true
              },
              "name": {
                "type": "string",
                "description_kind": "plain",
                "required": true
              },
              "namespace": {
                "type": "string",
                "description_kind": "plain",
                "required": true
              },
              "openapi_spec": {
                "type": "string",
                "description": "OpenAPI 3.0 specification in JSON or YAML format.",
                "description_kind": "plain",
                "optional": true
              },
              "swagger_spec": {
                "type": "string",
                "description": "Swagger 2.0 specification in JSON or YAML format.",
                "description_kind": "plain",
                "optional": true
              }
            },
            "description": "\nThe `f5_distributed_cloud_api_definition` resource manages API Definitions in F5 Distributed Cloud.\n\nAPI Definitions allow you to import and manage API schemas (OpenAPI/Swagger) for API security and discovery features.\n\n## Example Usage\n\n```hcl\nresource \"f5_distributed_cloud_api_definition\" \"example\" {\n  name        = \"my-api\"\n  namespace   = \"my-namespace\"\n  description = \"My API definition\"\n  base_path   = \"/api/v1\"\n\n  openapi_spec = <<-EOT\n    openapi: \"3.0.0\"\n    info:\n      title: \"My API\"\n      version: \"1.0.0\"\n    paths:\n      /users:\n        get:\n          summary: \"List users\"\n  EOT\n}\n```\n",
            "description_kind": "markdown"
          }
        },
        "f5_distributed_cloud_api_group": {
          "version": 0,
          "block": {
            "attributes": {
              "description": {
                "type": "string",
                "description": "Description of the API Group.",
                "description_kind": "plain",
                "optional": true
              },
              "id": {
                "type": "string",
                "description": "Unique identifier for the API Group.",
                "description_kind": "plain",
                "computed": true
              },
              "name": {
                "type": "string",
                "description": "Name of the API Group.",
                "description_kind": "plain",
                "required": true
              },
              "namespace": {
                "type": "string",
                "description": "Namespace where the API Group is created.",
                "description_kind": "plain",
                "required": true
              }
            },
            "description": "Manages an F5 Distributed Cloud API Group. API Groups organize API endpoints for management.",
            "description_kind": "plain"
          }
        },
        "f5_distributed_cloud_api_group_element": {
          "version": 0,
          "block": {
            "attributes": {
              "description": {
                "type": "string",
                "description": "Description of the API Group Element.",
                "description_kind": "plain",
                "optional": true
              },
              "id": {
                "type": "string",
                "description": "Unique identifier for the API Group Element.",
                "description_kind": "plain",
                "computed": true
              },
              "name": {
                "type": "string",
                "description": "Name of the API Group Element.",
                "description_kind": "plain",
                "required": true
              },
              "namespace": {
                "type": "string",
                "description": "Namespace where the API Group Element is created.",
                "description_kind": "plain",
                "required": true
              }
            },
            "description": "Manages an F5 Distributed Cloud API Group Element. API Group Elements define individual API endpoints within a group.",
            "description_kind": "plain"
          }
        },
        "f5_distributed_cloud_app_firewall": {
          "version": 0,
          "block": {
            "attributes": {
              "allowed_response_codes": {
                "type": [
                  "list",
                  "string"
                ],
                "description": "List of HTTP response codes that are allowed.",
                "description_kind": "plain",
                "optional": true
              },
              "default_anonymization": {
                "type": "bool",
                "description": "Enable default anonymization of sensitive data.",
                "description_kind": "plain",
                "optional": true,
                "computed": true
              },
              "description": {
                "type": "string",
                "description": "Description of the App Firewall.",
                "description_kind": "plain",
                "optional": true
              },
              "id": {
                "type": "string",
                "description": "Unique identifier for the App Firewall.",
                "description_kind": "plain",
                "computed": true
              },
              "labels": {
                "type": [
                  "map",
                  "string"
                ],
                "description": "Labels to apply to the App Firewall.",
                "description_kind": "plain",
                "optional": true
              },
              "mode": {
                "type": "string",
                "description": "Firewall mode: 'monitoring' or 'blocking'.",
                "description_kind": "plain",
                "optional": true,
                "computed": true
              },
              "name": {
                "type": "string",
                "description": "Name of the App Firewall.",
                "description_kind": "plain",
                "required": true
              },
              "namespace": {
                "type": "string",
                "description": "Namespace where the App Firewall is created.",
                "description_kind": "plain",
                "required": true
              },
              "use_default_blocking_page": {
                "type": "bool",
                "description": "Use the default blocking page for blocked requests.",
                "description_kind": "plain",
                "optional": true,
                "computed": true
              }
            },
            "block_types": {
              "bot_protection": {
                "nesting_mode": "single",
                "block": {
                  "attributes": {
                    "good_bot_action": {
                      "type": "string",
                      "description": "Action for good bots: 'allow', 'block', or 'challenge'.",
                      "description_kind": "plain",
                      "optional": true,
                      "computed": true
                    },
                    "malicious_bot_action": {
                      "type": "string",
                      "description": "Action for malicious bots: 'allow', 'block', or 'challenge'.",
                      "description_kind": "plain",
                      "optional": true,
                      "computed": true
                    },
                    "suspicious_bot_action": {
                      "type": "string",
                      "description": "Action for suspicious bots: 'allow', 'block', or 'challenge'.",
                      "description_kind": "plain",
                      "optional": true,
                      "computed": true
                    }
                  },
                  "description": "Bot protection settings.",
                  "description_kind": "plain"
                }
              },
              "custom_blocking_page": {
                "nesting_mode": "single",
                "block": {
                  "attributes": {
                    "blocking_page_body": {
                      "type": "string",
                      "description": "HTML body content for the custom blocking page.",
                      "description_kind": "plain",
                      "required": true
                    },
                    "response_code": {
                      "type": "string",
                      "description": "HTTP response code for the blocking page.",
                      "description_kind": "plain",
                      "optional": true,
                      "computed": true
                    }
                  },
                  "description": "Custom blocking page configuration.",
                  "description_kind": "plain"
                }
              },
              "detection_settings": {
                "nesting_mode": "single",
                "block": {
                  "attributes": {
                    "cookie_protection": {
                      "type": "bool",
                      "description": "Enable cookie protection.",
                      "description_kind": "plain",
                      "optional": true,
                      "computed": true
                    },
                    "enable_suppression": {
                      "type": "bool",
                      "description": "Enable violation suppression.",
                      "description_kind": "plain",
                      "optional": true,
                      "computed": true
                    },
                    "signature_based_bot_protection": {
                      "type": "bool",
                      "description": "Enable signature-based bot protection.",
                      "description_kind": "plain",
                      "optional": true,
                      "computed": true
                    },
                    "violation_rating": {
                      "type": "string",
                      "description": "Violation rating threshold: 'low', 'medium', or 'high'.",
                      "description_kind": "plain",
                      "optional": true,
                      "computed": true
                    },
                    "xhr_check": {
                      "type": "bool",
                      "description": "Enable XHR request checking.",
                      "description_kind": "plain",
                      "optional": true,
                      "computed": true
                    }
                  },
                  "description": "Detection settings for the firewall.",
                  "description_kind": "plain"
                }
              }
            },
            "description": "\nThe `f5_distributed_cloud_app_firewall` resource manages Application Firewall (WAF) policies in F5 Distributed Cloud.\n\nApplication Firewall policies define web application security settings including\ndetection modes, bot protection, and custom blocking pages.\n\n## Example Usage\n\n```hcl\nresource \"f5_distributed_cloud_app_firewall\" \"example\" {\n  name        = \"my-app-firewall\"\n  namespace   = \"my-namespace\"\n  description = \"Example Application Firewall\"\n  mode        = \"blocking\"\n\n  detection_settings {\n    signature_based_bot_protection = true\n    xhr_check                      = true\n    cookie_protection              = true\n    violation_rating               = \"medium\"\n  }\n\n  bot_protection {\n    good_bot_action       = \"allow\"\n    malicious_bot_action  = \"block\"\n    suspicious_bot_action = \"challenge\"\n  }\n}\n```\n\n## Import\n\nApp Firewalls can be imported using namespace/name:\n\n```shell\nterraform import f5_distributed_cloud_app_firewall.example my-namespace/my-app-firewall\n```\n",
            "description_kind": "markdown"
          }
        },
        "f5_distributed_cloud_app_setting": {
          "version": 0,
          "block": {
            "attributes": {
              "description": {
                "type": "string",
                "description_kind": "plain",
                "optional": true
              },
              "id": {
                "type": "string",
                "description_kind": "plain",
                "computed": true
              },
              "name": {
                "type": "string",
                "description_kind": "plain",
                "required": true
              },
              "namespace": {
                "type": "string",
                "description_kind": "plain",
                "required": true
              }
            },
            "description": "Manages an F5 Distributed Cloud App Setting. App Settings configure application behavior.",
            "description_kind": "plain"
          }
        },
        "f5_distributed_cloud_app_type": {
          "version": 0,
          "block": {
            "attributes": {
              "description": {
                "type": "string",
                "description_kind": "plain",
                "optional": true
              },
              "id": {
                "type": "string",
                "description_kind": "plain",
                "computed": true
              },
              "name": {
                "type": "string",
                "description_kind": "plain",
                "required": true
              },
              "namespace": {
                "type": "string",
                "description_kind": "plain",
                "required": true
              }
            },
            "block_types": {
              "features": {
                "nesting_mode": "list",
                "block": {
                  "attributes": {
                    "type": {
                      "type": "string",
                      "description": "Feature type (e.g., USER_IDENTIFICATION, API_DISCOVERY).",
                      "description_kind": "plain",
                      "required": true
                    }
                  },
                  "description": "List of features to enable for the app type.",
                  "description_kind": "plain"
                }
              }
            },
            "description": "\nThe `f5_distributed_cloud_app_type` resource manages App Types in F5 Distributed Cloud.\n\nApp Types define application characteristics and enable features like API discovery, sensitive data detection, and more.\n\n## Example Usage\n\n```hcl\nresource \"f5_distributed_cloud_app_type\" \"example\" {\n  name      = \"my-app-type\"\n  namespace = \"shared\"\n\n  features {\n    type = \"USER_IDENTIFICATION\"\n  }\n\n  features {\n    type = \"API_DISCOVERY\"\n  }\n}\n```\n",
            "description_kind": "markdown"
          }
        },
        "f5_distributed_cloud_authentication": {
          "version": 0,
          "block": {
            "attributes": {
              "description": {
                "type": "string",
                "description": "Description of the Authentication.",
                "description_kind": "plain",
                "optional": true
              },
              "id": {
                "type": "string",
                "description": "Unique identifier for the Authentication.",
                "description_kind": "plain",
                "computed": true
              },
              "name": {
                "type": "string",
                "description": "Name of the Authentication.",
                "description_kind": "plain",
                "required": true
              },
              "namespace": {
                "type": "string",
                "description": "Namespace where the Authentication is created.",
                "description_kind": "plain",
                "required": true
              }
            },
            "description": "Manages an F5 Distributed Cloud Authentication. Authentication provides identity verification and access control.",
            "description_kind": "plain"
          }
        },
        "f5_distributed_cloud_aws_tgw_site": {
          "version": 0,
          "block": {
            "attributes": {
              "description": {
                "type": "string",
                "description_kind": "plain",
                "optional": true
              },
              "id": {
                "type": "string",
                "description_kind": "plain",
                "computed": true
              },
              "name": {
                "type": "string",
                "description_kind": "plain",
                "required": true
              },
              "namespace": {
                "type": "string",
                "description_kind": "plain",
                "required": true
              }
            },
            "description": "\nThe `f5_distributed_cloud_aws_tgw_site` resource manages AWS Transit Gateway Sites in F5 Distributed Cloud.\n\nAWS TGW Sites enable connectivity between F5 XC and AWS Transit Gateway infrastructure.\n\n## Example Usage\n\n```hcl\nresource \"f5_distributed_cloud_aws_tgw_site\" \"example\" {\n  name        = \"my-aws-tgw-site\"\n  namespace   = \"system\"\n  description = \"Example AWS TGW site\"\n}\n```\n",
            "description_kind": "markdown"
          }
        },
        "f5_distributed_cloud_aws_vpc_site": {
          "version": 0,
          "block": {
            "attributes": {
              "aws_region": {
                "type": "string",
                "description": "AWS region for the site.",
                "description_kind": "plain",
                "required": true
              },
              "cloud_credentials_ref": {
                "type": "string",
                "description": "Reference to cloud credentials.",
                "description_kind": "plain",
                "required": true
              },
              "description": {
                "type": "string",
                "description_kind": "plain",
                "optional": true
              },
              "id": {
                "type": "string",
                "description_kind": "plain",
                "computed": true
              },
              "instance_type": {
                "type": "string",
                "description": "EC2 instance type for site nodes.",
                "description_kind": "plain",
                "optional": true
              },
              "name": {
                "type": "string",
                "description_kind": "plain",
                "required": true
              },
              "namespace": {
                "type": "string",
                "description_kind": "plain",
                "required": true
              },
              "vpc_id": {
                "type": "string",
                "description": "AWS VPC ID.",
                "description_kind": "plain",
                "optional": true
              }
            },
            "description": "\nThe `f5_distributed_cloud_aws_vpc_site` resource manages AWS VPC Sites in F5 Distributed Cloud.\n\nAWS VPC Sites deploy F5 XC nodes into an existing or new AWS VPC.\n\n## Example Usage\n\n```hcl\nresource \"f5_distributed_cloud_aws_vpc_site\" \"example\" {\n  name                  = \"aws-site-1\"\n  namespace             = \"system\"\n  aws_region            = \"us-west-2\"\n  vpc_id                = \"vpc-12345678\"\n  instance_type         = \"t3.xlarge\"\n  cloud_credentials_ref = \"aws-creds\"\n}\n```\n",
            "description_kind": "markdown"
          }
        },
        "f5_distributed_cloud_azure_vnet_site": {
          "version": 0,
          "block": {
            "attributes": {
              "azure_region": {
                "type": "string",
                "description": "Azure region for the site.",
                "description_kind": "plain",
                "required": true
              },
              "cloud_credentials_ref": {
                "type": "string",
                "description": "Reference to cloud credentials.",
                "description_kind": "plain",
                "required": true
              },
              "description": {
                "type": "string",
                "description_kind": "plain",
                "optional": true
              },
              "id": {
                "type": "string",
                "description_kind": "plain",
                "computed": true
              },
              "machine_type": {
                "type": "string",
                "description": "Azure VM size for site nodes.",
                "description_kind": "plain",
                "optional": true
              },
              "name": {
                "type": "string",
                "description_kind": "plain",
                "required": true
              },
              "namespace": {
                "type": "string",
                "description_kind": "plain",
                "required": true
              },
              "resource_group": {
                "type": "string",
                "description": "Azure resource group name.",
                "description_kind": "plain",
                "required": true
              },
              "vnet_name": {
                "type": "string",
                "description": "Azure VNET name.",
                "description_kind": "plain",
                "optional": true
              }
            },
            "description": "\nThe `f5_distributed_cloud_azure_vnet_site` resource manages Azure VNET Sites in F5 Distributed Cloud.\n\nAzure VNET Sites deploy F5 XC nodes into an existing or new Azure VNET.\n\n## Example Usage\n\n```hcl\nresource \"f5_distributed_cloud_azure_vnet_site\" \"example\" {\n  name                  = \"azure-site-1\"\n  namespace             = \"system\"\n  azure_region          = \"westus2\"\n  resource_group        = \"my-resource-group\"\n  vnet_name             = \"my-vnet\"\n  machine_type          = \"Standard_D3_v2\"\n  cloud_credentials_ref = \"azure-creds\"\n}\n```\n",
            "description_kind": "markdown"
          }
        },
        "f5_distributed_cloud_bgp": {
          "version": 0,
          "block": {
            "attributes": {
              "asn": {
                "type": "number",
                "description": "Autonomous System Number for BGP.",
                "description_kind": "plain",
                "optional": true
              },
              "description": {
                "type": "string",
                "description_kind": "plain",
                "optional": true
              },
              "id": {
                "type": "string",
                "description_kind": "plain",
                "computed": true
              },
              "name": {
                "type": "string",
                "description_kind": "plain",
                "required": true
              },
              "namespace": {
                "type": "string",
                "description_kind": "plain",
                "required": true
              }
            },
            "description": "\nThe `f5_distributed_cloud_bgp` resource manages BGP configurations in F5 Distributed Cloud.\n\nBGP configurations define Border Gateway Protocol settings for network routing.\n\n## Example Usage\n\n```hcl\nresource \"f5_distributed_cloud_bgp\" \"example\" {\n  name        = \"my-bgp-config\"\n  namespace   = \"system\"\n  description = \"BGP configuration\"\n  asn         = 65000\n}\n```\n",
            "description_kind": "markdown"
          }
        },
        "f5_distributed_cloud_bgp_asn_set": {
          "version": 0,
          "block": {
            "attributes": {
              "asns": {
                "type": [
                  "list",
                  "number"
                ],
                "description": "List of Autonomous System Numbers.",
                "description_kind": "plain",
                "optional": true
              },
              "description": {
                "type": "string",
                "description_kind": "plain",
                "optional": true
              },
              "id": {
                "type": "string",
                "description_kind": "plain",
                "computed": true
              },
              "name": {
                "type": "string",
                "description_kind": "plain",
                "required": true
              },
              "namespace": {
                "type": "string",
                "description_kind": "plain",
                "required": true
              }
            },
            "description": "\nThe `f5_distributed_cloud_bgp_asn_set` resource manages BGP ASN Sets in F5 Distributed Cloud.\n\nBGP ASN Sets define collections of Autonomous System Numbers for BGP routing policies.\n\n## Example Usage\n\n```hcl\nresource \"f5_distributed_cloud_bgp_asn_set\" \"example\" {\n  name        = \"my-asn-set\"\n  namespace   = \"system\"\n  description = \"BGP ASN set for routing\"\n  asns        = [65000, 65001, 65002]\n}\n```\n",
            "description_kind": "markdown"
          }
        },
        "f5_distributed_cloud_bgp_routing_policy": {
          "version": 0,
          "block": {
            "attributes": {
              "description": {
                "type": "string",
                "description": "Description of the BGP Routing Policy.",
                "description_kind": "plain",
                "optional": true
              },
              "id": {
                "type": "string",
                "description": "Unique identifier for the BGP Routing Policy.",
                "description_kind": "plain",
                "computed": true
              },
              "name": {
                "type": "string",
                "description": "Name of the BGP Routing Policy.",
                "description_kind": "plain",
                "required": true
              },
              "namespace": {
                "type": "string",
                "description": "Namespace where the BGP Routing Policy is created.",
                "description_kind": "plain",
                "required": true
              }
            },
            "description": "Manages an F5 Distributed Cloud BGP Routing Policy. BGP Routing Policies control BGP route advertisement and filtering.",
            "description_kind": "plain"
          }
        },
        "f5_distributed_cloud_cdn_cache_rule": {
          "version": 0,
          "block": {
            "attributes": {
              "cache_ttl": {
                "type": "number",
                "description": "Cache TTL in seconds.",
                "description_kind": "plain",
                "optional": true,
                "computed": true
              },
              "description": {
                "type": "string",
                "description_kind": "plain",
                "optional": true
              },
              "id": {
                "type": "string",
                "description_kind": "plain",
                "computed": true
              },
              "name": {
                "type": "string",
                "description_kind": "plain",
                "required": true
              },
              "namespace": {
                "type": "string",
                "description_kind": "plain",
                "required": true
              },
              "path_match": {
                "type": "string",
                "description": "Path pattern to match for caching.",
                "description_kind": "plain",
                "required": true
              }
            },
            "description": "\nThe `f5_distributed_cloud_cdn_cache_rule` resource manages CDN Cache Rules in F5 Distributed Cloud.\n\nCDN Cache Rules define caching behavior for specific paths or content types.\n\n## Example Usage\n\n```hcl\nresource \"f5_distributed_cloud_cdn_cache_rule\" \"example\" {\n  name        = \"static-assets-cache\"\n  namespace   = \"system\"\n  description = \"Cache static assets for 1 hour\"\n  path_match  = \"/static/*\"\n  cache_ttl   = 3600\n}\n```\n",
            "description_kind": "markdown"
          }
        },
        "f5_distributed_cloud_cdn_loadbalancer": {
          "version": 0,
          "block": {
            "attributes": {
              "description": {
                "type": "string",
                "description_kind": "plain",
                "optional": true
              },
              "domains": {
                "type": [
                  "list",
                  "string"
                ],
                "description": "List of domains for CDN delivery.",
                "description_kind": "plain",
                "optional": true
              },
              "id": {
                "type": "string",
                "description_kind": "plain",
                "computed": true
              },
              "name": {
                "type": "string",
                "description_kind": "plain",
                "required": true
              },
              "namespace": {
                "type": "string",
                "description_kind": "plain",
                "required": true
              }
            },
            "description": "\nThe `f5_distributed_cloud_cdn_loadbalancer` resource manages CDN Load Balancers in F5 Distributed Cloud.\n\nCDN Load Balancers provide content delivery network capabilities with edge caching.\n\n## Example Usage\n\n```hcl\nresource \"f5_distributed_cloud_cdn_loadbalancer\" \"example\" {\n  name        = \"my-cdn-lb\"\n  namespace   = \"system\"\n  description = \"CDN load balancer for static content\"\n  domains     = [\"cdn.example.com\", \"static.example.com\"]\n}\n```\n",
            "description_kind": "markdown"
          }
        },
        "f5_distributed_cloud_certificate": {
          "version": 0,
          "block": {
            "attributes": {
              "certificate_url": {
                "type": "string",
                "description": "URL to the certificate in PEM format (base64 encoded with string:/// prefix).",
                "description_kind": "plain",
                "required": true,
                "sensitive": true
              },
              "description": {
                "type": "string",
                "description": "Description of the Certificate.",
                "description_kind": "plain",
                "optional": true
              },
              "expiration": {
                "type": "string",
                "description": "Certificate expiration date.",
                "description_kind": "plain",
                "computed": true
              },
              "id": {
                "type": "string",
                "description": "Unique identifier for the Certificate.",
                "description_kind": "plain",
                "computed": true
              },
              "issuer": {
                "type": "string",
                "description": "Certificate issuer.",
                "description_kind": "plain",
                "computed": true
              },
              "name": {
                "type": "string",
                "description": "Name of the Certificate.",
                "description_kind": "plain",
                "required": true
              },
              "namespace": {
                "type": "string",
                "description": "Namespace where the Certificate is created.",
                "description_kind": "plain",
                "required": true
              },
              "subject": {
                "type": "string",
                "description": "Certificate subject.",
                "description_kind": "plain",
                "computed": true
              }
            },
            "block_types": {
              "private_key": {
                "nesting_mode": "single",
                "block": {
                  "attributes": {
                    "blindfold_secret_url": {
                      "type": "string",
                      "description": "URL to blindfolded secret.",
                      "description_kind": "plain",
                      "optional": true,
                      "sensitive": true
                    },
                    "clear_secret_url": {
                      "type": "string",
                      "description": "URL to clear text secret (not recommended for production).",
                      "description_kind": "plain",
                      "optional": true,
                      "sensitive": true
                    },
                    "vault_secret_url": {
                      "type": "string",
                      "description": "URL to Vault secret.",
                      "description_kind": "plain",
                      "optional": true,
                      "sensitive": true
                    },
                    "wingman_secret_url": {
                      "type": "string",
                      "description": "URL to Wingman secret.",
                      "description_kind": "plain",
                      "optional": true,
                      "sensitive": true
                    }
                  },
                  "description": "Private key configuration.",
                  "description_kind": "plain"
                }
              }
            },
            "description": "\nThe `f5_distributed_cloud_certificate` resource manages TLS Certificates in F5 Distributed Cloud.\n\nCertificates are used for TLS termination on load balancers and for securing\nconnections to origin servers.\n\n## Example Usage\n\n```hcl\nresource \"f5_distributed_cloud_certificate\" \"example\" {\n  name        = \"my-certificate\"\n  namespace   = \"my-namespace\"\n  description = \"My TLS certificate\"\n\n  certificate_url = \"string:///LS0tLS1CRUdJTi...\"\n\n  private_key {\n    blindfold_secret_url = \"string:///...\"\n  }\n}\n```\n\n## Import\n\nCertificates can be imported using namespace/name:\n\n```shell\nterraform import f5_distributed_cloud_certificate.example my-namespace/my-certificate\n```\n",
            "description_kind": "markdown"
          }
        },
        "f5_distributed_cloud_certificate_chain": {
          "version": 0,
          "block": {
            "attributes": {
              "description": {
                "type": "string",
                "description": "Description of the Certificate Chain.",
                "description_kind": "plain",
                "optional": true
              },
              "id": {
                "type": "string",
                "description": "Unique identifier for the Certificate Chain.",
                "description_kind": "plain",
                "computed": true
              },
              "name": {
                "type": "string",
                "description": "Name of the Certificate Chain.",
                "description_kind": "plain",
                "required": true
              },
              "namespace": {
                "type": "string",
                "description": "Namespace where the Certificate Chain is created.",
                "description_kind": "plain",
                "required": true
              }
            },
            "description": "Manages an F5 XC Certificate Chain resource.",
            "description_kind": "plain"
          }
        },
        "f5_distributed_cloud_client_connection_limit": {
          "version": 0,
          "block": {
            "attributes": {
              "connection_timeout": {
                "type": "number",
                "description": "Connection timeout in seconds.",
                "description_kind": "plain",
                "optional": true
              },
              "description": {
                "type": "string",
                "description_kind": "plain",
                "optional": true
              },
              "enable_circuit_break": {
                "type": "bool",
                "description": "Enable circuit breaker functionality.",
                "description_kind": "plain",
                "optional": true
              },
              "id": {
                "type": "string",
                "description_kind": "plain",
                "computed": true
              },
              "max_connections": {
                "type": "number",
                "description": "Maximum number of client connections allowed.",
                "description_kind": "plain",
                "required": true
              },
              "name": {
                "type": "string",
                "description_kind": "plain",
                "required": true
              },
              "namespace": {
                "type": "string",
                "description_kind": "plain",
                "required": true
              }
            },
            "description": "\nThe `f5_distributed_cloud_client_connection_limit` resource manages Client Connection Limits in F5 Distributed Cloud.\n\nClient Connection Limits define connection restrictions and circuit breaker settings.\n\n## Example Usage\n\n```hcl\nresource \"f5_distributed_cloud_client_connection_limit\" \"example\" {\n  name                 = \"api-conn-limit\"\n  namespace            = \"my-namespace\"\n  max_connections      = 10000\n  connection_timeout   = 60\n  enable_circuit_break = true\n}\n```\n",
            "description_kind": "markdown"
          }
        },
        "f5_distributed_cloud_cloud_credentials": {
          "version": 0,
          "block": {
            "attributes": {
              "cloud_provider": {
                "type": "string",
                "description_kind": "plain",
                "required": true
              },
              "description": {
                "type": "string",
                "description_kind": "plain",
                "optional": true
              },
              "id": {
                "type": "string",
                "description_kind": "plain",
                "computed": true
              },
              "name": {
                "type": "string",
                "description_kind": "plain",
                "required": true
              },
              "namespace": {
                "type": "string",
                "description_kind": "plain",
                "required": true
              }
            },
            "block_types": {
              "aws_credentials": {
                "nesting_mode": "single",
                "block": {
                  "attributes": {
                    "access_key_id": {
                      "type": "string",
                      "description_kind": "plain",
                      "required": true,
                      "sensitive": true
                    },
                    "secret_access_key": {
                      "type": "string",
                      "description_kind": "plain",
                      "required": true,
                      "sensitive": true
                    }
                  },
                  "description": "AWS credentials configuration.",
                  "description_kind": "plain"
                }
              },
              "azure_credentials": {
                "nesting_mode": "single",
                "block": {
                  "attributes": {
                    "client_id": {
                      "type": "string",
                      "description_kind": "plain",
                      "required": true
                    },
                    "client_secret": {
                      "type": "string",
                      "description_kind": "plain",
                      "required": true,
                      "sensitive": true
                    },
                    "subscription_id": {
                      "type": "string",
                      "description_kind": "plain",
                      "required": true
                    },
                    "tenant_id": {
                      "type": "string",
                      "description_kind": "plain",
                      "required": true
                    }
                  },
                  "description": "Azure credentials configuration.",
                  "description_kind": "plain"
                }
              },
              "gcp_credentials": {
                "nesting_mode": "single",
                "block": {
                  "attributes": {
                    "credentials_file": {
                      "type": "string",
                      "description_kind": "plain",
                      "required": true,
                      "sensitive": true
                    },
                    "project_id": {
                      "type": "string",
                      "description_kind": "plain",
                      "required": true
                    }
                  },
                  "description": "GCP credentials configuration.",
                  "description_kind": "plain"
                }
              }
            },
            "description": "\nThe `f5_distributed_cloud_cloud_credentials` resource manages Cloud Provider Credentials in F5 Distributed Cloud.\n\nCloud Credentials are used to authenticate with cloud providers (AWS, Azure, GCP) for site deployment and cloud resource management.\n\n## Example Usage\n\n### AWS Credentials\n\n```hcl\nresource \"f5_distributed_cloud_cloud_credentials\" \"aws\" {\n  name           = \"aws-creds\"\n  namespace      = \"system\"\n  cloud_provider = \"aws\"\n\n  aws_credentials {\n    access_key_id     = var.aws_access_key\n    secret_access_key = var.aws_secret_key\n  }\n}\n```\n\n### Azure Credentials\n\n```hcl\nresource \"f5_distributed_cloud_cloud_credentials\" \"azure\" {\n  name           = \"azure-creds\"\n  namespace      = \"system\"\n  cloud_provider = \"azure\"\n\n  azure_credentials {\n    subscription_id = var.azure_subscription_id\n    tenant_id       = var.azure_tenant_id\n    client_id       = var.azure_client_id\n    client_secret   = var.azure_client_secret\n  }\n}\n```\n",
            "description_kind": "markdown"
          }
        },
        "f5_distributed_cloud_cloud_site": {
          "version": 0,
          "block": {
            "attributes": {
              "annotations": {
                "type": [
                  "map",
                  "string"
                ],
                "description": "Annotations for the site.",
                "description_kind": "plain",
                "optional": true
              },
              "cidr": {
                "type": "string",
                "description": "CIDR block for the VPC/VNET.",
                "description_kind": "plain",
                "optional": true
              },
              "cloud_provider": {
                "type": "string",
                "description": "Cloud provider: 'aws', 'azure', or 'gcp'.",
                "description_kind": "plain",
                "required": true
              },
              "description": {
                "type": "string",
                "description": "Description of the Cloud Site.",
                "description_kind": "plain",
                "optional": true
              },
              "id": {
                "type": "string",
                "description": "Unique identifier for the Cloud Site.",
                "description_kind": "plain",
                "computed": true
              },
              "labels": {
                "type": [
                  "map",
                  "string"
                ],
                "description": "Labels to apply to the site.",
                "description_kind": "plain",
                "optional": true
              },
              "name": {
                "type": "string",
                "description": "Name of the Cloud Site.",
                "description_kind": "plain",
                "required": true
              },
              "operating_system": {
                "type": "string",
                "description": "Operating system for site nodes.",
                "description_kind": "plain",
                "optional": true,
                "computed": true
              },
              "region": {
                "type": "string",
                "description": "Cloud provider region for the site.",
                "description_kind": "plain",
                "required": true
              },
              "site_state": {
                "type": "string",
                "description": "Current state of the site (computed).",
                "description_kind": "plain",
                "computed": true
              },
              "site_type": {
                "type": "string",
                "description": "Type of cloud site: 'aws_vpc_site', 'azure_vnet_site', or 'gcp_vpc_site'.",
                "description_kind": "plain",
                "required": true
              },
              "software_version": {
                "type": "string",
                "description": "Software version for the site nodes.",
                "description_kind": "plain",
                "optional": true,
                "computed": true
              },
              "ssh_key": {
                "type": "string",
                "description": "SSH public key for node access.",
                "description_kind": "plain",
                "optional": true,
                "sensitive": true
              },
              "vpc_id": {
                "type": "string",
                "description": "ID of an existing VPC/VNET to use (for existing VPC deployments).",
                "description_kind": "plain",
                "optional": true
              },
              "vpc_name": {
                "type": "string",
                "description": "Name of the VPC/VNET to create or use.",
                "description_kind": "plain",
                "optional": true
              }
            },
            "block_types": {
              "master_nodes": {
                "nesting_mode": "single",
                "block": {
                  "attributes": {
                    "count": {
                      "type": "number",
                      "description": "Number of master nodes (1 or 3 for HA).",
                      "description_kind": "plain",
                      "optional": true,
                      "computed": true
                    },
                    "disk_size": {
                      "type": "number",
                      "description": "Disk size in GB for master nodes.",
                      "description_kind": "plain",
                      "optional": true,
                      "computed": true
                    },
                    "instance_type": {
                      "type": "string",
                      "description": "Instance type for master nodes.",
                      "description_kind": "plain",
                      "required": true
                    }
                  },
                  "description": "Master node configuration.",
                  "description_kind": "plain"
                }
              },
              "subnets": {
                "nesting_mode": "list",
                "block": {
                  "attributes": {
                    "availability_zone": {
                      "type": "string",
                      "description": "Availability zone for the subnet.",
                      "description_kind": "plain",
                      "required": true
                    },
                    "cidr": {
                      "type": "string",
                      "description": "CIDR block for the subnet.",
                      "description_kind": "plain",
                      "required": true
                    },
                    "name": {
                      "type": "string",
                      "description": "Name of the subnet.",
                      "description_kind": "plain",
                      "required": true
                    },
                    "subnet_type": {
                      "type": "string",
                      "description": "Type of subnet: 'public' or 'private'.",
                      "description_kind": "plain",
                      "optional": true,
                      "computed": true
                    }
                  },
                  "description": "Subnet configurations for the site.",
                  "description_kind": "plain"
                }
              },
              "worker_nodes": {
                "nesting_mode": "single",
                "block": {
                  "attributes": {
                    "count": {
                      "type": "number",
                      "description": "Number of worker nodes.",
                      "description_kind": "plain",
                      "optional": true,
                      "computed": true
                    },
                    "disk_size": {
                      "type": "number",
                      "description": "Disk size in GB for worker nodes.",
                      "description_kind": "plain",
                      "optional": true,
                      "computed": true
                    },
                    "instance_type": {
                      "type": "string",
                      "description": "Instance type for worker nodes.",
                      "description_kind": "plain",
                      "required": true
                    },
                    "max_count": {
                      "type": "number",
                      "description": "Maximum number of worker nodes for autoscaling.",
                      "description_kind": "plain",
                      "optional": true,
                      "computed": true
                    },
                    "min_count": {
                      "type": "number",
                      "description": "Minimum number of worker nodes for autoscaling.",
                      "description_kind": "plain",
                      "optional": true,
                      "computed": true
                    }
                  },
                  "description": "Worker node configuration for sites with worker pools.",
                  "description_kind": "plain"
                }
              }
            },
            "description": "\nThe `f5_distributed_cloud_cloud_site` resource manages Cloud Sites in F5 Distributed Cloud.\n\nCloud Sites are deployed infrastructure in public cloud providers that enable\nF5 Distributed Cloud services such as load balancing, security, and networking.\n\n## Supported Cloud Providers\n\n- **AWS**: Creates VPC Sites in Amazon Web Services\n- **Azure**: Creates VNET Sites in Microsoft Azure\n- **GCP**: Creates VPC Sites in Google Cloud Platform\n\n## Example Usage\n\n```hcl\nresource \"f5_distributed_cloud_cloud_site\" \"aws_site\" {\n  name           = \"my-aws-site\"\n  description    = \"AWS VPC Site\"\n  site_type      = \"aws_vpc_site\"\n  cloud_provider = \"aws\"\n  region         = \"us-east-1\"\n\n  vpc_name = \"my-vpc\"\n  cidr     = \"10.0.0.0/16\"\n\n  subnets {\n    name              = \"subnet-1\"\n    cidr              = \"10.0.1.0/24\"\n    availability_zone = \"us-east-1a\"\n    subnet_type       = \"public\"\n  }\n\n  master_nodes {\n    instance_type = \"t3.xlarge\"\n    disk_size     = 80\n    count         = 1\n  }\n}\n```\n\n## Import\n\nCloud Sites can be imported using the site name:\n\n```shell\nterraform import f5_distributed_cloud_cloud_site.example my-aws-site\n```\n",
            "description_kind": "markdown"
          }
        },
        "f5_distributed_cloud_cluster": {
          "version": 0,
          "block": {
            "attributes": {
              "description": {
                "type": "string",
                "description": "Description of the Cluster.",
                "description_kind": "plain",
                "optional": true
              },
              "id": {
                "type": "string",
                "description": "Unique identifier for the Cluster.",
                "description_kind": "plain",
                "computed": true
              },
              "name": {
                "type": "string",
                "description": "Name of the Cluster.",
                "description_kind": "plain",
                "required": true
              },
              "namespace": {
                "type": "string",
                "description": "Namespace where the Cluster is created.",
                "description_kind": "plain",
                "required": true
              }
            },
            "description": "\nThe `f5_distributed_cloud_cluster` resource manages Clusters in F5 Distributed Cloud.\n\nClusters provide container orchestration capabilities, allowing you to deploy\nand manage containerized applications across your F5 Distributed Cloud infrastructure.\n\n## Example Usage\n\n```hcl\nresource \"f5_distributed_cloud_cluster\" \"example\" {\n  name        = \"my-cluster\"\n  namespace   = \"shared\"\n  description = \"Production cluster for container workloads\"\n}\n```\n\n## Import\n\nClusters can be imported using namespace/name:\n\n```shell\nterraform import f5_distributed_cloud_cluster.example shared/my-cluster\n```\n",
            "description_kind": "markdown"
          }
        },
        "f5_distributed_cloud_container_registry": {
          "version": 0,
          "block": {
            "attributes": {
              "description": {
                "type": "string",
                "description": "Description of the Container Registry.",
                "description_kind": "plain",
                "optional": true
              },
              "id": {
                "type": "string",
                "description": "Unique identifier for the Container Registry.",
                "description_kind": "plain",
                "computed": true
              },
              "name": {
                "type": "string",
                "description": "Name of the Container Registry.",
                "description_kind": "plain",
                "required": true
              },
              "namespace": {
                "type": "string",
                "description": "Namespace where the Container Registry is created.",
                "description_kind": "plain",
                "required": true
              }
            },
            "description": "\nThe `f5_distributed_cloud_container_registry` resource manages Container Registries in F5 Distributed Cloud.\n\nContainer registries store and manage container images.\n\n## Example Usage\n\n```hcl\nresource \"f5_distributed_cloud_container_registry\" \"example\" {\n  name        = \"my-container-registry\"\n  namespace   = \"shared\"\n  description = \"Container registry for application images\"\n}\n```\n\n## Import\n\nContainer Registries can be imported using namespace/name:\n\n```shell\nterraform import f5_distributed_cloud_container_registry.example shared/my-container-registry\n```\n",
            "description_kind": "markdown"
          }
        },
        "f5_distributed_cloud_crl": {
          "version": 0,
          "block": {
            "attributes": {
              "description": {
                "type": "string",
                "description": "Description of the CRL.",
                "description_kind": "plain",
                "optional": true
              },
              "id": {
                "type": "string",
                "description": "Unique identifier for the CRL.",
                "description_kind": "plain",
                "computed": true
              },
              "name": {
                "type": "string",
                "description": "Name of the CRL.",
                "description_kind": "plain",
                "required": true
              },
              "namespace": {
                "type": "string",
                "description": "Namespace where the CRL is created.",
                "description_kind": "plain",
                "required": true
              }
            },
            "description": "Manages an F5 XC CRL (Certificate Revocation List) resource.",
            "description_kind": "plain"
          }
        },
        "f5_distributed_cloud_discovery": {
          "version": 0,
          "block": {
            "attributes": {
              "cluster_name": {
                "type": "string",
                "description": "Name of the Kubernetes cluster for K8S discovery.",
                "description_kind": "plain",
                "optional": true
              },
              "description": {
                "type": "string",
                "description_kind": "plain",
                "optional": true
              },
              "discovery_type": {
                "type": "string",
                "description": "Type of discovery to perform.",
                "description_kind": "plain",
                "required": true
              },
              "id": {
                "type": "string",
                "description_kind": "plain",
                "computed": true
              },
              "kube_config": {
                "type": "string",
                "description": "Kubernetes configuration for cluster access.",
                "description_kind": "plain",
                "optional": true,
                "sensitive": true
              },
              "name": {
                "type": "string",
                "description_kind": "plain",
                "required": true
              },
              "namespace": {
                "type": "string",
                "description_kind": "plain",
                "required": true
              },
              "virtual_site_ref": {
                "type": "string",
                "description": "Reference to virtual site for VIRTUAL_SITE discovery type.",
                "description_kind": "plain",
                "optional": true
              }
            },
            "block_types": {
              "publish_info": {
                "nesting_mode": "single",
                "block": {
                  "attributes": {
                    "disable_publish": {
                      "type": "bool",
                      "description": "Disable automatic service publishing.",
                      "description_kind": "plain",
                      "optional": true
                    },
                    "dns_domain": {
                      "type": "string",
                      "description": "DNS domain for discovered services.",
                      "description_kind": "plain",
                      "optional": true
                    }
                  },
                  "description": "Service publishing configuration.",
                  "description_kind": "plain"
                }
              }
            },
            "description": "\nThe `f5_distributed_cloud_discovery` resource manages Discovery configurations in F5 Distributed Cloud.\n\nDiscovery enables automatic detection of services running in Kubernetes clusters or other environments connected to F5 XC.\n\n## Example Usage\n\n```hcl\nresource \"f5_distributed_cloud_discovery\" \"k8s_discovery\" {\n  name           = \"k8s-discovery\"\n  namespace      = \"my-namespace\"\n  discovery_type = \"K8S\"\n  cluster_name   = \"my-k8s-cluster\"\n\n  publish_info {\n    disable_publish = false\n    dns_domain      = \"services.example.com\"\n  }\n}\n```\n\n## Virtual Site Discovery\n\n```hcl\nresource \"f5_distributed_cloud_discovery\" \"vsite_discovery\" {\n  name             = \"vsite-discovery\"\n  namespace        = \"my-namespace\"\n  discovery_type   = \"VIRTUAL_SITE\"\n  virtual_site_ref = \"my-virtual-site\"\n}\n```\n",
            "description_kind": "markdown"
          }
        },
        "f5_distributed_cloud_dns_domain": {
          "version": 0,
          "block": {
            "attributes": {
              "description": {
                "type": "string",
                "description_kind": "plain",
                "optional": true
              },
              "domain": {
                "type": "string",
                "description": "The domain name.",
                "description_kind": "plain",
                "required": true
              },
              "id": {
                "type": "string",
                "description_kind": "plain",
                "computed": true
              },
              "name": {
                "type": "string",
                "description_kind": "plain",
                "required": true
              },
              "namespace": {
                "type": "string",
                "description_kind": "plain",
                "required": true
              }
            },
            "description": "\nThe `f5_distributed_cloud_dns_domain` resource manages DNS Domains in F5 Distributed Cloud.\n\nDNS Domains define domain configurations for F5 XC DNS services.\n\n## Example Usage\n\n```hcl\nresource \"f5_distributed_cloud_dns_domain\" \"example\" {\n  name        = \"my-dns-domain\"\n  namespace   = \"system\"\n  description = \"Primary DNS domain\"\n  domain      = \"app.example.com\"\n}\n```\n",
            "description_kind": "markdown"
          }
        },
        "f5_distributed_cloud_dns_lb_health_check": {
          "version": 0,
          "block": {
            "attributes": {
              "description": {
                "type": "string",
                "description_kind": "plain",
                "optional": true
              },
              "id": {
                "type": "string",
                "description_kind": "plain",
                "computed": true
              },
              "interval": {
                "type": "number",
                "description": "Interval between health checks in seconds.",
                "description_kind": "plain",
                "optional": true,
                "computed": true
              },
              "name": {
                "type": "string",
                "description_kind": "plain",
                "required": true
              },
              "namespace": {
                "type": "string",
                "description_kind": "plain",
                "required": true
              },
              "port": {
                "type": "number",
                "description": "Port to check.",
                "description_kind": "plain",
                "optional": true,
                "computed": true
              },
              "protocol": {
                "type": "string",
                "description": "Health check protocol (HTTP, HTTPS, TCP).",
                "description_kind": "plain",
                "required": true
              },
              "timeout": {
                "type": "number",
                "description": "Health check timeout in seconds.",
                "description_kind": "plain",
                "optional": true,
                "computed": true
              }
            },
            "description": "\nThe `f5_distributed_cloud_dns_lb_health_check` resource manages DNS Load Balancer Health Checks in F5 Distributed Cloud.\n\nHealth checks monitor the availability of DNS load balancer endpoints.\n\n## Example Usage\n\n```hcl\nresource \"f5_distributed_cloud_dns_lb_health_check\" \"example\" {\n  name        = \"my-health-check\"\n  namespace   = \"system\"\n  description = \"HTTP health check\"\n  protocol    = \"HTTP\"\n  port        = 80\n  interval    = 30\n  timeout     = 10\n}\n```\n",
            "description_kind": "markdown"
          }
        },
        "f5_distributed_cloud_dns_lb_pool": {
          "version": 0,
          "block": {
            "attributes": {
              "description": {
                "type": "string",
                "description_kind": "plain",
                "optional": true
              },
              "id": {
                "type": "string",
                "description_kind": "plain",
                "computed": true
              },
              "load_balancing_mode": {
                "type": "string",
                "description": "Load balancing mode for the pool.",
                "description_kind": "plain",
                "optional": true
              },
              "name": {
                "type": "string",
                "description_kind": "plain",
                "required": true
              },
              "namespace": {
                "type": "string",
                "description_kind": "plain",
                "required": true
              }
            },
            "block_types": {
              "members": {
                "nesting_mode": "list",
                "block": {
                  "attributes": {
                    "address": {
                      "type": "string",
                      "description": "IP address of the pool member.",
                      "description_kind": "plain",
                      "required": true
                    },
                    "enabled": {
                      "type": "bool",
                      "description": "Whether the pool member is enabled.",
                      "description_kind": "plain",
                      "optional": true
                    },
                    "port": {
                      "type": "number",
                      "description": "Port number of the pool member.",
                      "description_kind": "plain",
                      "required": true
                    },
                    "priority": {
                      "type": "number",
                      "description": "Priority of the pool member.",
                      "description_kind": "plain",
                      "optional": true
                    },
                    "ratio": {
                      "type": "number",
                      "description": "Ratio weight for load balancing.",
                      "description_kind": "plain",
                      "optional": true
                    }
                  },
                  "description": "Pool members configuration.",
                  "description_kind": "plain"
                }
              }
            },
            "description": "\nThe `f5_distributed_cloud_dns_lb_pool` resource manages DNS Load Balancer Pools in F5 Distributed Cloud.\n\nDNS LB Pools define groups of endpoints for DNS-based load balancing with health checking and failover capabilities.\n\n## Example Usage\n\n```hcl\nresource \"f5_distributed_cloud_dns_lb_pool\" \"example\" {\n  name      = \"my-dns-pool\"\n  namespace = \"my-namespace\"\n\n  load_balancing_mode = \"round-robin\"\n\n  members {\n    address  = \"10.0.0.1\"\n    port     = 80\n    priority = 1\n    ratio    = 1\n    enabled  = true\n  }\n\n  members {\n    address  = \"10.0.0.2\"\n    port     = 80\n    priority = 1\n    ratio    = 1\n    enabled  = true\n  }\n}\n```\n",
            "description_kind": "markdown"
          }
        },
        "f5_distributed_cloud_dns_load_balancer": {
          "version": 0,
          "block": {
            "attributes": {
              "description": {
                "type": "string",
                "description_kind": "plain",
                "optional": true
              },
              "domain": {
                "type": "string",
                "description": "The domain name for DNS load balancing.",
                "description_kind": "plain",
                "required": true
              },
              "id": {
                "type": "string",
                "description_kind": "plain",
                "computed": true
              },
              "load_balance_type": {
                "type": "string",
                "description": "Load balancing algorithm (round_robin, weighted, geo).",
                "description_kind": "plain",
                "optional": true
              },
              "name": {
                "type": "string",
                "description_kind": "plain",
                "required": true
              },
              "namespace": {
                "type": "string",
                "description_kind": "plain",
                "required": true
              }
            },
            "description": "\nThe `f5_distributed_cloud_dns_load_balancer` resource manages DNS Load Balancers in F5 Distributed Cloud.\n\nDNS Load Balancers provide global server load balancing (GSLB) capabilities.\n\n## Example Usage\n\n```hcl\nresource \"f5_distributed_cloud_dns_load_balancer\" \"example\" {\n  name              = \"my-dns-lb\"\n  namespace         = \"system\"\n  description       = \"DNS load balancer for global distribution\"\n  domain            = \"app.example.com\"\n  load_balance_type = \"round_robin\"\n}\n```\n",
            "description_kind": "markdown"
          }
        },
        "f5_distributed_cloud_dns_zone": {
          "version": 0,
          "block": {
            "attributes": {
              "description": {
                "type": "string",
                "description_kind": "plain",
                "optional": true
              },
              "domain": {
                "type": "string",
                "description": "The domain name for this DNS zone.",
                "description_kind": "plain",
                "required": true
              },
              "id": {
                "type": "string",
                "description_kind": "plain",
                "computed": true
              },
              "name": {
                "type": "string",
                "description_kind": "plain",
                "required": true
              },
              "namespace": {
                "type": "string",
                "description_kind": "plain",
                "required": true
              }
            },
            "description": "\nThe `f5_distributed_cloud_dns_zone` resource manages DNS Zones in F5 Distributed Cloud.\n\nDNS Zones define authoritative DNS domains for F5 XC DNS services.\n\n## Example Usage\n\n```hcl\nresource \"f5_distributed_cloud_dns_zone\" \"example\" {\n  name        = \"my-dns-zone\"\n  namespace   = \"system\"\n  description = \"Primary DNS zone\"\n  domain      = \"example.com\"\n}\n```\n",
            "description_kind": "markdown"
          }
        },
        "f5_distributed_cloud_endpoint": {
          "version": 0,
          "block": {
            "attributes": {
              "description": {
                "type": "string",
                "description": "Description of the Endpoint.",
                "description_kind": "plain",
                "optional": true
              },
              "id": {
                "type": "string",
                "description": "Unique identifier for the Endpoint.",
                "description_kind": "plain",
                "computed": true
              },
              "name": {
                "type": "string",
                "description": "Name of the Endpoint.",
                "description_kind": "plain",
                "required": true
              },
              "namespace": {
                "type": "string",
                "description": "Namespace where the Endpoint is created.",
                "description_kind": "plain",
                "required": true
              }
            },
            "description": "Manages an F5 Distributed Cloud Endpoint. Endpoints define service destinations.",
            "description_kind": "plain"
          }
        },
        "f5_distributed_cloud_enhanced_firewall_policy": {
          "version": 0,
          "block": {
            "attributes": {
              "description": {
                "type": "string",
                "description_kind": "plain",
                "optional": true
              },
              "id": {
                "type": "string",
                "description_kind": "plain",
                "computed": true
              },
              "name": {
                "type": "string",
                "description_kind": "plain",
                "required": true
              },
              "namespace": {
                "type": "string",
                "description_kind": "plain",
                "required": true
              }
            },
            "block_types": {
              "rules": {
                "nesting_mode": "list",
                "block": {
                  "attributes": {
                    "action": {
                      "type": "string",
                      "description": "Action to take (ALLOW/DENY).",
                      "description_kind": "plain",
                      "required": true
                    },
                    "dst_ip": {
                      "type": "string",
                      "description": "Destination IP address or CIDR.",
                      "description_kind": "plain",
                      "optional": true
                    },
                    "dst_port": {
                      "type": "number",
                      "description": "Destination port number.",
                      "description_kind": "plain",
                      "optional": true
                    },
                    "name": {
                      "type": "string",
                      "description": "Name of the firewall rule.",
                      "description_kind": "plain",
                      "required": true
                    },
                    "protocol": {
                      "type": "string",
                      "description": "Protocol to match (TCP/UDP/ICMP/ANY).",
                      "description_kind": "plain",
                      "optional": true
                    },
                    "src_ip": {
                      "type": "string",
                      "description": "Source IP address or CIDR.",
                      "description_kind": "plain",
                      "optional": true
                    },
                    "src_port": {
                      "type": "number",
                      "description": "Source port number.",
                      "description_kind": "plain",
                      "optional": true
                    }
                  },
                  "description": "Firewall rules configuration.",
                  "description_kind": "plain"
                }
              }
            },
            "description": "\nThe `f5_distributed_cloud_enhanced_firewall_policy` resource manages Enhanced Firewall Policies in F5 Distributed Cloud.\n\nEnhanced Firewall Policies provide Layer 3/4 network security controls with advanced rule configurations.\n\n## Example Usage\n\n```hcl\nresource \"f5_distributed_cloud_enhanced_firewall_policy\" \"example\" {\n  name      = \"enhanced-fw\"\n  namespace = \"my-namespace\"\n\n  rules {\n    name     = \"allow-https\"\n    action   = \"ALLOW\"\n    protocol = \"TCP\"\n    dst_port = 443\n  }\n\n  rules {\n    name   = \"deny-all\"\n    action = \"DENY\"\n  }\n}\n```\n",
            "description_kind": "markdown"
          }
        },
        "f5_distributed_cloud_external_connector": {
          "version": 0,
          "block": {
            "attributes": {
              "description": {
                "type": "string",
                "description_kind": "plain",
                "optional": true
              },
              "id": {
                "type": "string",
                "description_kind": "plain",
                "computed": true
              },
              "name": {
                "type": "string",
                "description_kind": "plain",
                "required": true
              },
              "namespace": {
                "type": "string",
                "description_kind": "plain",
                "required": true
              }
            },
            "description": "\nThe `f5_distributed_cloud_external_connector` resource manages External Connectors in F5 Distributed Cloud.\n\nExternal Connectors provide integration with external systems and services.\n\n## Example Usage\n\n```hcl\nresource \"f5_distributed_cloud_external_connector\" \"example\" {\n  name        = \"my-external-connector\"\n  namespace   = \"my-namespace\"\n  description = \"Example external connector\"\n}\n```\n",
            "description_kind": "markdown"
          }
        },
        "f5_distributed_cloud_fast_acl": {
          "version": 0,
          "block": {
            "attributes": {
              "description": {
                "type": "string",
                "description_kind": "plain",
                "optional": true
              },
              "id": {
                "type": "string",
                "description_kind": "plain",
                "computed": true
              },
              "name": {
                "type": "string",
                "description_kind": "plain",
                "required": true
              },
              "namespace": {
                "type": "string",
                "description_kind": "plain",
                "required": true
              }
            },
            "description": "\nThe `f5_distributed_cloud_fast_acl` resource manages Fast ACLs in F5 Distributed Cloud.\n\nFast ACLs provide high-performance access control lists.\n\n## Example Usage\n\n```hcl\nresource \"f5_distributed_cloud_fast_acl\" \"example\" {\n  name        = \"my-fast-acl\"\n  namespace   = \"system\"\n  description = \"High-performance access control list\"\n}\n```\n",
            "description_kind": "markdown"
          }
        },
        "f5_distributed_cloud_fast_acl_rule": {
          "version": 0,
          "block": {
            "attributes": {
              "description": {
                "type": "string",
                "description_kind": "plain",
                "optional": true
              },
              "id": {
                "type": "string",
                "description_kind": "plain",
                "computed": true
              },
              "name": {
                "type": "string",
                "description_kind": "plain",
                "required": true
              },
              "namespace": {
                "type": "string",
                "description_kind": "plain",
                "required": true
              }
            },
            "description": "\nThe `f5_distributed_cloud_fast_acl_rule` resource manages Fast ACL Rules in F5 Distributed Cloud.\n\nFast ACL Rules define individual access control entries.\n\n## Example Usage\n\n```hcl\nresource \"f5_distributed_cloud_fast_acl_rule\" \"example\" {\n  name      = \"example-fast-acl-rule\"\n  namespace = \"my-namespace\"\n}\n```\n",
            "description_kind": "markdown"
          }
        },
        "f5_distributed_cloud_fleet": {
          "version": 0,
          "block": {
            "attributes": {
              "description": {
                "type": "string",
                "description_kind": "plain",
                "optional": true
              },
              "id": {
                "type": "string",
                "description_kind": "plain",
                "computed": true
              },
              "name": {
                "type": "string",
                "description_kind": "plain",
                "required": true
              },
              "namespace": {
                "type": "string",
                "description_kind": "plain",
                "required": true
              }
            },
            "description": "\nThe `f5_distributed_cloud_fleet` resource manages Fleets in F5 Distributed Cloud.\n\nFleets group and manage edge sites.\n\n## Example Usage\n\n```hcl\nresource \"f5_distributed_cloud_fleet\" \"example\" {\n  name        = \"my-fleet\"\n  namespace   = \"my-namespace\"\n  description = \"Example fleet\"\n}\n```\n",
            "description_kind": "markdown"
          }
        },
        "f5_distributed_cloud_forward_proxy_policy": {
          "version": 0,
          "block": {
            "attributes": {
              "description": {
                "type": "string",
                "description_kind": "plain",
                "optional": true
              },
              "id": {
                "type": "string",
                "description_kind": "plain",
                "computed": true
              },
              "name": {
                "type": "string",
                "description_kind": "plain",
                "required": true
              },
              "namespace": {
                "type": "string",
                "description_kind": "plain",
                "required": true
              }
            },
            "block_types": {
              "proxy_rules": {
                "nesting_mode": "list",
                "block": {
                  "attributes": {
                    "action": {
                      "type": "string",
                      "description": "Action to take (allow/deny).",
                      "description_kind": "plain",
                      "required": true
                    },
                    "domain_match": {
                      "type": "string",
                      "description": "Domain pattern to match (supports wildcards).",
                      "description_kind": "plain",
                      "optional": true
                    },
                    "http_methods": {
                      "type": [
                        "list",
                        "string"
                      ],
                      "description": "HTTP methods to match.",
                      "description_kind": "plain",
                      "optional": true
                    },
                    "port_match": {
                      "type": "number",
                      "description": "Port number to match.",
                      "description_kind": "plain",
                      "optional": true
                    }
                  },
                  "description": "Proxy rule configuration.",
                  "description_kind": "plain"
                }
              }
            },
            "description": "\nThe `f5_distributed_cloud_forward_proxy_policy` resource manages Forward Proxy Policies in F5 Distributed Cloud.\n\nForward Proxy Policies define rules for controlling outbound traffic from applications through the F5 XC proxy.\n\n## Example Usage\n\n```hcl\nresource \"f5_distributed_cloud_forward_proxy_policy\" \"example\" {\n  name      = \"my-proxy-policy\"\n  namespace = \"my-namespace\"\n\n  proxy_rules {\n    action       = \"allow\"\n    domain_match = \"*.example.com\"\n    port_match   = 443\n    http_methods = [\"GET\", \"POST\"]\n  }\n\n  proxy_rules {\n    action       = \"deny\"\n    domain_match = \"*.blocked.com\"\n  }\n}\n```\n",
            "description_kind": "markdown"
          }
        },
        "f5_distributed_cloud_gcp_vpc_site": {
          "version": 0,
          "block": {
            "attributes": {
              "cloud_credentials_ref": {
                "type": "string",
                "description": "Reference to cloud credentials.",
                "description_kind": "plain",
                "required": true
              },
              "description": {
                "type": "string",
                "description_kind": "plain",
                "optional": true
              },
              "gcp_region": {
                "type": "string",
                "description": "GCP region for the site.",
                "description_kind": "plain",
                "required": true
              },
              "id": {
                "type": "string",
                "description_kind": "plain",
                "computed": true
              },
              "machine_type": {
                "type": "string",
                "description": "GCP VM machine type for site nodes.",
                "description_kind": "plain",
                "optional": true
              },
              "name": {
                "type": "string",
                "description_kind": "plain",
                "required": true
              },
              "namespace": {
                "type": "string",
                "description_kind": "plain",
                "required": true
              },
              "network_name": {
                "type": "string",
                "description": "GCP VPC network name.",
                "description_kind": "plain",
                "optional": true
              },
              "project_id": {
                "type": "string",
                "description": "GCP project ID.",
                "description_kind": "plain",
                "required": true
              }
            },
            "description": "\nThe `f5_distributed_cloud_gcp_vpc_site` resource manages GCP VPC Sites in F5 Distributed Cloud.\n\nGCP VPC Sites deploy F5 XC nodes into an existing or new GCP VPC network.\n\n## Example Usage\n\n```hcl\nresource \"f5_distributed_cloud_gcp_vpc_site\" \"example\" {\n  name                  = \"gcp-site-1\"\n  namespace             = \"system\"\n  gcp_region            = \"us-west1\"\n  project_id            = \"my-gcp-project\"\n  network_name          = \"my-vpc-network\"\n  machine_type          = \"n1-standard-4\"\n  cloud_credentials_ref = \"gcp-creds\"\n}\n```\n",
            "description_kind": "markdown"
          }
        },
        "f5_distributed_cloud_global_log_receiver": {
          "version": 0,
          "block": {
            "attributes": {
              "description": {
                "type": "string",
                "description_kind": "plain",
                "optional": true
              },
              "http_endpoint": {
                "type": "string",
                "description": "HTTP endpoint URL for log forwarding.",
                "description_kind": "plain",
                "optional": true
              },
              "id": {
                "type": "string",
                "description_kind": "plain",
                "computed": true
              },
              "name": {
                "type": "string",
                "description_kind": "plain",
                "required": true
              },
              "namespace": {
                "type": "string",
                "description_kind": "plain",
                "required": true
              },
              "receiver_type": {
                "type": "string",
                "description": "Type of log receiver (HTTP, SYSLOG, SPLUNK, DATADOG).",
                "description_kind": "plain",
                "required": true
              },
              "splunk_endpoint": {
                "type": "string",
                "description": "Splunk HEC endpoint URL.",
                "description_kind": "plain",
                "optional": true
              },
              "splunk_token": {
                "type": "string",
                "description": "Splunk HEC token.",
                "description_kind": "plain",
                "optional": true,
                "sensitive": true
              },
              "syslog_host": {
                "type": "string",
                "description": "Syslog server hostname or IP.",
                "description_kind": "plain",
                "optional": true
              },
              "syslog_port": {
                "type": "number",
                "description": "Syslog server port.",
                "description_kind": "plain",
                "optional": true
              }
            },
            "description": "\nThe `f5_distributed_cloud_global_log_receiver` resource manages Global Log Receivers in F5 Distributed Cloud.\n\nGlobal Log Receivers enable forwarding of logs from all namespaces to external logging systems.\n\n## Example Usage\n\n```hcl\nresource \"f5_distributed_cloud_global_log_receiver\" \"example\" {\n  name           = \"global-log-receiver\"\n  namespace      = \"system\"\n  receiver_type  = \"HTTP\"\n  http_endpoint  = \"https://logs.example.com/ingest\"\n}\n```\n",
            "description_kind": "markdown"
          }
        },
        "f5_distributed_cloud_healthcheck": {
          "version": 0,
          "block": {
            "attributes": {
              "description": {
                "type": "string",
                "description": "Description of the Health Check.",
                "description_kind": "plain",
                "optional": true
              },
              "healthy_threshold": {
                "type": "number",
                "description": "Number of consecutive successes before marking healthy. Default is 2.",
                "description_kind": "plain",
                "optional": true,
                "computed": true
              },
              "id": {
                "type": "string",
                "description": "Unique identifier for the Health Check.",
                "description_kind": "plain",
                "computed": true
              },
              "interval": {
                "type": "number",
                "description": "Interval between health checks in seconds. Default is 15.",
                "description_kind": "plain",
                "optional": true,
                "computed": true
              },
              "name": {
                "type": "string",
                "description": "Name of the Health Check.",
                "description_kind": "plain",
                "required": true
              },
              "namespace": {
                "type": "string",
                "description": "Namespace where the Health Check is created.",
                "description_kind": "plain",
                "required": true
              },
              "timeout": {
                "type": "number",
                "description": "Timeout for health check in seconds. Default is 3.",
                "description_kind": "plain",
                "optional": true,
                "computed": true
              },
              "unhealthy_threshold": {
                "type": "number",
                "description": "Number of consecutive failures before marking unhealthy. Default is 3.",
                "description_kind": "plain",
                "optional": true,
                "computed": true
              }
            },
            "block_types": {
              "http_health_check": {
                "nesting_mode": "single",
                "block": {
                  "attributes": {
                    "expected_status_codes": {
                      "type": [
                        "list",
                        "string"
                      ],
                      "description": "List of expected HTTP status codes (e.g., '200', '2xx').",
                      "description_kind": "plain",
                      "optional": true
                    },
                    "headers": {
                      "type": [
                        "map",
                        "string"
                      ],
                      "description": "HTTP headers to send with health check request.",
                      "description_kind": "plain",
                      "optional": true
                    },
                    "path": {
                      "type": "string",
                      "description": "HTTP path to check. Default is '/'.",
                      "description_kind": "plain",
                      "optional": true
                    },
                    "use_https": {
                      "type": "bool",
                      "description": "Use HTTPS for health check.",
                      "description_kind": "plain",
                      "optional": true
                    }
                  },
                  "description": "HTTP health check configuration.",
                  "description_kind": "plain"
                }
              },
              "tcp_health_check": {
                "nesting_mode": "single",
                "block": {
                  "description": "TCP health check configuration (connectivity check).",
                  "description_kind": "plain"
                }
              }
            },
            "description": "\nThe `f5_distributed_cloud_healthcheck` resource manages Health Checks in F5 Distributed Cloud.\n\nHealth Checks define how origin servers are monitored to determine their health status.\nThey can be referenced by origin pools to enable automatic traffic routing away from unhealthy servers.\n\n## Example Usage\n\n### HTTP Health Check\n\n```hcl\nresource \"f5_distributed_cloud_healthcheck\" \"http\" {\n  name        = \"my-http-healthcheck\"\n  namespace   = \"my-namespace\"\n  description = \"HTTP health check\"\n\n  http_health_check {\n    path      = \"/health\"\n    use_https = false\n  }\n\n  timeout             = 3\n  interval            = 15\n  unhealthy_threshold = 3\n  healthy_threshold   = 2\n}\n```\n\n### TCP Health Check\n\n```hcl\nresource \"f5_distributed_cloud_healthcheck\" \"tcp\" {\n  name        = \"my-tcp-healthcheck\"\n  namespace   = \"my-namespace\"\n  description = \"TCP health check\"\n\n  tcp_health_check {}\n\n  timeout             = 3\n  interval            = 15\n  unhealthy_threshold = 3\n  healthy_threshold   = 2\n}\n```\n\n## Import\n\nHealth Checks can be imported using namespace/name:\n\n```shell\nterraform import f5_distributed_cloud_healthcheck.example my-namespace/my-healthcheck\n```\n",
            "description_kind": "markdown"
          }
        },
        "f5_distributed_cloud_http_loadbalancer": {
          "version": 0,
          "block": {
            "attributes": {
              "advertise_port": {
                "type": "number",
                "description": "Port to advertise the HTTP Load Balancer on.",
                "description_kind": "plain",
                "optional": true,
                "computed": true
              },
              "description": {
                "type": "string",
                "description": "Description of the HTTP Load Balancer.",
                "description_kind": "plain",
                "optional": true
              },
              "disable_waf": {
                "type": "bool",
                "description": "Whether to disable WAF for this load balancer.",
                "description_kind": "plain",
                "optional": true,
                "computed": true
              },
              "domains": {
                "type": [
                  "list",
                  "string"
                ],
                "description": "List of domains for the HTTP Load Balancer.",
                "description_kind": "plain",
                "required": true
              },
              "http_type": {
                "type": "string",
                "description": "Type of HTTP Load Balancer: 'http' or 'https'.",
                "description_kind": "plain",
                "optional": true,
                "computed": true
              },
              "id": {
                "type": "string",
                "description": "Unique identifier for the HTTP Load Balancer.",
                "description_kind": "plain",
                "computed": true
              },
              "name": {
                "type": "string",
                "description": "Name of the HTTP Load Balancer.",
                "description_kind": "plain",
                "required": true
              },
              "namespace": {
                "type": "string",
                "description": "Namespace where the HTTP Load Balancer is created.",
                "description_kind": "plain",
                "required": true
              }
            },
            "block_types": {
              "default_origin_pools": {
                "nesting_mode": "list",
                "block": {
                  "attributes": {
                    "pool_name": {
                      "type": "string",
                      "description": "Name of the origin pool.",
                      "description_kind": "plain",
                      "required": true
                    },
                    "pool_namespace": {
                      "type": "string",
                      "description": "Namespace of the origin pool.",
                      "description_kind": "plain",
                      "required": true
                    },
                    "priority": {
                      "type": "number",
                      "description": "Priority for the origin pool.",
                      "description_kind": "plain",
                      "optional": true,
                      "computed": true
                    },
                    "weight": {
                      "type": "number",
                      "description": "Weight for load balancing.",
                      "description_kind": "plain",
                      "optional": true,
                      "computed": true
                    }
                  },
                  "description": "Default origin pools for the HTTP Load Balancer.",
                  "description_kind": "plain"
                }
              }
            },
            "description": "\nThe `f5_distributed_cloud_http_loadbalancer` resource manages HTTP Load Balancers in F5 Distributed Cloud.\n\nHTTP Load Balancers distribute incoming traffic across multiple origin servers, providing\nhigh availability, scalability, and improved performance for web applications.\n\n## Example Usage\n\n```hcl\nresource \"f5_distributed_cloud_http_loadbalancer\" \"example\" {\n  name        = \"my-http-lb\"\n  namespace   = \"my-namespace\"\n  description = \"Example HTTP Load Balancer\"\n\n  domains = [\"app.example.com\"]\n\n  http_type = \"http\"\n  advertise_port = 80\n\n  default_origin_pools {\n    pool_name      = \"my-origin-pool\"\n    pool_namespace = \"my-namespace\"\n    weight         = 1\n    priority       = 1\n  }\n}\n```\n\n## Import\n\nHTTP Load Balancers can be imported using namespace/name:\n\n```shell\nterraform import f5_distributed_cloud_http_loadbalancer.example my-namespace/my-http-lb\n```\n",
            "description_kind": "markdown"
          }
        },
        "f5_distributed_cloud_ip_prefix_set": {
          "version": 0,
          "block": {
            "attributes": {
              "description": {
                "type": "string",
                "description_kind": "plain",
                "optional": true
              },
              "id": {
                "type": "string",
                "description_kind": "plain",
                "computed": true
              },
              "name": {
                "type": "string",
                "description_kind": "plain",
                "required": true
              },
              "namespace": {
                "type": "string",
                "description_kind": "plain",
                "required": true
              },
              "prefixes": {
                "type": [
                  "list",
                  "string"
                ],
                "description": "List of IP prefixes in CIDR notation.",
                "description_kind": "plain",
                "required": true
              }
            },
            "description": "\nThe `f5_distributed_cloud_ip_prefix_set` resource manages IP Prefix Sets in F5 Distributed Cloud.\n\nIP Prefix Sets define a collection of IP address prefixes for use in security rules and policies.\n\n## Example Usage\n\n```hcl\nresource \"f5_distributed_cloud_ip_prefix_set\" \"example\" {\n  name      = \"trusted-networks\"\n  namespace = \"my-namespace\"\n  prefixes  = [\"10.0.0.0/8\", \"192.168.0.0/16\", \"172.16.0.0/12\"]\n}\n```\n",
            "description_kind": "markdown"
          }
        },
        "f5_distributed_cloud_k8s_cluster": {
          "version": 0,
          "block": {
            "attributes": {
              "description": {
                "type": "string",
                "description_kind": "plain",
                "optional": true
              },
              "id": {
                "type": "string",
                "description_kind": "plain",
                "computed": true
              },
              "name": {
                "type": "string",
                "description_kind": "plain",
                "required": true
              },
              "namespace": {
                "type": "string",
                "description_kind": "plain",
                "required": true
              }
            },
            "description": "\nThe `f5_distributed_cloud_k8s_cluster` resource manages Kubernetes Clusters in F5 Distributed Cloud.\n\nKubernetes Clusters provide container orchestration capabilities.\n\n## Example Usage\n\n```hcl\nresource \"f5_distributed_cloud_k8s_cluster\" \"example\" {\n  name        = \"my-k8s-cluster\"\n  namespace   = \"system\"\n  description = \"Production Kubernetes cluster\"\n}\n```\n",
            "description_kind": "markdown"
          }
        },
        "f5_distributed_cloud_k8s_cluster_role": {
          "version": 0,
          "block": {
            "attributes": {
              "description": {
                "type": "string",
                "description_kind": "plain",
                "optional": true
              },
              "id": {
                "type": "string",
                "description_kind": "plain",
                "computed": true
              },
              "name": {
                "type": "string",
                "description_kind": "plain",
                "required": true
              },
              "namespace": {
                "type": "string",
                "description_kind": "plain",
                "required": true
              }
            },
            "description": "\nThe `f5_distributed_cloud_k8s_cluster_role` resource manages Kubernetes Cluster Roles in F5 Distributed Cloud.\n\nKubernetes Cluster Roles define cluster-wide permissions for RBAC.\n\n## Example Usage\n\n```hcl\nresource \"f5_distributed_cloud_k8s_cluster_role\" \"example\" {\n  name        = \"my-cluster-role\"\n  namespace   = \"system\"\n  description = \"Cluster role for admin access\"\n}\n```\n",
            "description_kind": "markdown"
          }
        },
        "f5_distributed_cloud_k8s_cluster_role_binding": {
          "version": 0,
          "block": {
            "attributes": {
              "description": {
                "type": "string",
                "description_kind": "plain",
                "optional": true
              },
              "id": {
                "type": "string",
                "description_kind": "plain",
                "computed": true
              },
              "name": {
                "type": "string",
                "description_kind": "plain",
                "required": true
              },
              "namespace": {
                "type": "string",
                "description_kind": "plain",
                "required": true
              }
            },
            "description": "\nThe `f5_distributed_cloud_k8s_cluster_role_binding` resource manages Kubernetes Cluster Role Bindings in F5 Distributed Cloud.\n\nKubernetes Cluster Role Bindings bind cluster roles to users or service accounts.\n\n## Example Usage\n\n```hcl\nresource \"f5_distributed_cloud_k8s_cluster_role_binding\" \"example\" {\n  name        = \"my-cluster-role-binding\"\n  namespace   = \"system\"\n  description = \"Binding admin role to service account\"\n}\n```\n",
            "description_kind": "markdown"
          }
        },
        "f5_distributed_cloud_known_label": {
          "version": 0,
          "block": {
            "attributes": {
              "description": {
                "type": "string",
                "description_kind": "plain",
                "optional": true
              },
              "id": {
                "type": "string",
                "description_kind": "plain",
                "computed": true
              },
              "key": {
                "type": "string",
                "description": "Label key.",
                "description_kind": "plain",
                "required": true
              },
              "name": {
                "type": "string",
                "description_kind": "plain",
                "required": true
              },
              "namespace": {
                "type": "string",
                "description_kind": "plain",
                "required": true
              },
              "value": {
                "type": "string",
                "description": "Label value.",
                "description_kind": "plain",
                "required": true
              }
            },
            "description": "\nThe `f5_distributed_cloud_known_label` resource manages Known Labels in F5 Distributed Cloud.\n\nKnown Labels define predefined labels for resource categorization and selection.\n\n## Example Usage\n\n```hcl\nresource \"f5_distributed_cloud_known_label\" \"example\" {\n  name      = \"environment-label\"\n  namespace = \"shared\"\n  key       = \"environment\"\n  value     = \"production\"\n}\n```\n",
            "description_kind": "markdown"
          }
        },
        "f5_distributed_cloud_log_receiver": {
          "version": 0,
          "block": {
            "attributes": {
              "description": {
                "type": "string",
                "description_kind": "plain",
                "optional": true
              },
              "id": {
                "type": "string",
                "description_kind": "plain",
                "computed": true
              },
              "name": {
                "type": "string",
                "description_kind": "plain",
                "required": true
              },
              "namespace": {
                "type": "string",
                "description_kind": "plain",
                "required": true
              },
              "receiver_type": {
                "type": "string",
                "description": "Type of log receiver.",
                "description_kind": "plain",
                "required": true
              }
            },
            "block_types": {
              "http_receiver": {
                "nesting_mode": "single",
                "block": {
                  "attributes": {
                    "auth_token": {
                      "type": "string",
                      "description": "Authentication token for the HTTP endpoint.",
                      "description_kind": "plain",
                      "optional": true,
                      "sensitive": true
                    },
                    "batch_size": {
                      "type": "number",
                      "description": "Number of logs to batch before sending.",
                      "description_kind": "plain",
                      "optional": true
                    },
                    "url": {
                      "type": "string",
                      "description": "HTTP endpoint URL for log delivery.",
                      "description_kind": "plain",
                      "required": true
                    }
                  },
                  "block_types": {
                    "tls_config": {
                      "nesting_mode": "single",
                      "block": {
                        "attributes": {
                          "ca_cert": {
                            "type": "string",
                            "description": "CA certificate for TLS verification.",
                            "description_kind": "plain",
                            "optional": true,
                            "sensitive": true
                          },
                          "skip_verify": {
                            "type": "bool",
                            "description": "Skip TLS certificate verification.",
                            "description_kind": "plain",
                            "optional": true
                          }
                        },
                        "description": "TLS configuration for HTTPS connections.",
                        "description_kind": "plain"
                      }
                    }
                  },
                  "description": "HTTP receiver configuration.",
                  "description_kind": "plain"
                }
              },
              "syslog_receiver": {
                "nesting_mode": "single",
                "block": {
                  "attributes": {
                    "address": {
                      "type": "string",
                      "description": "Syslog server address.",
                      "description_kind": "plain",
                      "required": true
                    },
                    "format": {
                      "type": "string",
                      "description": "Syslog message format.",
                      "description_kind": "plain",
                      "optional": true
                    },
                    "port": {
                      "type": "number",
                      "description": "Syslog server port.",
                      "description_kind": "plain",
                      "required": true
                    },
                    "protocol": {
                      "type": "string",
                      "description": "Transport protocol (TCP/UDP).",
                      "description_kind": "plain",
                      "optional": true
                    }
                  },
                  "description": "Syslog receiver configuration.",
                  "description_kind": "plain"
                }
              }
            },
            "description": "\nThe `f5_distributed_cloud_log_receiver` resource manages Log Receivers in F5 Distributed Cloud.\n\nLog Receivers configure destinations for forwarding logs from F5 XC to external systems.\n\n## Example Usage\n\n### HTTP Log Receiver\n\n```hcl\nresource \"f5_distributed_cloud_log_receiver\" \"http\" {\n  name          = \"http-logs\"\n  namespace     = \"system\"\n  receiver_type = \"HTTP\"\n\n  http_receiver {\n    url        = \"https://logs.example.com/ingest\"\n    auth_token = var.log_token\n    batch_size = 100\n\n    tls_config {\n      skip_verify = false\n    }\n  }\n}\n```\n\n### Syslog Receiver\n\n```hcl\nresource \"f5_distributed_cloud_log_receiver\" \"syslog\" {\n  name          = \"syslog-logs\"\n  namespace     = \"system\"\n  receiver_type = \"SYSLOG\"\n\n  syslog_receiver {\n    address  = \"syslog.example.com\"\n    port     = 514\n    protocol = \"UDP\"\n    format   = \"RFC5424\"\n  }\n}\n```\n",
            "description_kind": "markdown"
          }
        },
        "f5_distributed_cloud_malicious_user_mitigation": {
          "version": 0,
          "block": {
            "attributes": {
              "block_duration": {
                "type": "number",
                "description": "Duration in seconds to block malicious users.",
                "description_kind": "plain",
                "optional": true
              },
              "captcha_challenge": {
                "type": "bool",
                "description": "Enable CAPTCHA challenge for suspicious users.",
                "description_kind": "plain",
                "optional": true
              },
              "description": {
                "type": "string",
                "description_kind": "plain",
                "optional": true
              },
              "id": {
                "type": "string",
                "description_kind": "plain",
                "computed": true
              },
              "javascript_challenge": {
                "type": "bool",
                "description": "Enable JavaScript challenge for suspicious users.",
                "description_kind": "plain",
                "optional": true
              },
              "mitigation_type": {
                "type": "string",
                "description": "Type of mitigation (CHALLENGE, BLOCK).",
                "description_kind": "plain",
                "optional": true
              },
              "name": {
                "type": "string",
                "description_kind": "plain",
                "required": true
              },
              "namespace": {
                "type": "string",
                "description_kind": "plain",
                "required": true
              },
              "temporary_block": {
                "type": "bool",
                "description": "Enable temporary blocking of malicious users.",
                "description_kind": "plain",
                "optional": true
              }
            },
            "description": "\nThe `f5_distributed_cloud_malicious_user_mitigation` resource manages Malicious User Mitigation policies in F5 Distributed Cloud.\n\nMalicious User Mitigation helps protect against malicious user behavior through various challenge and blocking mechanisms.\n\n## Example Usage\n\n```hcl\nresource \"f5_distributed_cloud_malicious_user_mitigation\" \"example\" {\n  name                 = \"malicious-user-policy\"\n  namespace            = \"my-namespace\"\n  mitigation_type      = \"CHALLENGE\"\n  captcha_challenge    = true\n  javascript_challenge = true\n  temporary_block      = false\n}\n```\n",
            "description_kind": "markdown"
          }
        },
        "f5_distributed_cloud_namespace": {
          "version": 1,
          "block": {
            "attributes": {
              "description": {
                "type": "string",
                "description": "Description of the namespace.",
                "description_kind": "plain",
                "optional": true
              },
              "id": {
                "type": "string",
                "description": "Unique identifier for the namespace.",
                "description_kind": "plain",
                "computed": true
              },
              "name": {
                "type": "string",
                "description": "Name of the namespace. Must be unique and follow F5 XC naming conventions (lowercase letters, numbers, hyphens; max 32 characters).",
                "description_kind": "plain",
                "required": true
              }
            },
            "block_types": {
              "timeouts": {
                "nesting_mode": "single",
                "block": {
                  "attributes": {
                    "create": {
                      "type": "string",
                      "description": "A string that can be [parsed as a duration](https://pkg.go.dev/time#ParseDuration) consisting of numbers and unit suffixes, such as \"30s\" or \"2h45m\". Valid time units are \"s\" (seconds), \"m\" (minutes), \"h\" (hours).",
                      "description_kind": "plain",
                      "optional": true
                    },
                    "delete": {
                      "type": "string",
                      "description": "A string that can be [parsed as a duration](https://pkg.go.dev/time#ParseDuration) consisting of numbers and unit suffixes, such as \"30s\" or \"2h45m\". Valid time units are \"s\" (seconds), \"m\" (minutes), \"h\" (hours). Setting a timeout for a Delete operation is only applicable if changes are saved into state before the destroy operation occurs.",
                      "description_kind": "plain",
                      "optional": true
                    },
                    "read": {
                      "type": "string",
                      "description": "A string that can be [parsed as a duration](https://pkg.go.dev/time#ParseDuration) consisting of numbers and unit suffixes, such as \"30s\" or \"2h45m\". Valid time units are \"s\" (seconds), \"m\" (minutes), \"h\" (hours). Read operations occur during any refresh or planning operation when refresh is enabled.",
                      "description_kind": "plain",
                      "optional": true
                    },
                    "update": {
                      "type": "string",
                      "description": "A string that can be [parsed as a duration](https://pkg.go.dev/time#ParseDuration) consisting of numbers and unit suffixes, such as \"30s\" or \"2h45m\". Valid time units are \"s\" (seconds), \"m\" (minutes), \"h\" (hours).",
                      "description_kind": "plain",
                      "optional": true
                    }
                  },
                  "description_kind": "plain"
                }
              }
            },
            "description": "\nThe `f5_distributed_cloud_namespace` resource manages namespaces in F5 Distributed Cloud.\n\nNamespaces are the fundamental organizational unit in F5 XC, providing logical isolation\nfor resources like load balancers, origin pools, and application firewalls.\n\n## Example Usage\n\n```hcl\nresource \"f5_distributed_cloud_namespace\" \"example\" {\n  name        = \"my-namespace\"\n  description = \"Example namespace for my application\"\n\n  timeouts {\n    create = \"10m\"\n    update = \"10m\"\n    delete = \"10m\"\n  }\n}\n```\n\n## Import\n\nNamespaces can be imported using their name:\n\n```shell\nterraform import f5_distributed_cloud_namespace.example my-namespace\n```\n",
            "description_kind": "markdown"
          }
        },
        "f5_distributed_cloud_namespace_role": {
          "version": 0,
          "block": {
            "attributes": {
              "description": {
                "type": "string",
                "description_kind": "plain",
                "optional": true
              },
              "id": {
                "type": "string",
                "description_kind": "plain",
                "computed": true
              },
              "name": {
                "type": "string",
                "description_kind": "plain",
                "required": true
              },
              "namespace": {
                "type": "string",
                "description_kind": "plain",
                "required": true
              },
              "role_type": {
                "type": "string",
                "description": "Type of namespace role (CUSTOM, PREDEFINED).",
                "description_kind": "plain",
                "optional": true
              }
            },
            "block_types": {
              "permissions": {
                "nesting_mode": "list",
                "block": {
                  "attributes": {
                    "operations": {
                      "type": [
                        "list",
                        "string"
                      ],
                      "description": "Operations allowed (read, write, delete, list).",
                      "description_kind": "plain",
                      "required": true
                    },
                    "resource": {
                      "type": "string",
                      "description": "Resource type to grant permissions on within the namespace.",
                      "description_kind": "plain",
                      "required": true
                    }
                  },
                  "description": "Permission definitions for the namespace role.",
                  "description_kind": "plain"
                }
              }
            },
            "description": "\nThe `f5_distributed_cloud_namespace_role` resource manages Namespace Roles in F5 Distributed Cloud.\n\nNamespace Roles define permissions within a namespace, allowing fine-grained access control for resources and operations.\n\n## Example Usage\n\n```hcl\nresource \"f5_distributed_cloud_namespace_role\" \"viewer\" {\n  name        = \"viewer-role\"\n  namespace   = \"my-namespace\"\n  description = \"Read-only access role for namespace resources\"\n  role_type   = \"CUSTOM\"\n\n  permissions {\n    resource   = \"origin_pool\"\n    operations = [\"read\", \"list\"]\n  }\n\n  permissions {\n    resource   = \"http_loadbalancer\"\n    operations = [\"read\", \"list\"]\n  }\n}\n```\n",
            "description_kind": "markdown"
          }
        },
        "f5_distributed_cloud_nat_policy": {
          "version": 0,
          "block": {
            "attributes": {
              "description": {
                "type": "string",
                "description_kind": "plain",
                "optional": true
              },
              "id": {
                "type": "string",
                "description_kind": "plain",
                "computed": true
              },
              "name": {
                "type": "string",
                "description_kind": "plain",
                "required": true
              },
              "namespace": {
                "type": "string",
                "description_kind": "plain",
                "required": true
              }
            },
            "description": "\nThe `f5_distributed_cloud_nat_policy` resource manages NAT Policies in F5 Distributed Cloud.\n\nNAT Policies configure network address translation rules.\n\n## Example Usage\n\n```hcl\nresource \"f5_distributed_cloud_nat_policy\" \"example\" {\n  name        = \"nat-policy\"\n  namespace   = \"my-namespace\"\n  description = \"Example NAT policy\"\n}\n```\n",
            "description_kind": "markdown"
          }
        },
        "f5_distributed_cloud_network_connector": {
          "version": 0,
          "block": {
            "attributes": {
              "description": {
                "type": "string",
                "description_kind": "plain",
                "optional": true
              },
              "id": {
                "type": "string",
                "description_kind": "plain",
                "computed": true
              },
              "name": {
                "type": "string",
                "description_kind": "plain",
                "required": true
              },
              "namespace": {
                "type": "string",
                "description_kind": "plain",
                "required": true
              }
            },
            "description": "\nThe `f5_distributed_cloud_network_connector` resource manages Network Connectors in F5 Distributed Cloud.\n\nNetwork Connectors enable connectivity between different network segments.\n\n## Example Usage\n\n```hcl\nresource \"f5_distributed_cloud_network_connector\" \"example\" {\n  name        = \"my-network-connector\"\n  namespace   = \"system\"\n  description = \"Connector for site-to-site connectivity\"\n}\n```\n",
            "description_kind": "markdown"
          }
        },
        "f5_distributed_cloud_network_firewall": {
          "version": 0,
          "block": {
            "attributes": {
              "description": {
                "type": "string",
                "description_kind": "plain",
                "optional": true
              },
              "id": {
                "type": "string",
                "description_kind": "plain",
                "computed": true
              },
              "name": {
                "type": "string",
                "description_kind": "plain",
                "required": true
              },
              "namespace": {
                "type": "string",
                "description_kind": "plain",
                "required": true
              }
            },
            "description": "\nThe `f5_distributed_cloud_network_firewall` resource manages Network Firewalls in F5 Distributed Cloud.\n\nNetwork Firewalls provide network-level security controls.\n\n## Example Usage\n\n```hcl\nresource \"f5_distributed_cloud_network_firewall\" \"example\" {\n  name        = \"my-network-firewall\"\n  namespace   = \"system\"\n  description = \"Network firewall for perimeter security\"\n}\n```\n",
            "description_kind": "markdown"
          }
        },
        "f5_distributed_cloud_network_interface": {
          "version": 0,
          "block": {
            "attributes": {
              "description": {
                "type": "string",
                "description_kind": "plain",
                "optional": true
              },
              "id": {
                "type": "string",
                "description_kind": "plain",
                "computed": true
              },
              "name": {
                "type": "string",
                "description_kind": "plain",
                "required": true
              },
              "namespace": {
                "type": "string",
                "description_kind": "plain",
                "required": true
              }
            },
            "description": "\nThe `f5_distributed_cloud_network_interface` resource manages Network Interfaces in F5 Distributed Cloud.\n\nNetwork Interfaces configure site network connectivity.\n\n## Example Usage\n\n```hcl\nresource \"f5_distributed_cloud_network_interface\" \"example\" {\n  name        = \"my-network-interface\"\n  namespace   = \"system\"\n  description = \"Site network interface configuration\"\n}\n```\n",
            "description_kind": "markdown"
          }
        },
        "f5_distributed_cloud_network_policy": {
          "version": 0,
          "block": {
            "attributes": {
              "description": {
                "type": "string",
                "description_kind": "plain",
                "optional": true
              },
              "id": {
                "type": "string",
                "description_kind": "plain",
                "computed": true
              },
              "name": {
                "type": "string",
                "description_kind": "plain",
                "required": true
              },
              "namespace": {
                "type": "string",
                "description_kind": "plain",
                "required": true
              },
              "policy_type": {
                "type": "string",
                "description": "Type of network policy (INGRESS/EGRESS).",
                "description_kind": "plain",
                "optional": true
              }
            },
            "block_types": {
              "rules": {
                "nesting_mode": "list",
                "block": {
                  "attributes": {
                    "action": {
                      "type": "string",
                      "description": "Action to take (ALLOW/DENY).",
                      "description_kind": "plain",
                      "required": true
                    },
                    "dest_prefix": {
                      "type": "string",
                      "description": "Destination IP prefix (CIDR).",
                      "description_kind": "plain",
                      "optional": true
                    },
                    "name": {
                      "type": "string",
                      "description": "Name of the rule.",
                      "description_kind": "plain",
                      "required": true
                    },
                    "ports": {
                      "type": "string",
                      "description": "Port numbers (comma-separated or range).",
                      "description_kind": "plain",
                      "optional": true
                    },
                    "protocol": {
                      "type": "string",
                      "description": "Protocol (TCP/UDP/ICMP).",
                      "description_kind": "plain",
                      "optional": true
                    },
                    "source_prefix": {
                      "type": "string",
                      "description": "Source IP prefix (CIDR).",
                      "description_kind": "plain",
                      "optional": true
                    }
                  },
                  "description": "Network policy rules.",
                  "description_kind": "plain"
                }
              }
            },
            "description": "\nThe `f5_distributed_cloud_network_policy` resource manages Network Policies in F5 Distributed Cloud.\n\nNetwork Policies define traffic rules for controlling network connectivity between workloads.\n\n## Example Usage\n\n```hcl\nresource \"f5_distributed_cloud_network_policy\" \"example\" {\n  name        = \"network-policy\"\n  namespace   = \"my-namespace\"\n  policy_type = \"INGRESS\"\n\n  rules {\n    name          = \"allow-web\"\n    action        = \"ALLOW\"\n    source_prefix = \"10.0.0.0/8\"\n    protocol      = \"TCP\"\n    ports         = \"80,443\"\n  }\n}\n```\n",
            "description_kind": "markdown"
          }
        },
        "f5_distributed_cloud_network_policy_rule": {
          "version": 0,
          "block": {
            "attributes": {
              "description": {
                "type": "string",
                "description_kind": "plain",
                "optional": true
              },
              "id": {
                "type": "string",
                "description_kind": "plain",
                "computed": true
              },
              "name": {
                "type": "string",
                "description_kind": "plain",
                "required": true
              },
              "namespace": {
                "type": "string",
                "description_kind": "plain",
                "required": true
              }
            },
            "description": "\nThe `f5_distributed_cloud_network_policy_rule` resource manages Network Policy Rules in F5 Distributed Cloud.\n\nNetwork Policy Rules define specific rules within a network policy.\n\n## Example Usage\n\n```hcl\nresource \"f5_distributed_cloud_network_policy_rule\" \"example\" {\n  name        = \"my-network-policy-rule\"\n  namespace   = \"my-namespace\"\n  description = \"Example network policy rule\"\n}\n```\n",
            "description_kind": "markdown"
          }
        },
        "f5_distributed_cloud_network_policy_set": {
          "version": 0,
          "block": {
            "attributes": {
              "description": {
                "type": "string",
                "description": "Description of the network policy set.",
                "description_kind": "plain",
                "optional": true
              },
              "id": {
                "type": "string",
                "description": "Unique identifier for the network policy set.",
                "description_kind": "plain",
                "computed": true
              },
              "name": {
                "type": "string",
                "description": "Name of the network policy set.",
                "description_kind": "plain",
                "required": true
              },
              "namespace": {
                "type": "string",
                "description": "Namespace where the network policy set will be created.",
                "description_kind": "plain",
                "required": true
              }
            },
            "description": "\nThe `f5_distributed_cloud_network_policy_set` resource manages Network Policy Sets in F5 Distributed Cloud.\n\nNetwork Policy Sets group network policies together for easier management and application to workloads.\n\n## Example Usage\n\n```hcl\nresource \"f5_distributed_cloud_network_policy_set\" \"example\" {\n  name        = \"my-policy-set\"\n  namespace   = \"my-namespace\"\n  description = \"Example network policy set\"\n}\n```\n",
            "description_kind": "markdown"
          }
        },
        "f5_distributed_cloud_oidc_provider": {
          "version": 0,
          "block": {
            "attributes": {
              "description": {
                "type": "string",
                "description": "Description of the OIDC Provider.",
                "description_kind": "plain",
                "optional": true
              },
              "id": {
                "type": "string",
                "description": "Unique identifier for the OIDC Provider.",
                "description_kind": "plain",
                "computed": true
              },
              "name": {
                "type": "string",
                "description": "Name of the OIDC Provider.",
                "description_kind": "plain",
                "required": true
              },
              "namespace": {
                "type": "string",
                "description": "Namespace where the OIDC Provider is created.",
                "description_kind": "plain",
                "required": true
              }
            },
            "description": "Manages an F5 XC OIDC Provider resource.",
            "description_kind": "plain"
          }
        },
        "f5_distributed_cloud_origin_pool": {
          "version": 0,
          "block": {
            "attributes": {
              "description": {
                "type": "string",
                "description": "Description of the Origin Pool.",
                "description_kind": "plain",
                "optional": true
              },
              "endpoint_protocol": {
                "type": "string",
                "description": "Protocol to use for connecting to origin servers: 'http' or 'https'.",
                "description_kind": "plain",
                "optional": true,
                "computed": true
              },
              "health_check_port": {
                "type": "number",
                "description": "Port for health checks. Defaults to the origin port if not specified.",
                "description_kind": "plain",
                "optional": true,
                "computed": true
              },
              "id": {
                "type": "string",
                "description": "Unique identifier for the Origin Pool.",
                "description_kind": "plain",
                "computed": true
              },
              "loadbalancer_algorithm": {
                "type": "string",
                "description": "Load balancing algorithm: 'ROUND_ROBIN', 'LEAST_REQUEST', 'RANDOM', 'SOURCE_IP_HASH'.",
                "description_kind": "plain",
                "optional": true,
                "computed": true
              },
              "name": {
                "type": "string",
                "description": "Name of the Origin Pool.",
                "description_kind": "plain",
                "required": true
              },
              "namespace": {
                "type": "string",
                "description": "Namespace where the Origin Pool is created.",
                "description_kind": "plain",
                "required": true
              },
              "port": {
                "type": "number",
                "description": "Port on which origin servers listen.",
                "description_kind": "plain",
                "required": true
              }
            },
            "block_types": {
              "origin_servers": {
                "nesting_mode": "list",
                "block": {
                  "attributes": {
                    "labels": {
                      "type": [
                        "map",
                        "string"
                      ],
                      "description": "Labels for the origin server.",
                      "description_kind": "plain",
                      "optional": true
                    }
                  },
                  "block_types": {
                    "private_ip": {
                      "nesting_mode": "single",
                      "block": {
                        "attributes": {
                          "inside_network": {
                            "type": "bool",
                            "description": "Whether to use inside network.",
                            "description_kind": "plain",
                            "optional": true
                          },
                          "ip": {
                            "type": "string",
                            "description": "IPv4 or IPv6 address.",
                            "description_kind": "plain",
                            "required": true
                          },
                          "site_name": {
                            "type": "string",
                            "description": "Name of the site where the server is located.",
                            "description_kind": "plain",
                            "required": true
                          }
                        },
                        "description": "Private IP address of the origin server.",
                        "description_kind": "plain"
                      }
                    },
                    "public_ip": {
                      "nesting_mode": "single",
                      "block": {
                        "attributes": {
                          "ip": {
                            "type": "string",
                            "description": "IPv4 or IPv6 address.",
                            "description_kind": "plain",
                            "required": true
                          }
                        },
                        "description": "Public IP address of the origin server.",
                        "description_kind": "plain"
                      }
                    },
                    "public_name": {
                      "nesting_mode": "single",
                      "block": {
                        "attributes": {
                          "dns_name": {
                            "type": "string",
                            "description": "Fully qualified domain name.",
                            "description_kind": "plain",
                            "required": true
                          }
                        },
                        "description": "DNS name of the origin server.",
                        "description_kind": "plain"
                      }
                    }
                  },
                  "description": "List of origin servers in the pool.",
                  "description_kind": "plain"
                }
              }
            },
            "description": "\nThe `f5_distributed_cloud_origin_pool` resource manages Origin Pools in F5 Distributed Cloud.\n\nOrigin Pools define groups of backend servers that serve application traffic.\nThey are used by HTTP Load Balancers to route traffic to appropriate backends.\n\n## Example Usage\n\n```hcl\nresource \"f5_distributed_cloud_origin_pool\" \"example\" {\n  name        = \"my-origin-pool\"\n  namespace   = \"my-namespace\"\n  description = \"Example Origin Pool\"\n\n  port              = 8080\n  endpoint_protocol = \"http\"\n\n  origin_servers {\n    public_ip {\n      ip = \"192.0.2.1\"\n    }\n  }\n}\n```\n\n## Import\n\nOrigin Pools can be imported using namespace/name:\n\n```shell\nterraform import f5_distributed_cloud_origin_pool.example my-namespace/my-origin-pool\n```\n",
            "description_kind": "markdown"
          }
        },
        "f5_distributed_cloud_policer": {
          "version": 0,
          "block": {
            "attributes": {
              "description": {
                "type": "string",
                "description_kind": "plain",
                "optional": true
              },
              "id": {
                "type": "string",
                "description_kind": "plain",
                "computed": true
              },
              "name": {
                "type": "string",
                "description_kind": "plain",
                "required": true
              },
              "namespace": {
                "type": "string",
                "description_kind": "plain",
                "required": true
              }
            },
            "description": "\nThe `f5_distributed_cloud_policer` resource manages Policers in F5 Distributed Cloud.\n\nPolicers control traffic rate limiting and shaping.\n\n## Example Usage\n\n```hcl\nresource \"f5_distributed_cloud_policer\" \"example\" {\n  name        = \"my-policer\"\n  namespace   = \"my-namespace\"\n  description = \"Example policer for traffic control\"\n}\n```\n",
            "description_kind": "markdown"
          }
        },
        "f5_distributed_cloud_policy_based_routing": {
          "version": 0,
          "block": {
            "attributes": {
              "description": {
                "type": "string",
                "description": "Description of the Policy Based Routing.",
                "description_kind": "plain",
                "optional": true
              },
              "id": {
                "type": "string",
                "description": "Unique identifier for the Policy Based Routing.",
                "description_kind": "plain",
                "computed": true
              },
              "name": {
                "type": "string",
                "description": "Name of the Policy Based Routing.",
                "description_kind": "plain",
                "required": true
              },
              "namespace": {
                "type": "string",
                "description": "Namespace where the Policy Based Routing is created.",
                "description_kind": "plain",
                "required": true
              }
            },
            "description": "Manages an F5 XC Policy Based Routing resource.",
            "description_kind": "plain"
          }
        },
        "f5_distributed_cloud_protocol_policer": {
          "version": 0,
          "block": {
            "attributes": {
              "burst_size": {
                "type": "number",
                "description": "Burst size above the rate limit.",
                "description_kind": "plain",
                "optional": true
              },
              "description": {
                "type": "string",
                "description_kind": "plain",
                "optional": true
              },
              "id": {
                "type": "string",
                "description_kind": "plain",
                "computed": true
              },
              "name": {
                "type": "string",
                "description_kind": "plain",
                "required": true
              },
              "namespace": {
                "type": "string",
                "description_kind": "plain",
                "required": true
              },
              "protocol": {
                "type": "string",
                "description": "Protocol to police (HTTP, HTTPS, TCP, UDP).",
                "description_kind": "plain",
                "required": true
              },
              "requests_per_unit": {
                "type": "number",
                "description": "Number of requests allowed per time unit.",
                "description_kind": "plain",
                "required": true
              },
              "unit": {
                "type": "string",
                "description": "Time unit for rate limiting (SECOND, MINUTE).",
                "description_kind": "plain",
                "required": true
              }
            },
            "description": "\nThe `f5_distributed_cloud_protocol_policer` resource manages Protocol Policers in F5 Distributed Cloud.\n\nProtocol Policers define rate limiting policies for specific protocols.\n\n## Example Usage\n\n```hcl\nresource \"f5_distributed_cloud_protocol_policer\" \"example\" {\n  name              = \"http-policer\"\n  namespace         = \"my-namespace\"\n  protocol          = \"HTTP\"\n  requests_per_unit = 1000\n  unit              = \"SECOND\"\n  burst_size        = 100\n}\n```\n",
            "description_kind": "markdown"
          }
        },
        "f5_distributed_cloud_proxy": {
          "version": 0,
          "block": {
            "attributes": {
              "description": {
                "type": "string",
                "description": "Description of the Proxy.",
                "description_kind": "plain",
                "optional": true
              },
              "id": {
                "type": "string",
                "description": "Unique identifier for the Proxy.",
                "description_kind": "plain",
                "computed": true
              },
              "name": {
                "type": "string",
                "description": "Name of the Proxy.",
                "description_kind": "plain",
                "required": true
              },
              "namespace": {
                "type": "string",
                "description": "Namespace where the Proxy is created.",
                "description_kind": "plain",
                "required": true
              }
            },
            "description": "Manages an F5 XC Proxy resource.",
            "description_kind": "plain"
          }
        },
        "f5_distributed_cloud_public_ip": {
          "version": 0,
          "block": {
            "attributes": {
              "description": {
                "type": "string",
                "description": "Description of the Public IP.",
                "description_kind": "plain",
                "optional": true
              },
              "id": {
                "type": "string",
                "description": "Unique identifier for the Public IP.",
                "description_kind": "plain",
                "computed": true
              },
              "name": {
                "type": "string",
                "description": "Name of the Public IP.",
                "description_kind": "plain",
                "required": true
              },
              "namespace": {
                "type": "string",
                "description": "Namespace where the Public IP is created.",
                "description_kind": "plain",
                "required": true
              }
            },
            "description": "\nThe `f5_distributed_cloud_public_ip` resource manages Public IPs in F5 Distributed Cloud.\n\nPublic IPs provide external IP addresses that can be used for services deployed\nwithin the F5 Distributed Cloud platform.\n\n## Example Usage\n\n```hcl\nresource \"f5_distributed_cloud_public_ip\" \"example\" {\n  name        = \"my-public-ip\"\n  namespace   = \"shared\"\n  description = \"Public IP for production services\"\n}\n```\n\n## Import\n\nPublic IPs can be imported using namespace/name:\n\n```shell\nterraform import f5_distributed_cloud_public_ip.example shared/my-public-ip\n```\n",
            "description_kind": "markdown"
          }
        },
        "f5_distributed_cloud_rate_limiter": {
          "version": 0,
          "block": {
            "attributes": {
              "burst_multiplier": {
                "type": "number",
                "description": "Multiplier for burst capacity above the rate limit.",
                "description_kind": "plain",
                "optional": true
              },
              "description": {
                "type": "string",
                "description_kind": "plain",
                "optional": true
              },
              "id": {
                "type": "string",
                "description_kind": "plain",
                "computed": true
              },
              "name": {
                "type": "string",
                "description_kind": "plain",
                "required": true
              },
              "namespace": {
                "type": "string",
                "description_kind": "plain",
                "required": true
              },
              "total_number": {
                "type": "number",
                "description": "Total number of requests allowed in the specified time unit.",
                "description_kind": "plain",
                "required": true
              },
              "unit": {
                "type": "string",
                "description": "Time unit for rate limiting (SECOND, MINUTE).",
                "description_kind": "plain",
                "required": true
              }
            },
            "description": "\nThe `f5_distributed_cloud_rate_limiter` resource manages Rate Limiters in F5 Distributed Cloud.\n\nRate Limiters define rate limiting policies for controlling request throughput.\n\n## Example Usage\n\n```hcl\nresource \"f5_distributed_cloud_rate_limiter\" \"example\" {\n  name             = \"api-rate-limit\"\n  namespace        = \"my-namespace\"\n  total_number     = 100\n  unit             = \"SECOND\"\n  burst_multiplier = 2\n}\n```\n",
            "description_kind": "markdown"
          }
        },
        "f5_distributed_cloud_rate_limiter_policy": {
          "version": 0,
          "block": {
            "attributes": {
              "description": {
                "type": "string",
                "description": "Description of the Rate Limiter Policy.",
                "description_kind": "plain",
                "optional": true
              },
              "id": {
                "type": "string",
                "description": "Unique identifier for the Rate Limiter Policy.",
                "description_kind": "plain",
                "computed": true
              },
              "name": {
                "type": "string",
                "description": "Name of the Rate Limiter Policy.",
                "description_kind": "plain",
                "required": true
              },
              "namespace": {
                "type": "string",
                "description": "Namespace where the Rate Limiter Policy is created.",
                "description_kind": "plain",
                "required": true
              }
            },
            "description": "Manages an F5 XC Rate Limiter Policy resource.",
            "description_kind": "plain"
          }
        },
        "f5_distributed_cloud_rbac_policy": {
          "version": 0,
          "block": {
            "attributes": {
              "description": {
                "type": "string",
                "description_kind": "plain",
                "optional": true
              },
              "id": {
                "type": "string",
                "description_kind": "plain",
                "computed": true
              },
              "name": {
                "type": "string",
                "description_kind": "plain",
                "required": true
              },
              "namespace": {
                "type": "string",
                "description_kind": "plain",
                "required": true
              }
            },
            "block_types": {
              "rules": {
                "nesting_mode": "list",
                "block": {
                  "attributes": {
                    "action": {
                      "type": "string",
                      "description": "The action to take (allow or deny).",
                      "description_kind": "plain",
                      "required": true
                    },
                    "api_groups": {
                      "type": [
                        "list",
                        "string"
                      ],
                      "description": "List of API groups this rule applies to.",
                      "description_kind": "plain",
                      "optional": true
                    },
                    "resources": {
                      "type": [
                        "list",
                        "string"
                      ],
                      "description": "List of resources this rule applies to.",
                      "description_kind": "plain",
                      "optional": true
                    },
                    "verbs": {
                      "type": [
                        "list",
                        "string"
                      ],
                      "description": "List of verbs (actions) allowed on the resources.",
                      "description_kind": "plain",
                      "optional": true
                    }
                  },
                  "description": "List of RBAC rules defining access permissions.",
                  "description_kind": "plain"
                }
              }
            },
            "description": "\nThe `f5_distributed_cloud_rbac_policy` resource manages RBAC Policies in F5 Distributed Cloud.\n\nRBAC Policies define role-based access control rules that determine what actions users and services can perform on specific resources.\n\n## Example Usage\n\n```hcl\nresource \"f5_distributed_cloud_rbac_policy\" \"example\" {\n  name        = \"my-rbac-policy\"\n  namespace   = \"my-namespace\"\n  description = \"RBAC policy for application access\"\n\n  rules {\n    action     = \"allow\"\n    api_groups = [\"app.f5.com\"]\n    resources  = [\"virtual_hosts\", \"origin_pools\"]\n    verbs      = [\"get\", \"list\", \"create\", \"update\", \"delete\"]\n  }\n}\n```\n",
            "description_kind": "markdown"
          }
        },
        "f5_distributed_cloud_registration": {
          "version": 0,
          "block": {
            "attributes": {
              "description": {
                "type": "string",
                "description": "Description of the Registration.",
                "description_kind": "plain",
                "optional": true
              },
              "id": {
                "type": "string",
                "description": "Unique identifier for the Registration.",
                "description_kind": "plain",
                "computed": true
              },
              "name": {
                "type": "string",
                "description": "Name of the Registration.",
                "description_kind": "plain",
                "required": true
              },
              "namespace": {
                "type": "string",
                "description": "Namespace where the Registration is created.",
                "description_kind": "plain",
                "required": true
              }
            },
            "description": "\nThe `f5_distributed_cloud_registration` resource manages Registrations in F5 Distributed Cloud.\n\nRegistrations manage site registration processes, allowing sites to be registered\nand configured within the F5 Distributed Cloud platform.\n\n## Example Usage\n\n```hcl\nresource \"f5_distributed_cloud_registration\" \"example\" {\n  name        = \"my-registration\"\n  namespace   = \"system\"\n  description = \"My site registration\"\n}\n```\n\n## Import\n\nRegistrations can be imported using namespace/name:\n\n```shell\nterraform import f5_distributed_cloud_registration.example system/my-registration\n```\n",
            "description_kind": "markdown"
          }
        },
        "f5_distributed_cloud_role": {
          "version": 0,
          "block": {
            "attributes": {
              "description": {
                "type": "string",
                "description_kind": "plain",
                "optional": true
              },
              "id": {
                "type": "string",
                "description_kind": "plain",
                "computed": true
              },
              "name": {
                "type": "string",
                "description_kind": "plain",
                "required": true
              },
              "namespace": {
                "type": "string",
                "description_kind": "plain",
                "required": true
              },
              "role_type": {
                "type": "string",
                "description": "Type of role (CUSTOM, PREDEFINED).",
                "description_kind": "plain",
                "optional": true
              }
            },
            "block_types": {
              "permissions": {
                "nesting_mode": "list",
                "block": {
                  "attributes": {
                    "operations": {
                      "type": [
                        "list",
                        "string"
                      ],
                      "description": "Operations allowed (read, write, delete, list).",
                      "description_kind": "plain",
                      "required": true
                    },
                    "resource": {
                      "type": "string",
                      "description": "Resource type to grant permissions on.",
                      "description_kind": "plain",
                      "required": true
                    }
                  },
                  "description": "Permission definitions for the role.",
                  "description_kind": "plain"
                }
              }
            },
            "description": "\nThe `f5_distributed_cloud_role` resource manages Roles in F5 Distributed Cloud.\n\nRoles define permissions for accessing and managing resources within the F5 XC platform.\n\n## Example Usage\n\n```hcl\nresource \"f5_distributed_cloud_role\" \"viewer\" {\n  name        = \"viewer-role\"\n  namespace   = \"system\"\n  description = \"Read-only access role\"\n  role_type   = \"CUSTOM\"\n\n  permissions {\n    resource   = \"namespace\"\n    operations = [\"read\"]\n  }\n\n  permissions {\n    resource   = \"origin_pool\"\n    operations = [\"read\", \"list\"]\n  }\n}\n```\n",
            "description_kind": "markdown"
          }
        },
        "f5_distributed_cloud_route": {
          "version": 0,
          "block": {
            "attributes": {
              "description": {
                "type": "string",
                "description_kind": "plain",
                "optional": true
              },
              "destination": {
                "type": "string",
                "description": "Destination pool or service for matched traffic.",
                "description_kind": "plain",
                "required": true
              },
              "id": {
                "type": "string",
                "description_kind": "plain",
                "computed": true
              },
              "methods": {
                "type": [
                  "list",
                  "string"
                ],
                "description": "HTTP methods allowed for this route.",
                "description_kind": "plain",
                "optional": true
              },
              "name": {
                "type": "string",
                "description_kind": "plain",
                "required": true
              },
              "namespace": {
                "type": "string",
                "description_kind": "plain",
                "required": true
              },
              "path": {
                "type": "string",
                "description": "URL path pattern for the route.",
                "description_kind": "plain",
                "required": true
              }
            },
            "description": "\nThe `f5_distributed_cloud_route` resource manages Routes in F5 Distributed Cloud.\n\nRoutes define traffic routing rules for load balancers.\n\n## Example Usage\n\n```hcl\nresource \"f5_distributed_cloud_route\" \"example\" {\n  name        = \"api-route\"\n  namespace   = \"my-namespace\"\n  path        = \"/api/v1/*\"\n  methods     = [\"GET\", \"POST\"]\n  destination = \"backend-pool\"\n}\n```\n",
            "description_kind": "markdown"
          }
        },
        "f5_distributed_cloud_secret_policy": {
          "version": 0,
          "block": {
            "attributes": {
              "description": {
                "type": "string",
                "description_kind": "plain",
                "optional": true
              },
              "id": {
                "type": "string",
                "description_kind": "plain",
                "computed": true
              },
              "name": {
                "type": "string",
                "description_kind": "plain",
                "required": true
              },
              "namespace": {
                "type": "string",
                "description_kind": "plain",
                "required": true
              },
              "policy_type": {
                "type": "string",
                "description": "Type of secret policy (ALLOW_READ, ALLOW_WRITE, DENY).",
                "description_kind": "plain",
                "required": true
              },
              "rules": {
                "type": "string",
                "description": "Policy rules pattern.",
                "description_kind": "plain",
                "optional": true
              }
            },
            "description": "\nThe `f5_distributed_cloud_secret_policy` resource manages Secret Policies in F5 Distributed Cloud.\n\nSecret Policies define access control for secrets management.\n\n## Example Usage\n\n```hcl\nresource \"f5_distributed_cloud_secret_policy\" \"example\" {\n  name        = \"app-secrets-policy\"\n  namespace   = \"my-namespace\"\n  policy_type = \"ALLOW_READ\"\n  rules       = \"namespace/*\"\n}\n```\n",
            "description_kind": "markdown"
          }
        },
        "f5_distributed_cloud_secret_policy_rule": {
          "version": 0,
          "block": {
            "attributes": {
              "description": {
                "type": "string",
                "description_kind": "plain",
                "optional": true
              },
              "id": {
                "type": "string",
                "description_kind": "plain",
                "computed": true
              },
              "name": {
                "type": "string",
                "description_kind": "plain",
                "required": true
              },
              "namespace": {
                "type": "string",
                "description_kind": "plain",
                "required": true
              }
            },
            "description": "\nThe `f5_distributed_cloud_secret_policy_rule` resource manages Secret Policy Rules in F5 Distributed Cloud.\n\nSecret Policy Rules define specific rules within a secret policy.\n\n## Example Usage\n\n```hcl\nresource \"f5_distributed_cloud_secret_policy_rule\" \"example\" {\n  name        = \"my-secret-policy-rule\"\n  namespace   = \"my-namespace\"\n  description = \"Example secret policy rule\"\n}\n```\n",
            "description_kind": "markdown"
          }
        },
        "f5_distributed_cloud_securemesh_site": {
          "version": 0,
          "block": {
            "attributes": {
              "description": {
                "type": "string",
                "description_kind": "plain",
                "optional": true
              },
              "id": {
                "type": "string",
                "description_kind": "plain",
                "computed": true
              },
              "name": {
                "type": "string",
                "description_kind": "plain",
                "required": true
              },
              "namespace": {
                "type": "string",
                "description_kind": "plain",
                "required": true
              }
            },
            "description": "\nThe `f5_distributed_cloud_securemesh_site` resource manages Securemesh Sites in F5 Distributed Cloud.\n\nSecuremesh Sites provide secure connectivity for distributed applications.\n\n## Example Usage\n\n```hcl\nresource \"f5_distributed_cloud_securemesh_site\" \"example\" {\n  name        = \"my-securemesh-site\"\n  namespace   = \"system\"\n  description = \"Example securemesh site\"\n}\n```\n",
            "description_kind": "markdown"
          }
        },
        "f5_distributed_cloud_segment": {
          "version": 0,
          "block": {
            "attributes": {
              "description": {
                "type": "string",
                "description": "Description of the Segment.",
                "description_kind": "plain",
                "optional": true
              },
              "id": {
                "type": "string",
                "description": "Unique identifier for the Segment.",
                "description_kind": "plain",
                "computed": true
              },
              "name": {
                "type": "string",
                "description": "Name of the Segment.",
                "description_kind": "plain",
                "required": true
              },
              "namespace": {
                "type": "string",
                "description": "Namespace where the Segment is created.",
                "description_kind": "plain",
                "required": true
              }
            },
            "description": "Manages an F5 Distributed Cloud Segment. Segments provide network isolation and segmentation.",
            "description_kind": "plain"
          }
        },
        "f5_distributed_cloud_segment_connection": {
          "version": 0,
          "block": {
            "attributes": {
              "description": {
                "type": "string",
                "description": "Description of the Segment Connection.",
                "description_kind": "plain",
                "optional": true
              },
              "id": {
                "type": "string",
                "description": "Unique identifier for the Segment Connection.",
                "description_kind": "plain",
                "computed": true
              },
              "name": {
                "type": "string",
                "description": "Name of the Segment Connection.",
                "description_kind": "plain",
                "required": true
              },
              "namespace": {
                "type": "string",
                "description": "Namespace where the Segment Connection is created.",
                "description_kind": "plain",
                "required": true
              }
            },
            "block_types": {
              "segment1": {
                "nesting_mode": "single",
                "block": {
                  "attributes": {
                    "name": {
                      "type": "string",
                      "description": "Name of the segment.",
                      "description_kind": "plain",
                      "required": true
                    },
                    "namespace": {
                      "type": "string",
                      "description": "Namespace of the segment.",
                      "description_kind": "plain",
                      "required": true
                    }
                  },
                  "description": "Reference to the first network segment.",
                  "description_kind": "plain"
                }
              },
              "segment2": {
                "nesting_mode": "single",
                "block": {
                  "attributes": {
                    "name": {
                      "type": "string",
                      "description": "Name of the segment.",
                      "description_kind": "plain",
                      "required": true
                    },
                    "namespace": {
                      "type": "string",
                      "description": "Namespace of the segment.",
                      "description_kind": "plain",
                      "required": true
                    }
                  },
                  "description": "Reference to the second network segment.",
                  "description_kind": "plain"
                }
              }
            },
            "description": "\nThe `f5_distributed_cloud_segment_connection` resource manages Segment Connections in F5 Distributed Cloud.\n\nSegment Connections link network segments together, enabling communication between\ndifferent network segments within the F5 Distributed Cloud infrastructure.\n\n## Example Usage\n\n```hcl\nresource \"f5_distributed_cloud_segment_connection\" \"example\" {\n  name        = \"my-segment-connection\"\n  namespace   = \"system\"\n  description = \"Connection between production and staging segments\"\n\n  segment1 {\n    name      = \"production-segment\"\n    namespace = \"system\"\n  }\n\n  segment2 {\n    name      = \"staging-segment\"\n    namespace = \"system\"\n  }\n}\n```\n\n## Import\n\nSegment Connections can be imported using namespace/name:\n\n```shell\nterraform import f5_distributed_cloud_segment_connection.example system/my-segment-connection\n```\n",
            "description_kind": "markdown"
          }
        },
        "f5_distributed_cloud_service_mesh": {
          "version": 0,
          "block": {
            "attributes": {
              "description": {
                "type": "string",
                "description_kind": "plain",
                "optional": true
              },
              "enabled": {
                "type": "bool",
                "description": "Whether the service mesh is enabled.",
                "description_kind": "plain",
                "optional": true
              },
              "id": {
                "type": "string",
                "description_kind": "plain",
                "computed": true
              },
              "mesh_type": {
                "type": "string",
                "description": "Type of service mesh (INGRESS, EGRESS, SIDECAR).",
                "description_kind": "plain",
                "required": true
              },
              "name": {
                "type": "string",
                "description_kind": "plain",
                "required": true
              },
              "namespace": {
                "type": "string",
                "description_kind": "plain",
                "required": true
              }
            },
            "description": "\nThe `f5_distributed_cloud_service_mesh` resource manages Service Meshes in F5 Distributed Cloud.\n\nService Meshes provide service-to-service communication management.\n\n## Example Usage\n\n```hcl\nresource \"f5_distributed_cloud_service_mesh\" \"example\" {\n  name      = \"app-mesh\"\n  namespace = \"my-namespace\"\n  mesh_type = \"INGRESS\"\n  enabled   = true\n}\n```\n",
            "description_kind": "markdown"
          }
        },
        "f5_distributed_cloud_service_policy": {
          "version": 0,
          "block": {
            "attributes": {
              "default_action": {
                "type": "string",
                "description": "Default action when no rules match: 'allow' or 'deny'.",
                "description_kind": "plain",
                "optional": true,
                "computed": true
              },
              "description": {
                "type": "string",
                "description": "Description of the Service Policy.",
                "description_kind": "plain",
                "optional": true
              },
              "id": {
                "type": "string",
                "description": "Unique identifier for the Service Policy.",
                "description_kind": "plain",
                "computed": true
              },
              "name": {
                "type": "string",
                "description": "Name of the Service Policy.",
                "description_kind": "plain",
                "required": true
              },
              "namespace": {
                "type": "string",
                "description": "Namespace where the Service Policy is created.",
                "description_kind": "plain",
                "required": true
              }
            },
            "block_types": {
              "rules": {
                "nesting_mode": "list",
                "block": {
                  "attributes": {
                    "action": {
                      "type": "string",
                      "description": "Action for the rule: 'allow' or 'deny'.",
                      "description_kind": "plain",
                      "required": true
                    },
                    "name": {
                      "type": "string",
                      "description": "Name of the rule.",
                      "description_kind": "plain",
                      "required": true
                    }
                  },
                  "block_types": {
                    "match_destinations": {
                      "nesting_mode": "list",
                      "block": {
                        "attributes": {
                          "port": {
                            "type": "number",
                            "description": "Port to match.",
                            "description_kind": "plain",
                            "optional": true
                          },
                          "prefix": {
                            "type": "string",
                            "description": "IP prefix to match (CIDR notation).",
                            "description_kind": "plain",
                            "optional": true
                          },
                          "protocol": {
                            "type": "string",
                            "description": "Protocol to match: 'tcp', 'udp', 'icmp'.",
                            "description_kind": "plain",
                            "optional": true
                          }
                        },
                        "description": "Destination matching criteria.",
                        "description_kind": "plain"
                      }
                    },
                    "match_sources": {
                      "nesting_mode": "list",
                      "block": {
                        "attributes": {
                          "asn": {
                            "type": "number",
                            "description": "ASN to match.",
                            "description_kind": "plain",
                            "optional": true
                          },
                          "namespace": {
                            "type": "string",
                            "description": "Namespace to match.",
                            "description_kind": "plain",
                            "optional": true
                          },
                          "prefix": {
                            "type": "string",
                            "description": "IP prefix to match (CIDR notation).",
                            "description_kind": "plain",
                            "optional": true
                          },
                          "prefix_list": {
                            "type": "string",
                            "description": "Reference to a prefix list.",
                            "description_kind": "plain",
                            "optional": true
                          }
                        },
                        "description": "Source matching criteria.",
                        "description_kind": "plain"
                      }
                    }
                  },
                  "description": "List of policy rules.",
                  "description_kind": "plain"
                }
              }
            },
            "description": "\nThe `f5_distributed_cloud_service_policy` resource manages Service Policies in F5 Distributed Cloud.\n\nService Policies define traffic control rules for service-to-service communication.\nThey can be used to implement security policies, traffic routing, and access control.\n\n## Example Usage\n\n```hcl\nresource \"f5_distributed_cloud_service_policy\" \"example\" {\n  name        = \"my-service-policy\"\n  namespace   = \"my-namespace\"\n  description = \"Example service policy\"\n\n  default_action = \"deny\"\n\n  rules {\n    name   = \"allow-internal\"\n    action = \"allow\"\n  }\n}\n```\n\n## Import\n\nService Policies can be imported using namespace/name:\n\n```shell\nterraform import f5_distributed_cloud_service_policy.example my-namespace/my-service-policy\n```\n",
            "description_kind": "markdown"
          }
        },
        "f5_distributed_cloud_service_policy_rule": {
          "version": 0,
          "block": {
            "attributes": {
              "description": {
                "type": "string",
                "description_kind": "plain",
                "optional": true
              },
              "id": {
                "type": "string",
                "description_kind": "plain",
                "computed": true
              },
              "name": {
                "type": "string",
                "description_kind": "plain",
                "required": true
              },
              "namespace": {
                "type": "string",
                "description_kind": "plain",
                "required": true
              }
            },
            "description": "\nThe `f5_distributed_cloud_service_policy_rule` resource manages Service Policy Rules in F5 Distributed Cloud.\n\nService Policy Rules define specific rules within a service policy.\n\n## Example Usage\n\n```hcl\nresource \"f5_distributed_cloud_service_policy_rule\" \"example\" {\n  name        = \"my-service-policy-rule\"\n  namespace   = \"my-namespace\"\n  description = \"Example service policy rule\"\n}\n```\n",
            "description_kind": "markdown"
          }
        },
        "f5_distributed_cloud_service_policy_set": {
          "version": 0,
          "block": {
            "attributes": {
              "description": {
                "type": "string",
                "description": "A description of the service policy set.",
                "description_kind": "markdown",
                "optional": true
              },
              "id": {
                "type": "string",
                "description": "The unique identifier of the service policy set.",
                "description_kind": "markdown",
                "computed": true
              },
              "name": {
                "type": "string",
                "description": "The name of the service policy set.",
                "description_kind": "markdown",
                "required": true
              },
              "namespace": {
                "type": "string",
                "description": "The namespace where the service policy set will be created.",
                "description_kind": "markdown",
                "required": true
              }
            },
            "description": "\nThe `f5_distributed_cloud_service_policy_set` resource manages Service Policy Sets in F5 Distributed Cloud.\n\nService Policy Sets group service policies together for organization and management purposes.\n\n## Example Usage\n\n```hcl\nresource \"f5_distributed_cloud_service_policy_set\" \"example\" {\n  name        = \"my-policy-set\"\n  namespace   = \"my-namespace\"\n  description = \"Example service policy set\"\n}\n```\n",
            "description_kind": "markdown"
          }
        },
        "f5_distributed_cloud_site": {
          "version": 0,
          "block": {
            "attributes": {
              "description": {
                "type": "string",
                "description": "Description of the Site.",
                "description_kind": "plain",
                "optional": true
              },
              "id": {
                "type": "string",
                "description": "Unique identifier for the Site.",
                "description_kind": "plain",
                "computed": true
              },
              "name": {
                "type": "string",
                "description": "Name of the Site.",
                "description_kind": "plain",
                "required": true
              },
              "namespace": {
                "type": "string",
                "description": "Namespace where the Site is created.",
                "description_kind": "plain",
                "required": true
              }
            },
            "description": "Manages an F5 Distributed Cloud Site. Sites represent edge locations in the distributed cloud.",
            "description_kind": "plain"
          }
        },
        "f5_distributed_cloud_site_mesh_group": {
          "version": 0,
          "block": {
            "attributes": {
              "description": {
                "type": "string",
                "description_kind": "plain",
                "optional": true
              },
              "id": {
                "type": "string",
                "description_kind": "plain",
                "computed": true
              },
              "name": {
                "type": "string",
                "description_kind": "plain",
                "required": true
              },
              "namespace": {
                "type": "string",
                "description_kind": "plain",
                "required": true
              },
              "type": {
                "type": "string",
                "description": "Type of site mesh group (SITE_MESH_GROUP_TYPE_FULL_MESH, SITE_MESH_GROUP_TYPE_HUB_SPOKE).",
                "description_kind": "plain",
                "optional": true
              }
            },
            "block_types": {
              "virtual_site": {
                "nesting_mode": "list",
                "block": {
                  "attributes": {
                    "name": {
                      "type": "string",
                      "description": "Name of the virtual site.",
                      "description_kind": "plain",
                      "required": true
                    },
                    "namespace": {
                      "type": "string",
                      "description": "Namespace of the virtual site.",
                      "description_kind": "plain",
                      "required": true
                    }
                  },
                  "description": "Virtual sites to include in the mesh group.",
                  "description_kind": "plain"
                }
              }
            },
            "description": "\nThe `f5_distributed_cloud_site_mesh_group` resource manages Site Mesh Groups in F5 Distributed Cloud.\n\nSite Mesh Groups enable network connectivity between sites in a service mesh topology.\n\n## Example Usage\n\n```hcl\nresource \"f5_distributed_cloud_site_mesh_group\" \"example\" {\n  name      = \"my-mesh-group\"\n  namespace = \"system\"\n  type      = \"SITE_MESH_GROUP_TYPE_FULL_MESH\"\n\n  virtual_site {\n    name      = \"my-virtual-site\"\n    namespace = \"shared\"\n  }\n}\n```\n",
            "description_kind": "markdown"
          }
        },
        "f5_distributed_cloud_subnet": {
          "version": 0,
          "block": {
            "attributes": {
              "cidr": {
                "type": "string",
                "description": "CIDR block for the subnet.",
                "description_kind": "plain",
                "required": true
              },
              "description": {
                "type": "string",
                "description_kind": "plain",
                "optional": true
              },
              "id": {
                "type": "string",
                "description_kind": "plain",
                "computed": true
              },
              "name": {
                "type": "string",
                "description_kind": "plain",
                "required": true
              },
              "namespace": {
                "type": "string",
                "description_kind": "plain",
                "required": true
              }
            },
            "description": "\nThe `f5_distributed_cloud_subnet` resource manages Subnets in F5 Distributed Cloud.\n\nSubnets define IP address ranges within virtual networks.\n\n## Example Usage\n\n```hcl\nresource \"f5_distributed_cloud_subnet\" \"example\" {\n  name        = \"my-subnet\"\n  namespace   = \"system\"\n  description = \"Application subnet\"\n  cidr        = \"10.0.1.0/24\"\n}\n```\n",
            "description_kind": "markdown"
          }
        },
        "f5_distributed_cloud_tcp_loadbalancer": {
          "version": 0,
          "block": {
            "attributes": {
              "advertise_on_public": {
                "type": "bool",
                "description": "Advertise on public network.",
                "description_kind": "plain",
                "optional": true,
                "computed": true
              },
              "advertise_on_public_default_vip": {
                "type": "bool",
                "description": "Advertise on public network with default VIP.",
                "description_kind": "plain",
                "optional": true,
                "computed": true
              },
              "description": {
                "type": "string",
                "description": "Description of the TCP Load Balancer.",
                "description_kind": "plain",
                "optional": true
              },
              "dns_volterra_managed": {
                "type": "bool",
                "description": "DNS managed by Volterra.",
                "description_kind": "plain",
                "optional": true,
                "computed": true
              },
              "domains": {
                "type": [
                  "list",
                  "string"
                ],
                "description": "List of domains this TCP load balancer serves.",
                "description_kind": "plain",
                "required": true
              },
              "hash_policy_choice_least_active": {
                "type": "bool",
                "description": "Use least active hash policy for load balancing.",
                "description_kind": "plain",
                "optional": true,
                "computed": true
              },
              "hash_policy_choice_random": {
                "type": "bool",
                "description": "Use random hash policy for load balancing.",
                "description_kind": "plain",
                "optional": true,
                "computed": true
              },
              "hash_policy_choice_source_ip": {
                "type": "bool",
                "description": "Use source IP hash policy for load balancing (sticky sessions).",
                "description_kind": "plain",
                "optional": true,
                "computed": true
              },
              "id": {
                "type": "string",
                "description": "Unique identifier for the TCP Load Balancer.",
                "description_kind": "plain",
                "computed": true
              },
              "idle_timeout": {
                "type": "number",
                "description": "Idle timeout in milliseconds. Default is 3600000 (1 hour).",
                "description_kind": "plain",
                "optional": true,
                "computed": true
              },
              "listen_port": {
                "type": "number",
                "description": "TCP port to listen on.",
                "description_kind": "plain",
                "required": true
              },
              "name": {
                "type": "string",
                "description": "Name of the TCP Load Balancer.",
                "description_kind": "plain",
                "required": true
              },
              "namespace": {
                "type": "string",
                "description": "Namespace where the TCP Load Balancer is created.",
                "description_kind": "plain",
                "required": true
              }
            },
            "block_types": {
              "origin_pools": {
                "nesting_mode": "list",
                "block": {
                  "attributes": {
                    "pool_name": {
                      "type": "string",
                      "description": "Name of the origin pool.",
                      "description_kind": "plain",
                      "required": true
                    },
                    "pool_namespace": {
                      "type": "string",
                      "description": "Namespace of the origin pool.",
                      "description_kind": "plain",
                      "required": true
                    },
                    "priority": {
                      "type": "number",
                      "description": "Priority for failover. Lower values are higher priority. Default is 1.",
                      "description_kind": "plain",
                      "optional": true,
                      "computed": true
                    },
                    "weight": {
                      "type": "number",
                      "description": "Weight for load balancing. Default is 1.",
                      "description_kind": "plain",
                      "optional": true,
                      "computed": true
                    }
                  },
                  "description": "List of origin pools for this TCP load balancer.",
                  "description_kind": "plain"
                }
              }
            },
            "description": "\nThe `f5_distributed_cloud_tcp_loadbalancer` resource manages TCP Load Balancers in F5 Distributed Cloud.\n\nTCP Load Balancers distribute incoming TCP traffic across origin pools based on\nconfigured rules and policies. They operate at Layer 4 and handle raw TCP connections.\n\n## Example Usage\n\n```hcl\nresource \"f5_distributed_cloud_tcp_loadbalancer\" \"example\" {\n  name        = \"my-tcp-lb\"\n  namespace   = \"my-namespace\"\n  description = \"Example TCP Load Balancer\"\n\n  domains     = [\"tcp.example.com\"]\n  listen_port = 3306\n\n  origin_pools {\n    pool_name      = f5_distributed_cloud_origin_pool.mysql.name\n    pool_namespace = \"my-namespace\"\n    weight         = 1\n    priority       = 1\n  }\n\n  advertise_on_public = true\n}\n```\n\n## Import\n\nTCP Load Balancers can be imported using namespace/name:\n\n```shell\nterraform import f5_distributed_cloud_tcp_loadbalancer.example my-namespace/my-tcp-lb\n```\n",
            "description_kind": "markdown"
          }
        },
        "f5_distributed_cloud_token": {
          "version": 0,
          "block": {
            "attributes": {
              "description": {
                "type": "string",
                "description": "Description of the Token.",
                "description_kind": "plain",
                "optional": true
              },
              "id": {
                "type": "string",
                "description": "Unique identifier for the Token.",
                "description_kind": "plain",
                "computed": true
              },
              "name": {
                "type": "string",
                "description": "Name of the Token.",
                "description_kind": "plain",
                "required": true
              },
              "namespace": {
                "type": "string",
                "description": "Namespace where the Token is created.",
                "description_kind": "plain",
                "required": true
              }
            },
            "description": "\nThe `f5_distributed_cloud_token` resource manages Tokens in F5 Distributed Cloud.\n\nTokens provide authentication for site registration, allowing Customer Edge (CE)\nsites to securely register with the F5 Distributed Cloud platform.\n\n## Example Usage\n\n```hcl\nresource \"f5_distributed_cloud_token\" \"example\" {\n  name        = \"my-site-token\"\n  namespace   = \"system\"\n  description = \"Token for site registration\"\n}\n```\n\n## Import\n\nTokens can be imported using namespace/name:\n\n```shell\nterraform import f5_distributed_cloud_token.example system/my-site-token\n```\n",
            "description_kind": "markdown"
          }
        },
        "f5_distributed_cloud_trusted_ca_list": {
          "version": 0,
          "block": {
            "attributes": {
              "description": {
                "type": "string",
                "description": "Description of the Trusted CA List.",
                "description_kind": "plain",
                "optional": true
              },
              "id": {
                "type": "string",
                "description": "Unique identifier for the Trusted CA List.",
                "description_kind": "plain",
                "computed": true
              },
              "name": {
                "type": "string",
                "description": "Name of the Trusted CA List.",
                "description_kind": "plain",
                "required": true
              },
              "namespace": {
                "type": "string",
                "description": "Namespace where the Trusted CA List is created.",
                "description_kind": "plain",
                "required": true
              }
            },
            "description": "Manages an F5 XC Trusted CA List resource.",
            "description_kind": "plain"
          }
        },
        "f5_distributed_cloud_tunnel": {
          "version": 0,
          "block": {
            "attributes": {
              "description": {
                "type": "string",
                "description_kind": "plain",
                "optional": true
              },
              "encryption_type": {
                "type": "string",
                "description": "Encryption type for the tunnel (AES128, AES256).",
                "description_kind": "plain",
                "optional": true
              },
              "id": {
                "type": "string",
                "description_kind": "plain",
                "computed": true
              },
              "local_ip": {
                "type": "string",
                "description": "Local endpoint IP address.",
                "description_kind": "plain",
                "optional": true
              },
              "name": {
                "type": "string",
                "description_kind": "plain",
                "required": true
              },
              "namespace": {
                "type": "string",
                "description_kind": "plain",
                "required": true
              },
              "remote_ip": {
                "type": "string",
                "description": "Remote endpoint IP address.",
                "description_kind": "plain",
                "required": true
              },
              "tunnel_type": {
                "type": "string",
                "description": "Type of tunnel (IPSEC, GRE, VXLAN).",
                "description_kind": "plain",
                "required": true
              }
            },
            "description": "\nThe `f5_distributed_cloud_tunnel` resource manages Tunnels in F5 Distributed Cloud.\n\nTunnels provide secure connectivity between sites.\n\n## Example Usage\n\n```hcl\nresource \"f5_distributed_cloud_tunnel\" \"example\" {\n  name            = \"site-tunnel\"\n  namespace       = \"my-namespace\"\n  tunnel_type     = \"IPSEC\"\n  remote_ip       = \"203.0.113.1\"\n  local_ip        = \"192.0.2.1\"\n  encryption_type = \"AES256\"\n}\n```\n",
            "description_kind": "markdown"
          }
        },
        "f5_distributed_cloud_udp_loadbalancer": {
          "version": 0,
          "block": {
            "attributes": {
              "description": {
                "type": "string",
                "description_kind": "plain",
                "optional": true
              },
              "id": {
                "type": "string",
                "description_kind": "plain",
                "computed": true
              },
              "name": {
                "type": "string",
                "description_kind": "plain",
                "required": true
              },
              "namespace": {
                "type": "string",
                "description_kind": "plain",
                "required": true
              },
              "port": {
                "type": "number",
                "description": "UDP port for load balancing.",
                "description_kind": "plain",
                "required": true
              }
            },
            "description": "\nThe `f5_distributed_cloud_udp_loadbalancer` resource manages UDP Load Balancers in F5 Distributed Cloud.\n\nUDP Load Balancers provide load balancing for UDP-based applications.\n\n## Example Usage\n\n```hcl\nresource \"f5_distributed_cloud_udp_loadbalancer\" \"example\" {\n  name        = \"my-udp-lb\"\n  namespace   = \"system\"\n  description = \"UDP load balancer for DNS traffic\"\n  port        = 53\n}\n```\n",
            "description_kind": "markdown"
          }
        },
        "f5_distributed_cloud_user": {
          "version": 0,
          "block": {
            "attributes": {
              "email": {
                "type": "string",
                "description": "Email address of the user.",
                "description_kind": "plain",
                "required": true
              },
              "first_name": {
                "type": "string",
                "description": "First name of the user.",
                "description_kind": "plain",
                "optional": true
              },
              "id": {
                "type": "string",
                "description_kind": "plain",
                "computed": true
              },
              "last_name": {
                "type": "string",
                "description": "Last name of the user.",
                "description_kind": "plain",
                "optional": true
              },
              "name": {
                "type": "string",
                "description_kind": "plain",
                "required": true
              },
              "namespace": {
                "type": "string",
                "description_kind": "plain",
                "required": true
              },
              "type": {
                "type": "string",
                "description": "Type of user (USER, SERVICE_CREDENTIAL).",
                "description_kind": "plain",
                "optional": true
              }
            },
            "block_types": {
              "roles": {
                "nesting_mode": "list",
                "block": {
                  "attributes": {
                    "name": {
                      "type": "string",
                      "description": "Name of the role.",
                      "description_kind": "plain",
                      "required": true
                    },
                    "namespace": {
                      "type": "string",
                      "description": "Namespace of the role.",
                      "description_kind": "plain",
                      "required": true
                    }
                  },
                  "description": "List of roles assigned to the user.",
                  "description_kind": "plain"
                }
              }
            },
            "description": "\nThe `f5_distributed_cloud_user` resource manages Users in F5 Distributed Cloud.\n\nUsers represent individuals who can access the F5 Distributed Cloud console and API.\n\n## Example Usage\n\n```hcl\nresource \"f5_distributed_cloud_user\" \"example\" {\n  name       = \"john-doe\"\n  namespace  = \"system\"\n  email      = \"john.doe@example.com\"\n  first_name = \"John\"\n  last_name  = \"Doe\"\n  type       = \"USER\"\n\n  roles {\n    name      = \"admin-role\"\n    namespace = \"system\"\n  }\n}\n```\n",
            "description_kind": "markdown"
          }
        },
        "f5_distributed_cloud_user_group": {
          "version": 0,
          "block": {
            "attributes": {
              "description": {
                "type": "string",
                "description": "Description of the User Group.",
                "description_kind": "plain",
                "optional": true
              },
              "id": {
                "type": "string",
                "description": "Unique identifier for the User Group.",
                "description_kind": "plain",
                "computed": true
              },
              "name": {
                "type": "string",
                "description": "Name of the User Group.",
                "description_kind": "plain",
                "required": true
              },
              "namespace": {
                "type": "string",
                "description": "Namespace where the User Group is created.",
                "description_kind": "plain",
                "required": true
              }
            },
            "description": "\nThe `f5_distributed_cloud_user_group` resource manages User Groups in F5 Distributed Cloud.\n\nUser Groups organize users for access control, allowing you to assign permissions\nand policies to groups of users rather than individual users.\n\n## Example Usage\n\n```hcl\nresource \"f5_distributed_cloud_user_group\" \"example\" {\n  name        = \"my-user-group\"\n  namespace   = \"system\"\n  description = \"User group for administrators\"\n}\n```\n\n## Import\n\nUser Groups can be imported using namespace/name:\n\n```shell\nterraform import f5_distributed_cloud_user_group.example system/my-user-group\n```\n",
            "description_kind": "markdown"
          }
        },
        "f5_distributed_cloud_user_identification": {
          "version": 0,
          "block": {
            "attributes": {
              "description": {
                "type": "string",
                "description": "Description of the User Identification.",
                "description_kind": "plain",
                "optional": true
              },
              "id": {
                "type": "string",
                "description": "Unique identifier for the User Identification.",
                "description_kind": "plain",
                "computed": true
              },
              "name": {
                "type": "string",
                "description": "Name of the User Identification.",
                "description_kind": "plain",
                "required": true
              },
              "namespace": {
                "type": "string",
                "description": "Namespace where the User Identification is created.",
                "description_kind": "plain",
                "required": true
              }
            },
            "description": "\nThe `f5_distributed_cloud_user_identification` resource manages User Identifications in F5 Distributed Cloud.\n\nUser Identifications define how users are identified for tracking and security purposes.\n\n## Example Usage\n\n```hcl\nresource \"f5_distributed_cloud_user_identification\" \"example\" {\n  name        = \"my-user-identification\"\n  namespace   = \"my-namespace\"\n  description = \"Example User Identification\"\n}\n```\n\n## Import\n\nUser Identifications can be imported using namespace/name:\n\n```shell\nterraform import f5_distributed_cloud_user_identification.example my-namespace/my-user-identification\n```\n",
            "description_kind": "markdown"
          }
        },
        "f5_distributed_cloud_virtual_host": {
          "version": 0,
          "block": {
            "attributes": {
              "description": {
                "type": "string",
                "description_kind": "plain",
                "optional": true
              },
              "domains": {
                "type": [
                  "list",
                  "string"
                ],
                "description": "List of domains for this virtual host.",
                "description_kind": "plain",
                "optional": true
              },
              "id": {
                "type": "string",
                "description_kind": "plain",
                "computed": true
              },
              "name": {
                "type": "string",
                "description_kind": "plain",
                "required": true
              },
              "namespace": {
                "type": "string",
                "description_kind": "plain",
                "required": true
              }
            },
            "description": "\nThe `f5_distributed_cloud_virtual_host` resource manages Virtual Hosts in F5 Distributed Cloud.\n\nVirtual Hosts define HTTP routing configurations for domain-based traffic.\n\n## Example Usage\n\n```hcl\nresource \"f5_distributed_cloud_virtual_host\" \"example\" {\n  name        = \"my-vhost\"\n  namespace   = \"system\"\n  description = \"Virtual host for web application\"\n  domains     = [\"app.example.com\", \"www.example.com\"]\n}\n```\n",
            "description_kind": "markdown"
          }
        },
        "f5_distributed_cloud_virtual_k8s": {
          "version": 0,
          "block": {
            "attributes": {
              "description": {
                "type": "string",
                "description_kind": "plain",
                "optional": true
              },
              "id": {
                "type": "string",
                "description_kind": "plain",
                "computed": true
              },
              "name": {
                "type": "string",
                "description_kind": "plain",
                "required": true
              },
              "namespace": {
                "type": "string",
                "description_kind": "plain",
                "required": true
              }
            },
            "description": "\nThe `f5_distributed_cloud_virtual_k8s` resource manages Virtual Kubernetes clusters in F5 Distributed Cloud.\n\nVirtual Kubernetes provides managed Kubernetes namespaces across distributed sites.\n\n## Example Usage\n\n```hcl\nresource \"f5_distributed_cloud_virtual_k8s\" \"example\" {\n  name        = \"my-vk8s\"\n  namespace   = \"system\"\n  description = \"Virtual Kubernetes for application workloads\"\n}\n```\n",
            "description_kind": "markdown"
          }
        },
        "f5_distributed_cloud_virtual_network": {
          "version": 0,
          "block": {
            "attributes": {
              "description": {
                "type": "string",
                "description_kind": "plain",
                "optional": true
              },
              "id": {
                "type": "string",
                "description_kind": "plain",
                "computed": true
              },
              "name": {
                "type": "string",
                "description_kind": "plain",
                "required": true
              },
              "namespace": {
                "type": "string",
                "description_kind": "plain",
                "required": true
              }
            },
            "description": "\nThe `f5_distributed_cloud_virtual_network` resource manages Virtual Networks in F5 Distributed Cloud.\n\nVirtual Networks provide isolated network environments for workloads.\n\n## Example Usage\n\n```hcl\nresource \"f5_distributed_cloud_virtual_network\" \"example\" {\n  name        = \"my-vnet\"\n  namespace   = \"system\"\n  description = \"Virtual network for application isolation\"\n}\n```\n",
            "description_kind": "markdown"
          }
        },
        "f5_distributed_cloud_virtual_site": {
          "version": 0,
          "block": {
            "attributes": {
              "description": {
                "type": "string",
                "description": "Description of the Virtual Site.",
                "description_kind": "plain",
                "optional": true
              },
              "id": {
                "type": "string",
                "description": "Unique identifier for the Virtual Site.",
                "description_kind": "plain",
                "computed": true
              },
              "name": {
                "type": "string",
                "description": "Name of the Virtual Site.",
                "description_kind": "plain",
                "required": true
              },
              "namespace": {
                "type": "string",
                "description": "Namespace where the Virtual Site is created.",
                "description_kind": "plain",
                "required": true
              },
              "site_type": {
                "type": "string",
                "description": "Type of sites to include: 'REGIONAL_EDGE', 'CUSTOMER_EDGE'.",
                "description_kind": "plain",
                "required": true
              }
            },
            "block_types": {
              "site_selector": {
                "nesting_mode": "single",
                "block": {
                  "attributes": {
                    "expressions": {
                      "type": [
                        "list",
                        "string"
                      ],
                      "description": "List of label selector expressions.",
                      "description_kind": "plain",
                      "required": true
                    }
                  },
                  "description": "Selector for matching sites to include in the virtual site.",
                  "description_kind": "plain"
                }
              }
            },
            "description": "\nThe `f5_distributed_cloud_virtual_site` resource manages Virtual Sites in F5 Distributed Cloud.\n\nVirtual Sites are logical groupings of physical sites that allow you to apply\nconfigurations and policies to multiple sites as a single entity.\n\n## Example Usage\n\n```hcl\nresource \"f5_distributed_cloud_virtual_site\" \"example\" {\n  name        = \"my-virtual-site\"\n  namespace   = \"shared\"\n  description = \"Virtual site for production\"\n\n  site_type = \"REGIONAL_EDGE\"\n\n  site_selector {\n    expressions = [\"site.region == 'us-east'\"]\n  }\n}\n```\n\n## Import\n\nVirtual Sites can be imported using namespace/name:\n\n```shell\nterraform import f5_distributed_cloud_virtual_site.example shared/my-virtual-site\n```\n",
            "description_kind": "markdown"
          }
        },
        "f5_distributed_cloud_voltstack_site": {
          "version": 0,
          "block": {
            "attributes": {
              "description": {
                "type": "string",
                "description_kind": "plain",
                "optional": true
              },
              "id": {
                "type": "string",
                "description_kind": "plain",
                "computed": true
              },
              "master_nodes": {
                "type": "number",
                "description": "Number of master nodes.",
                "description_kind": "plain",
                "required": true
              },
              "name": {
                "type": "string",
                "description_kind": "plain",
                "required": true
              },
              "namespace": {
                "type": "string",
                "description_kind": "plain",
                "required": true
              },
              "site_type": {
                "type": "string",
                "description": "Type of Voltstack site.",
                "description_kind": "plain",
                "required": true
              },
              "volterra_region": {
                "type": "string",
                "description": "Volterra region for the site.",
                "description_kind": "plain",
                "optional": true
              },
              "worker_nodes": {
                "type": "number",
                "description": "Number of worker nodes.",
                "description_kind": "plain",
                "optional": true
              }
            },
            "description": "\nThe `f5_distributed_cloud_voltstack_site` resource manages Voltstack Sites in F5 Distributed Cloud.\n\nVoltstack Sites are F5-managed compute infrastructure deployed at the edge.\n\n## Example Usage\n\n```hcl\nresource \"f5_distributed_cloud_voltstack_site\" \"example\" {\n  name           = \"edge-site-1\"\n  namespace      = \"system\"\n  master_nodes   = 3\n  worker_nodes   = 2\n  site_type      = \"REGIONAL_EDGE\"\n  volterra_region = \"ves-io-us-west-2\"\n}\n```\n",
            "description_kind": "markdown"
          }
        },
        "f5_distributed_cloud_waf": {
          "version": 0,
          "block": {
            "attributes": {
              "description": {
                "type": "string",
                "description": "Description of the WAF.",
                "description_kind": "plain",
                "optional": true
              },
              "id": {
                "type": "string",
                "description": "Unique identifier for the WAF.",
                "description_kind": "plain",
                "computed": true
              },
              "name": {
                "type": "string",
                "description": "Name of the WAF.",
                "description_kind": "plain",
                "required": true
              },
              "namespace": {
                "type": "string",
                "description": "Namespace where the WAF is created.",
                "description_kind": "plain",
                "required": true
              }
            },
            "description": "Manages an F5 Distributed Cloud WAF. WAF provides web application firewall protection.",
            "description_kind": "plain"
          }
        },
        "f5_distributed_cloud_waf_exclusion_policy": {
          "version": 0,
          "block": {
            "attributes": {
              "description": {
                "type": "string",
                "description": "A description of the WAF Exclusion Policy.",
                "description_kind": "plain",
                "optional": true
              },
              "id": {
                "type": "string",
                "description": "The unique identifier of the WAF Exclusion Policy.",
                "description_kind": "plain",
                "computed": true
              },
              "name": {
                "type": "string",
                "description": "The name of the WAF Exclusion Policy.",
                "description_kind": "plain",
                "required": true
              },
              "namespace": {
                "type": "string",
                "description": "The namespace in which to create the WAF Exclusion Policy.",
                "description_kind": "plain",
                "required": true
              }
            },
            "description": "Manages an F5 Distributed Cloud WAF Exclusion Policy. WAF Exclusion Policies define exceptions to WAF rules.",
            "description_kind": "plain"
          }
        },
        "f5_distributed_cloud_waf_rule": {
          "version": 0,
          "block": {
            "attributes": {
              "action": {
                "type": "string",
                "description": "Action to take (BLOCK, ALLOW, LOG).",
                "description_kind": "plain",
                "required": true
              },
              "description": {
                "type": "string",
                "description_kind": "plain",
                "optional": true
              },
              "id": {
                "type": "string",
                "description_kind": "plain",
                "computed": true
              },
              "mode": {
                "type": "string",
                "description": "WAF rule mode (BLOCKING, MONITORING).",
                "description_kind": "plain",
                "required": true
              },
              "name": {
                "type": "string",
                "description_kind": "plain",
                "required": true
              },
              "namespace": {
                "type": "string",
                "description_kind": "plain",
                "required": true
              },
              "rule_id": {
                "type": "string",
                "description": "WAF rule identifier.",
                "description_kind": "plain",
                "optional": true
              }
            },
            "description": "\nThe `f5_distributed_cloud_waf_rule` resource manages WAF Rules in F5 Distributed Cloud.\n\nWAF Rules define custom Web Application Firewall rules for security policies.\n\n## Example Usage\n\n```hcl\nresource \"f5_distributed_cloud_waf_rule\" \"example\" {\n  name      = \"custom-waf-rule\"\n  namespace = \"my-namespace\"\n  mode      = \"BLOCKING\"\n  rule_id   = \"942100\"\n  action    = \"BLOCK\"\n}\n```\n",
            "description_kind": "markdown"
          }
        },
        "f5_distributed_cloud_workload": {
          "version": 0,
          "block": {
            "attributes": {
              "description": {
                "type": "string",
                "description": "Description of the Workload.",
                "description_kind": "plain",
                "optional": true
              },
              "id": {
                "type": "string",
                "description": "Unique identifier for the Workload.",
                "description_kind": "plain",
                "computed": true
              },
              "name": {
                "type": "string",
                "description": "Name of the Workload. Must be unique within the namespace and follow F5 XC naming conventions.",
                "description_kind": "plain",
                "required": true
              },
              "namespace": {
                "type": "string",
                "description": "Namespace where the Workload is created.",
                "description_kind": "plain",
                "required": true
              }
            },
            "description": "\nThe `f5_distributed_cloud_workload` resource manages Workloads in F5 Distributed Cloud.\n\nWorkloads represent application deployments that can be managed and monitored\nwithin the F5 Distributed Cloud platform.\n\n## Example Usage\n\n```hcl\nresource \"f5_distributed_cloud_workload\" \"example\" {\n  name        = \"my-workload\"\n  namespace   = \"my-namespace\"\n  description = \"Example workload for my application\"\n}\n```\n\n## Import\n\nWorkloads can be imported using namespace/name:\n\n```shell\nterraform import f5_distributed_cloud_workload.example my-namespace/my-workload\n```\n",
            "description_kind": "markdown"
          }
        }
      },
      "data_source_schemas": {
        "f5_distributed_cloud_active_service_policies": {
          "version": 0,
          "block": {
            "attributes": {
              "description": {
                "type": "string",
                "description": "Description of the active service policies.",
                "description_kind": "plain",
                "computed": true
              },
              "enabled": {
                "type": "bool",
                "description": "Whether the active service policies is enabled.",
                "description_kind": "plain",
                "computed": true
              },
              "id": {
                "type": "string",
                "description": "Unique identifier of the active service policies.",
                "description_kind": "plain",
                "computed": true
              },
              "name": {
                "type": "string",
                "description": "Name of the active service policies to look up.",
                "description_kind": "plain",
                "required": true
              },
              "namespace": {
                "type": "string",
                "description": "Namespace where the active service policies is located.",
                "description_kind": "plain",
                "required": true
              }
            },
            "description": "\nThe `f5_distributed_cloud_active_service_policies` data source retrieves information about active service policies.\n\n## Example Usage\n\n```hcl\ndata \"f5_distributed_cloud_active_service_policies\" \"example\" {\n  name      = \"my-active-policies\"\n  namespace = \"my-namespace\"\n}\n\noutput \"enabled\" {\n  value = data.f5_distributed_cloud_active_service_policies.example.enabled\n}\n```\n",
            "description_kind": "markdown"
          }
        },
        "f5_distributed_cloud_alert_policy": {
          "version": 0,
          "block": {
            "attributes": {
              "description": {
                "type": "string",
                "description": "Description of the alert policy.",
                "description_kind": "plain",
                "computed": true
              },
              "enabled": {
                "type": "bool",
                "description": "Whether the alert policy is enabled.",
                "description_kind": "plain",
                "computed": true
              },
              "id": {
                "type": "string",
                "description": "Unique identifier of the alert policy.",
                "description_kind": "plain",
                "computed": true
              },
              "name": {
                "type": "string",
                "description": "Name of the alert policy to look up.",
                "description_kind": "plain",
                "required": true
              },
              "namespace": {
                "type": "string",
                "description": "Namespace where the alert policy is located.",
                "description_kind": "plain",
                "required": true
              }
            },
            "description": "\nThe `f5_distributed_cloud_alert_policy` data source retrieves information about an existing alert policy.\n\n## Example Usage\n\n```hcl\ndata \"f5_distributed_cloud_alert_policy\" \"example\" {\n  name      = \"my-alert-policy\"\n  namespace = \"my-namespace\"\n}\n\noutput \"enabled\" {\n  value = data.f5_distributed_cloud_alert_policy.example.enabled\n}\n```\n",
            "description_kind": "markdown"
          }
        },
        "f5_distributed_cloud_api_credential": {
          "version": 0,
          "block": {
            "attributes": {
              "credential_type": {
                "type": "string",
                "description": "Type of the API credential.",
                "description_kind": "plain",
                "computed": true
              },
              "description": {
                "type": "string",
                "description": "Description of the API credential.",
                "description_kind": "plain",
                "computed": true
              },
              "id": {
                "type": "string",
                "description": "Unique identifier of the API credential.",
                "description_kind": "plain",
                "computed": true
              },
              "name": {
                "type": "string",
                "description": "Name of the API credential to look up.",
                "description_kind": "plain",
                "required": true
              },
              "namespace": {
                "type": "string",
                "description": "Namespace where the API credential is located.",
                "description_kind": "plain",
                "required": true
              }
            },
            "description": "\nThe `f5_distributed_cloud_api_credential` data source retrieves information about an existing API credential.\n\n## Example Usage\n\n```hcl\ndata \"f5_distributed_cloud_api_credential\" \"example\" {\n  name      = \"my-api-credential\"\n  namespace = \"system\"\n}\n\noutput \"credential_type\" {\n  value = data.f5_distributed_cloud_api_credential.example.credential_type\n}\n```\n",
            "description_kind": "markdown"
          }
        },
        "f5_distributed_cloud_api_definition": {
          "version": 0,
          "block": {
            "attributes": {
              "description": {
                "type": "string",
                "description": "Description of the API definition.",
                "description_kind": "plain",
                "computed": true
              },
              "id": {
                "type": "string",
                "description": "Unique identifier of the API definition.",
                "description_kind": "plain",
                "computed": true
              },
              "name": {
                "type": "string",
                "description": "Name of the API definition to look up.",
                "description_kind": "plain",
                "required": true
              },
              "namespace": {
                "type": "string",
                "description": "Namespace where the API definition is located.",
                "description_kind": "plain",
                "required": true
              },
              "swagger_url": {
                "type": "string",
                "description": "Swagger/OpenAPI specification URL.",
                "description_kind": "plain",
                "computed": true
              }
            },
            "description": "\nThe `f5_distributed_cloud_api_definition` data source retrieves information about an existing API definition.\n\n## Example Usage\n\n```hcl\ndata \"f5_distributed_cloud_api_definition\" \"example\" {\n  name      = \"my-api-definition\"\n  namespace = \"my-namespace\"\n}\n\noutput \"swagger_url\" {\n  value = data.f5_distributed_cloud_api_definition.example.swagger_url\n}\n```\n",
            "description_kind": "markdown"
          }
        },
        "f5_distributed_cloud_api_group": {
          "version": 0,
          "block": {
            "attributes": {
              "description": {
                "type": "string",
                "description": "Description of the API group.",
                "description_kind": "plain",
                "computed": true
              },
              "id": {
                "type": "string",
                "description": "Unique identifier of the API group.",
                "description_kind": "plain",
                "computed": true
              },
              "name": {
                "type": "string",
                "description": "Name of the API group to look up.",
                "description_kind": "plain",
                "required": true
              },
              "namespace": {
                "type": "string",
                "description": "Namespace where the API group exists.",
                "description_kind": "plain",
                "required": true
              }
            },
            "description": "Fetches information about an existing F5 Distributed Cloud API Group.",
            "description_kind": "plain"
          }
        },
        "f5_distributed_cloud_app_firewall": {
          "version": 0,
          "block": {
            "attributes": {
              "description": {
                "type": "string",
                "description": "Description of the Application Firewall.",
                "description_kind": "plain",
                "computed": true
              },
              "id": {
                "type": "string",
                "description": "Unique identifier of the Application Firewall.",
                "description_kind": "plain",
                "computed": true
              },
              "mode": {
                "type": "string",
                "description": "Mode of the Application Firewall (e.g., BLOCK, DETECT).",
                "description_kind": "plain",
                "computed": true
              },
              "name": {
                "type": "string",
                "description": "Name of the Application Firewall to look up.",
                "description_kind": "plain",
                "required": true
              },
              "namespace": {
                "type": "string",
                "description": "Namespace of the Application Firewall.",
                "description_kind": "plain",
                "required": true
              }
            },
            "description": "\nThe `f5_distributed_cloud_app_firewall` data source retrieves information about an existing Application Firewall.\n\n## Example Usage\n\n```hcl\ndata \"f5_distributed_cloud_app_firewall\" \"example\" {\n  name      = \"my-waf\"\n  namespace = \"my-namespace\"\n}\n\noutput \"waf_mode\" {\n  value = data.f5_distributed_cloud_app_firewall.example.mode\n}\n```\n",
            "description_kind": "markdown"
          }
        },
        "f5_distributed_cloud_app_type": {
          "version": 0,
          "block": {
            "attributes": {
              "app_type": {
                "type": "string",
                "description": "Type of the application.",
                "description_kind": "plain",
                "computed": true
              },
              "description": {
                "type": "string",
                "description": "Description of the app type.",
                "description_kind": "plain",
                "computed": true
              },
              "id": {
                "type": "string",
                "description": "Unique identifier of the app type.",
                "description_kind": "plain",
                "computed": true
              },
              "name": {
                "type": "string",
                "description": "Name of the app type to look up.",
                "description_kind": "plain",
                "required": true
              },
              "namespace": {
                "type": "string",
                "description": "Namespace where the app type is located.",
                "description_kind": "plain",
                "required": true
              }
            },
            "description": "\nThe `f5_distributed_cloud_app_type` data source retrieves information about an existing app type.\n\n## Example Usage\n\n```hcl\ndata \"f5_distributed_cloud_app_type\" \"example\" {\n  name      = \"my-app-type\"\n  namespace = \"shared\"\n}\n\noutput \"app_type\" {\n  value = data.f5_distributed_cloud_app_type.example.app_type\n}\n```\n",
            "description_kind": "markdown"
          }
        },
        "f5_distributed_cloud_authentication": {
          "version": 0,
          "block": {
            "attributes": {
              "description": {
                "type": "string",
                "description": "Description of the authentication.",
                "description_kind": "plain",
                "computed": true
              },
              "id": {
                "type": "string",
                "description": "Unique identifier of the authentication.",
                "description_kind": "plain",
                "computed": true
              },
              "name": {
                "type": "string",
                "description": "Name of the authentication to look up.",
                "description_kind": "plain",
                "required": true
              },
              "namespace": {
                "type": "string",
                "description": "Namespace where the authentication exists.",
                "description_kind": "plain",
                "required": true
              }
            },
            "description": "Fetches information about an existing F5 Distributed Cloud Authentication configuration.",
            "description_kind": "plain"
          }
        },
        "f5_distributed_cloud_aws_vpc_site": {
          "version": 0,
          "block": {
            "attributes": {
              "aws_region": {
                "type": "string",
                "description": "AWS region where the site is deployed.",
                "description_kind": "plain",
                "computed": true
              },
              "description": {
                "type": "string",
                "description": "Description of the AWS VPC site.",
                "description_kind": "plain",
                "computed": true
              },
              "id": {
                "type": "string",
                "description": "Unique identifier of the AWS VPC site.",
                "description_kind": "plain",
                "computed": true
              },
              "name": {
                "type": "string",
                "description": "Name of the AWS VPC site to look up.",
                "description_kind": "plain",
                "required": true
              },
              "namespace": {
                "type": "string",
                "description": "Namespace where the AWS VPC site is located.",
                "description_kind": "plain",
                "required": true
              },
              "site_state": {
                "type": "string",
                "description": "State of the site (ONLINE, OFFLINE, etc.).",
                "description_kind": "plain",
                "computed": true
              }
            },
            "description": "\nThe `f5_distributed_cloud_aws_vpc_site` data source retrieves information about an existing AWS VPC site.\n\n## Example Usage\n\n```hcl\ndata \"f5_distributed_cloud_aws_vpc_site\" \"example\" {\n  name      = \"my-aws-site\"\n  namespace = \"system\"\n}\n\noutput \"site_state\" {\n  value = data.f5_distributed_cloud_aws_vpc_site.example.site_state\n}\n```\n",
            "description_kind": "markdown"
          }
        },
        "f5_distributed_cloud_azure_vnet_site": {
          "version": 0,
          "block": {
            "attributes": {
              "azure_region": {
                "type": "string",
                "description": "Azure region where the site is deployed.",
                "description_kind": "plain",
                "computed": true
              },
              "description": {
                "type": "string",
                "description": "Description of the Azure VNET site.",
                "description_kind": "plain",
                "computed": true
              },
              "id": {
                "type": "string",
                "description": "Unique identifier of the Azure VNET site.",
                "description_kind": "plain",
                "computed": true
              },
              "name": {
                "type": "string",
                "description": "Name of the Azure VNET site to look up.",
                "description_kind": "plain",
                "required": true
              },
              "namespace": {
                "type": "string",
                "description": "Namespace where the Azure VNET site is located.",
                "description_kind": "plain",
                "required": true
              },
              "site_state": {
                "type": "string",
                "description": "State of the site (ONLINE, OFFLINE, etc.).",
                "description_kind": "plain",
                "computed": true
              }
            },
            "description": "\nThe `f5_distributed_cloud_azure_vnet_site` data source retrieves information about an existing Azure VNET site.\n\n## Example Usage\n\n```hcl\ndata \"f5_distributed_cloud_azure_vnet_site\" \"example\" {\n  name      = \"my-azure-site\"\n  namespace = \"system\"\n}\n\noutput \"site_state\" {\n  value = data.f5_distributed_cloud_azure_vnet_site.example.site_state\n}\n```\n",
            "description_kind": "markdown"
          }
        },
        "f5_distributed_cloud_certificate": {
          "version": 0,
          "block": {
            "attributes": {
              "cert_type": {
                "type": "string",
                "description": "Type of certificate (TLS, MTLS).",
                "description_kind": "plain",
                "computed": true
              },
              "description": {
                "type": "string",
                "description": "Description of the certificate.",
                "description_kind": "plain",
                "computed": true
              },
              "id": {
                "type": "string",
                "description": "Unique identifier of the certificate.",
                "description_kind": "plain",
                "computed": true
              },
              "name": {
                "type": "string",
                "description": "Name of the certificate to look up.",
                "description_kind": "plain",
                "required": true
              },
              "namespace": {
                "type": "string",
                "description": "Namespace where the certificate is located.",
                "description_kind": "plain",
                "required": true
              }
            },
            "description": "\nThe `f5_distributed_cloud_certificate` data source retrieves information about an existing certificate.\n\n## Example Usage\n\n```hcl\ndata \"f5_distributed_cloud_certificate\" \"example\" {\n  name      = \"my-certificate\"\n  namespace = \"my-namespace\"\n}\n\noutput \"cert_type\" {\n  value = data.f5_distributed_cloud_certificate.example.cert_type\n}\n```\n",
            "description_kind": "markdown"
          }
        },
        "f5_distributed_cloud_client_connection_limit": {
          "version": 0,
          "block": {
            "attributes": {
              "description": {
                "type": "string",
                "description": "Description of the client connection limit.",
                "description_kind": "plain",
                "computed": true
              },
              "enabled": {
                "type": "bool",
                "description": "Whether the client connection limit is enabled.",
                "description_kind": "plain",
                "computed": true
              },
              "id": {
                "type": "string",
                "description": "Unique identifier of the client connection limit.",
                "description_kind": "plain",
                "computed": true
              },
              "name": {
                "type": "string",
                "description": "Name of the client connection limit to look up.",
                "description_kind": "plain",
                "required": true
              },
              "namespace": {
                "type": "string",
                "description": "Namespace where the client connection limit is located.",
                "description_kind": "plain",
                "required": true
              }
            },
            "description": "\nThe `f5_distributed_cloud_client_connection_limit` data source retrieves information about an existing client connection limit.\n\n## Example Usage\n\n```hcl\ndata \"f5_distributed_cloud_client_connection_limit\" \"example\" {\n  name      = \"my-connection-limit\"\n  namespace = \"my-namespace\"\n}\n\noutput \"enabled\" {\n  value = data.f5_distributed_cloud_client_connection_limit.example.enabled\n}\n```\n",
            "description_kind": "markdown"
          }
        },
        "f5_distributed_cloud_cloud_credentials": {
          "version": 0,
          "block": {
            "attributes": {
              "cloud_type": {
                "type": "string",
                "description": "Type of cloud provider (aws, azure, gcp).",
                "description_kind": "plain",
                "computed": true
              },
              "description": {
                "type": "string",
                "description": "Description of the cloud credentials.",
                "description_kind": "plain",
                "computed": true
              },
              "id": {
                "type": "string",
                "description": "Unique identifier of the cloud credentials.",
                "description_kind": "plain",
                "computed": true
              },
              "name": {
                "type": "string",
                "description": "Name of the cloud credentials to look up.",
                "description_kind": "plain",
                "required": true
              },
              "namespace": {
                "type": "string",
                "description": "Namespace where the cloud credentials are located (typically 'system').",
                "description_kind": "plain",
                "required": true
              }
            },
            "description": "\nThe `f5_distributed_cloud_cloud_credentials` data source retrieves information about existing cloud credentials.\n\n## Example Usage\n\n```hcl\ndata \"f5_distributed_cloud_cloud_credentials\" \"example\" {\n  name      = \"my-aws-creds\"\n  namespace = \"system\"\n}\n\noutput \"cloud_type\" {\n  value = data.f5_distributed_cloud_cloud_credentials.example.cloud_type\n}\n```\n",
            "description_kind": "markdown"
          }
        },
        "f5_distributed_cloud_cloud_site": {
          "version": 0,
          "block": {
            "attributes": {
              "description": {
                "type": "string",
                "description": "Description of the cloud site.",
                "description_kind": "plain",
                "computed": true
              },
              "id": {
                "type": "string",
                "description": "Unique identifier of the cloud site.",
                "description_kind": "plain",
                "computed": true
              },
              "name": {
                "type": "string",
                "description": "Name of the cloud site to look up.",
                "description_kind": "plain",
                "required": true
              },
              "namespace": {
                "type": "string",
                "description": "Namespace where the cloud site is located.",
                "description_kind": "plain",
                "required": true
              },
              "site_state": {
                "type": "string",
                "description": "State of the site (ONLINE, OFFLINE, etc.).",
                "description_kind": "plain",
                "computed": true
              }
            },
            "description": "\nThe `f5_distributed_cloud_cloud_site` data source retrieves information about an existing cloud site.\n\n## Example Usage\n\n```hcl\ndata \"f5_distributed_cloud_cloud_site\" \"example\" {\n  name      = \"my-cloud-site\"\n  namespace = \"system\"\n}\n\noutput \"site_state\" {\n  value = data.f5_distributed_cloud_cloud_site.example.site_state\n}\n```\n",
            "description_kind": "markdown"
          }
        },
        "f5_distributed_cloud_discovery": {
          "version": 0,
          "block": {
            "attributes": {
              "description": {
                "type": "string",
                "description": "Description of the discovery.",
                "description_kind": "plain",
                "computed": true
              },
              "discovery_type": {
                "type": "string",
                "description": "Type of discovery.",
                "description_kind": "plain",
                "computed": true
              },
              "id": {
                "type": "string",
                "description": "Unique identifier of the discovery.",
                "description_kind": "plain",
                "computed": true
              },
              "name": {
                "type": "string",
                "description": "Name of the discovery to look up.",
                "description_kind": "plain",
                "required": true
              },
              "namespace": {
                "type": "string",
                "description": "Namespace where the discovery is located.",
                "description_kind": "plain",
                "required": true
              }
            },
            "description": "\nThe `f5_distributed_cloud_discovery` data source retrieves information about an existing discovery configuration.\n\n## Example Usage\n\n```hcl\ndata \"f5_distributed_cloud_discovery\" \"example\" {\n  name      = \"my-discovery\"\n  namespace = \"my-namespace\"\n}\n\noutput \"discovery_type\" {\n  value = data.f5_distributed_cloud_discovery.example.discovery_type\n}\n```\n",
            "description_kind": "markdown"
          }
        },
        "f5_distributed_cloud_dns_lb_pool": {
          "version": 0,
          "block": {
            "attributes": {
              "description": {
                "type": "string",
                "description": "Description of the DNS LB pool.",
                "description_kind": "plain",
                "computed": true
              },
              "id": {
                "type": "string",
                "description": "Unique identifier of the DNS LB pool.",
                "description_kind": "plain",
                "computed": true
              },
              "name": {
                "type": "string",
                "description": "Name of the DNS LB pool to look up.",
                "description_kind": "plain",
                "required": true
              },
              "namespace": {
                "type": "string",
                "description": "Namespace where the DNS LB pool is located.",
                "description_kind": "plain",
                "required": true
              },
              "pool_type": {
                "type": "string",
                "description": "Type of the DNS LB pool.",
                "description_kind": "plain",
                "computed": true
              }
            },
            "description": "\nThe `f5_distributed_cloud_dns_lb_pool` data source retrieves information about an existing DNS load balancer pool.\n\n## Example Usage\n\n```hcl\ndata \"f5_distributed_cloud_dns_lb_pool\" \"example\" {\n  name      = \"my-dns-lb-pool\"\n  namespace = \"my-namespace\"\n}\n\noutput \"pool_type\" {\n  value = data.f5_distributed_cloud_dns_lb_pool.example.pool_type\n}\n```\n",
            "description_kind": "markdown"
          }
        },
        "f5_distributed_cloud_dns_zone": {
          "version": 0,
          "block": {
            "attributes": {
              "description": {
                "type": "string",
                "description": "Description of the DNS zone.",
                "description_kind": "plain",
                "computed": true
              },
              "domain": {
                "type": "string",
                "description": "Domain name of the DNS zone.",
                "description_kind": "plain",
                "computed": true
              },
              "id": {
                "type": "string",
                "description": "Unique identifier of the DNS zone.",
                "description_kind": "plain",
                "computed": true
              },
              "name": {
                "type": "string",
                "description": "Name of the DNS zone to look up.",
                "description_kind": "plain",
                "required": true
              },
              "namespace": {
                "type": "string",
                "description": "Namespace where the DNS zone is located.",
                "description_kind": "plain",
                "required": true
              }
            },
            "description": "\nThe `f5_distributed_cloud_dns_zone` data source retrieves information about an existing DNS zone.\n\n## Example Usage\n\n```hcl\ndata \"f5_distributed_cloud_dns_zone\" \"example\" {\n  name      = \"my-dns-zone\"\n  namespace = \"my-namespace\"\n}\n\noutput \"domain\" {\n  value = data.f5_distributed_cloud_dns_zone.example.domain\n}\n```\n",
            "description_kind": "markdown"
          }
        },
        "f5_distributed_cloud_enhanced_firewall_policy": {
          "version": 0,
          "block": {
            "attributes": {
              "description": {
                "type": "string",
                "description": "Description of the enhanced firewall policy.",
                "description_kind": "plain",
                "computed": true
              },
              "enabled": {
                "type": "bool",
                "description": "Whether the enhanced firewall policy is enabled.",
                "description_kind": "plain",
                "computed": true
              },
              "id": {
                "type": "string",
                "description": "Unique identifier of the enhanced firewall policy.",
                "description_kind": "plain",
                "computed": true
              },
              "name": {
                "type": "string",
                "description": "Name of the enhanced firewall policy to look up.",
                "description_kind": "plain",
                "required": true
              },
              "namespace": {
                "type": "string",
                "description": "Namespace where the enhanced firewall policy is located.",
                "description_kind": "plain",
                "required": true
              }
            },
            "description": "\nThe `f5_distributed_cloud_enhanced_firewall_policy` data source retrieves information about an existing enhanced firewall policy.\n\n## Example Usage\n\n```hcl\ndata \"f5_distributed_cloud_enhanced_firewall_policy\" \"example\" {\n  name      = \"my-enhanced-firewall-policy\"\n  namespace = \"my-namespace\"\n}\n\noutput \"enabled\" {\n  value = data.f5_distributed_cloud_enhanced_firewall_policy.example.enabled\n}\n```\n",
            "description_kind": "markdown"
          }
        },
        "f5_distributed_cloud_forward_proxy_policy": {
          "version": 0,
          "block": {
            "attributes": {
              "description": {
                "type": "string",
                "description": "Description of the forward proxy policy.",
                "description_kind": "plain",
                "computed": true
              },
              "enabled": {
                "type": "bool",
                "description": "Whether the forward proxy policy is enabled.",
                "description_kind": "plain",
                "computed": true
              },
              "id": {
                "type": "string",
                "description": "Unique identifier of the forward proxy policy.",
                "description_kind": "plain",
                "computed": true
              },
              "name": {
                "type": "string",
                "description": "Name of the forward proxy policy to look up.",
                "description_kind": "plain",
                "required": true
              },
              "namespace": {
                "type": "string",
                "description": "Namespace where the forward proxy policy is located.",
                "description_kind": "plain",
                "required": true
              }
            },
            "description": "\nThe `f5_distributed_cloud_forward_proxy_policy` data source retrieves information about an existing forward proxy policy.\n\n## Example Usage\n\n```hcl\ndata \"f5_distributed_cloud_forward_proxy_policy\" \"example\" {\n  name      = \"my-forward-proxy-policy\"\n  namespace = \"my-namespace\"\n}\n\noutput \"enabled\" {\n  value = data.f5_distributed_cloud_forward_proxy_policy.example.enabled\n}\n```\n",
            "description_kind": "markdown"
          }
        },
        "f5_distributed_cloud_gcp_vpc_site": {
          "version": 0,
          "block": {
            "attributes": {
              "description": {
                "type": "string",
                "description": "Description of the GCP VPC site.",
                "description_kind": "plain",
                "computed": true
              },
              "gcp_region": {
                "type": "string",
                "description": "GCP region where the site is deployed.",
                "description_kind": "plain",
                "computed": true
              },
              "id": {
                "type": "string",
                "description": "Unique identifier of the GCP VPC site.",
                "description_kind": "plain",
                "computed": true
              },
              "name": {
                "type": "string",
                "description": "Name of the GCP VPC site to look up.",
                "description_kind": "plain",
                "required": true
              },
              "namespace": {
                "type": "string",
                "description": "Namespace where the GCP VPC site is located.",
                "description_kind": "plain",
                "required": true
              },
              "site_state": {
                "type": "string",
                "description": "State of the site (ONLINE, OFFLINE, etc.).",
                "description_kind": "plain",
                "computed": true
              }
            },
            "description": "\nThe `f5_distributed_cloud_gcp_vpc_site` data source retrieves information about an existing GCP VPC site.\n\n## Example Usage\n\n```hcl\ndata \"f5_distributed_cloud_gcp_vpc_site\" \"example\" {\n  name      = \"my-gcp-site\"\n  namespace = \"system\"\n}\n\noutput \"site_state\" {\n  value = data.f5_distributed_cloud_gcp_vpc_site.example.site_state\n}\n```\n",
            "description_kind": "markdown"
          }
        },
        "f5_distributed_cloud_global_log_receiver": {
          "version": 0,
          "block": {
            "attributes": {
              "description": {
                "type": "string",
                "description": "Description of the global log receiver.",
                "description_kind": "plain",
                "computed": true
              },
              "id": {
                "type": "string",
                "description": "Unique identifier of the global log receiver.",
                "description_kind": "plain",
                "computed": true
              },
              "name": {
                "type": "string",
                "description": "Name of the global log receiver to look up.",
                "description_kind": "plain",
                "required": true
              },
              "namespace": {
                "type": "string",
                "description": "Namespace where the global log receiver is located.",
                "description_kind": "plain",
                "required": true
              },
              "receiver_type": {
                "type": "string",
                "description": "Type of the global log receiver.",
                "description_kind": "plain",
                "computed": true
              }
            },
            "description": "\nThe `f5_distributed_cloud_global_log_receiver` data source retrieves information about an existing global log receiver.\n\n## Example Usage\n\n```hcl\ndata \"f5_distributed_cloud_global_log_receiver\" \"example\" {\n  name      = \"my-global-log-receiver\"\n  namespace = \"system\"\n}\n\noutput \"receiver_type\" {\n  value = data.f5_distributed_cloud_global_log_receiver.example.receiver_type\n}\n```\n",
            "description_kind": "markdown"
          }
        },
        "f5_distributed_cloud_healthcheck": {
          "version": 0,
          "block": {
            "attributes": {
              "description": {
                "type": "string",
                "description": "Description of the healthcheck.",
                "description_kind": "plain",
                "computed": true
              },
              "healthcheck_type": {
                "type": "string",
                "description": "Type of healthcheck (HTTP or TCP).",
                "description_kind": "plain",
                "computed": true
              },
              "healthy_threshold": {
                "type": "number",
                "description": "Number of consecutive successful checks before marking healthy.",
                "description_kind": "plain",
                "computed": true
              },
              "id": {
                "type": "string",
                "description": "Unique identifier of the healthcheck.",
                "description_kind": "plain",
                "computed": true
              },
              "interval": {
                "type": "number",
                "description": "Interval in seconds between healthcheck requests.",
                "description_kind": "plain",
                "computed": true
              },
              "name": {
                "type": "string",
                "description": "Name of the healthcheck to look up.",
                "description_kind": "plain",
                "required": true
              },
              "namespace": {
                "type": "string",
                "description": "Namespace where the healthcheck is located.",
                "description_kind": "plain",
                "required": true
              },
              "timeout": {
                "type": "number",
                "description": "Timeout in seconds for each healthcheck request.",
                "description_kind": "plain",
                "computed": true
              },
              "unhealthy_threshold": {
                "type": "number",
                "description": "Number of consecutive failed checks before marking unhealthy.",
                "description_kind": "plain",
                "computed": true
              }
            },
            "description": "\nThe `f5_distributed_cloud_healthcheck` data source retrieves information about an existing healthcheck configuration.\n\n## Example Usage\n\n```hcl\ndata \"f5_distributed_cloud_healthcheck\" \"example\" {\n  name      = \"my-healthcheck\"\n  namespace = \"my-namespace\"\n}\n\noutput \"healthcheck_type\" {\n  value = data.f5_distributed_cloud_healthcheck.example.healthcheck_type\n}\n```\n",
            "description_kind": "markdown"
          }
        },
        "f5_distributed_cloud_http_loadbalancer": {
          "version": 0,
          "block": {
            "attributes": {
              "description": {
                "type": "string",
                "description": "Description of the HTTP Load Balancer.",
                "description_kind": "plain",
                "computed": true
              },
              "domains": {
                "type": [
                  "list",
                  "string"
                ],
                "description": "List of domains configured on the HTTP Load Balancer.",
                "description_kind": "plain",
                "computed": true
              },
              "id": {
                "type": "string",
                "description": "Unique identifier of the HTTP Load Balancer.",
                "description_kind": "plain",
                "computed": true
              },
              "name": {
                "type": "string",
                "description": "Name of the HTTP Load Balancer to look up.",
                "description_kind": "plain",
                "required": true
              },
              "namespace": {
                "type": "string",
                "description": "Namespace of the HTTP Load Balancer.",
                "description_kind": "plain",
                "required": true
              }
            },
            "description": "\nThe `f5_distributed_cloud_http_loadbalancer` data source retrieves information about an existing HTTP Load Balancer.\n\n## Example Usage\n\n```hcl\ndata \"f5_distributed_cloud_http_loadbalancer\" \"example\" {\n  name      = \"my-lb\"\n  namespace = \"my-namespace\"\n}\n\noutput \"lb_domains\" {\n  value = data.f5_distributed_cloud_http_loadbalancer.example.domains\n}\n```\n",
            "description_kind": "markdown"
          }
        },
        "f5_distributed_cloud_ip_prefix_set": {
          "version": 0,
          "block": {
            "attributes": {
              "description": {
                "type": "string",
                "description": "Description of the IP prefix set.",
                "description_kind": "plain",
                "computed": true
              },
              "id": {
                "type": "string",
                "description": "Unique identifier of the IP prefix set.",
                "description_kind": "plain",
                "computed": true
              },
              "name": {
                "type": "string",
                "description": "Name of the IP prefix set to look up.",
                "description_kind": "plain",
                "required": true
              },
              "namespace": {
                "type": "string",
                "description": "Namespace where the IP prefix set is located.",
                "description_kind": "plain",
                "required": true
              },
              "prefixes": {
                "type": [
                  "list",
                  "string"
                ],
                "description": "List of IP prefixes in CIDR notation.",
                "description_kind": "plain",
                "computed": true
              }
            },
            "description": "\nThe `f5_distributed_cloud_ip_prefix_set` data source retrieves information about an existing IP prefix set.\n\n## Example Usage\n\n```hcl\ndata \"f5_distributed_cloud_ip_prefix_set\" \"example\" {\n  name      = \"my-prefix-set\"\n  namespace = \"my-namespace\"\n}\n\noutput \"prefixes\" {\n  value = data.f5_distributed_cloud_ip_prefix_set.example.prefixes\n}\n```\n",
            "description_kind": "markdown"
          }
        },
        "f5_distributed_cloud_known_label": {
          "version": 0,
          "block": {
            "attributes": {
              "description": {
                "type": "string",
                "description": "Description of the known label.",
                "description_kind": "plain",
                "computed": true
              },
              "id": {
                "type": "string",
                "description": "Unique identifier of the known label.",
                "description_kind": "plain",
                "computed": true
              },
              "label_key": {
                "type": "string",
                "description": "Key of the known label.",
                "description_kind": "plain",
                "computed": true
              },
              "name": {
                "type": "string",
                "description": "Name of the known label to look up.",
                "description_kind": "plain",
                "required": true
              },
              "namespace": {
                "type": "string",
                "description": "Namespace where the known label is located.",
                "description_kind": "plain",
                "required": true
              }
            },
            "description": "\nThe `f5_distributed_cloud_known_label` data source retrieves information about an existing known label.\n\n## Example Usage\n\n```hcl\ndata \"f5_distributed_cloud_known_label\" \"example\" {\n  name      = \"my-known-label\"\n  namespace = \"shared\"\n}\n\noutput \"label_key\" {\n  value = data.f5_distributed_cloud_known_label.example.label_key\n}\n```\n",
            "description_kind": "markdown"
          }
        },
        "f5_distributed_cloud_log_receiver": {
          "version": 0,
          "block": {
            "attributes": {
              "description": {
                "type": "string",
                "description": "Description of the log receiver.",
                "description_kind": "plain",
                "computed": true
              },
              "id": {
                "type": "string",
                "description": "Unique identifier of the log receiver.",
                "description_kind": "plain",
                "computed": true
              },
              "name": {
                "type": "string",
                "description": "Name of the log receiver to look up.",
                "description_kind": "plain",
                "required": true
              },
              "namespace": {
                "type": "string",
                "description": "Namespace where the log receiver is located.",
                "description_kind": "plain",
                "required": true
              },
              "receiver_type": {
                "type": "string",
                "description": "Type of the log receiver (e.g., splunk, datadog, http).",
                "description_kind": "plain",
                "computed": true
              }
            },
            "description": "\nThe `f5_distributed_cloud_log_receiver` data source retrieves information about an existing log receiver.\n\n## Example Usage\n\n```hcl\ndata \"f5_distributed_cloud_log_receiver\" \"example\" {\n  name      = \"my-log-receiver\"\n  namespace = \"my-namespace\"\n}\n\noutput \"receiver_type\" {\n  value = data.f5_distributed_cloud_log_receiver.example.receiver_type\n}\n```\n",
            "description_kind": "markdown"
          }
        },
        "f5_distributed_cloud_malicious_user_mitigation": {
          "version": 0,
          "block": {
            "attributes": {
              "description": {
                "type": "string",
                "description": "Description of the malicious user mitigation.",
                "description_kind": "plain",
                "computed": true
              },
              "enabled": {
                "type": "bool",
                "description": "Whether the malicious user mitigation is enabled.",
                "description_kind": "plain",
                "computed": true
              },
              "id": {
                "type": "string",
                "description": "Unique identifier of the malicious user mitigation.",
                "description_kind": "plain",
                "computed": true
              },
              "name": {
                "type": "string",
                "description": "Name of the malicious user mitigation to look up.",
                "description_kind": "plain",
                "required": true
              },
              "namespace": {
                "type": "string",
                "description": "Namespace where the malicious user mitigation is located.",
                "description_kind": "plain",
                "required": true
              }
            },
            "description": "\nThe `f5_distributed_cloud_malicious_user_mitigation` data source retrieves information about an existing malicious user mitigation configuration.\n\n## Example Usage\n\n```hcl\ndata \"f5_distributed_cloud_malicious_user_mitigation\" \"example\" {\n  name      = \"my-mitigation\"\n  namespace = \"my-namespace\"\n}\n\noutput \"enabled\" {\n  value = data.f5_distributed_cloud_malicious_user_mitigation.example.enabled\n}\n```\n",
            "description_kind": "markdown"
          }
        },
        "f5_distributed_cloud_namespace": {
          "version": 0,
          "block": {
            "attributes": {
              "description": {
                "type": "string",
                "description": "Description of the namespace.",
                "description_kind": "plain",
                "computed": true
              },
              "id": {
                "type": "string",
                "description": "Unique identifier of the namespace.",
                "description_kind": "plain",
                "computed": true
              },
              "labels": {
                "type": [
                  "map",
                  "string"
                ],
                "description": "Labels applied to the namespace.",
                "description_kind": "plain",
                "computed": true
              },
              "name": {
                "type": "string",
                "description": "Name of the namespace to look up.",
                "description_kind": "plain",
                "required": true
              }
            },
            "description": "\nThe `f5_distributed_cloud_namespace` data source retrieves information about an existing namespace.\n\n## Example Usage\n\n```hcl\ndata \"f5_distributed_cloud_namespace\" \"example\" {\n  name = \"my-namespace\"\n}\n\noutput \"namespace_id\" {\n  value = data.f5_distributed_cloud_namespace.example.id\n}\n```\n",
            "description_kind": "markdown"
          }
        },
        "f5_distributed_cloud_namespace_role": {
          "version": 0,
          "block": {
            "attributes": {
              "description": {
                "type": "string",
                "description": "Description of the namespace role.",
                "description_kind": "plain",
                "computed": true
              },
              "id": {
                "type": "string",
                "description": "Unique identifier of the namespace role.",
                "description_kind": "plain",
                "computed": true
              },
              "name": {
                "type": "string",
                "description": "Name of the namespace role to look up.",
                "description_kind": "plain",
                "required": true
              },
              "namespace": {
                "type": "string",
                "description": "Namespace where the namespace role exists.",
                "description_kind": "plain",
                "required": true
              }
            },
            "description": "Fetches information about an existing F5 Distributed Cloud Namespace Role.",
            "description_kind": "plain"
          }
        },
        "f5_distributed_cloud_network_policy": {
          "version": 0,
          "block": {
            "attributes": {
              "description": {
                "type": "string",
                "description": "Description of the network policy.",
                "description_kind": "plain",
                "computed": true
              },
              "id": {
                "type": "string",
                "description": "Unique identifier of the network policy.",
                "description_kind": "plain",
                "computed": true
              },
              "name": {
                "type": "string",
                "description": "Name of the network policy to look up.",
                "description_kind": "plain",
                "required": true
              },
              "namespace": {
                "type": "string",
                "description": "Namespace where the network policy is located.",
                "description_kind": "plain",
                "required": true
              },
              "policy_type": {
                "type": "string",
                "description": "Type of network policy.",
                "description_kind": "plain",
                "computed": true
              }
            },
            "description": "\nThe `f5_distributed_cloud_network_policy` data source retrieves information about an existing network policy.\n\n## Example Usage\n\n```hcl\ndata \"f5_distributed_cloud_network_policy\" \"example\" {\n  name      = \"my-network-policy\"\n  namespace = \"my-namespace\"\n}\n\noutput \"policy_type\" {\n  value = data.f5_distributed_cloud_network_policy.example.policy_type\n}\n```\n",
            "description_kind": "markdown"
          }
        },
        "f5_distributed_cloud_network_policy_set": {
          "version": 0,
          "block": {
            "attributes": {
              "description": {
                "type": "string",
                "description": "Description of the network policy set.",
                "description_kind": "plain",
                "computed": true
              },
              "id": {
                "type": "string",
                "description": "Unique identifier of the network policy set.",
                "description_kind": "plain",
                "computed": true
              },
              "name": {
                "type": "string",
                "description": "Name of the network policy set to look up.",
                "description_kind": "plain",
                "required": true
              },
              "namespace": {
                "type": "string",
                "description": "Namespace where the network policy set exists.",
                "description_kind": "plain",
                "required": true
              }
            },
            "description": "Fetches information about an existing F5 Distributed Cloud Network Policy Set.",
            "description_kind": "plain"
          }
        },
        "f5_distributed_cloud_origin_pool": {
          "version": 0,
          "block": {
            "attributes": {
              "description": {
                "type": "string",
                "description": "Description of the origin pool.",
                "description_kind": "plain",
                "computed": true
              },
              "endpoint_protocol": {
                "type": "string",
                "description": "Protocol to use for connecting to origin servers.",
                "description_kind": "plain",
                "computed": true
              },
              "health_check_port": {
                "type": "number",
                "description": "Port for health checks.",
                "description_kind": "plain",
                "computed": true
              },
              "id": {
                "type": "string",
                "description": "Unique identifier of the origin pool.",
                "description_kind": "plain",
                "computed": true
              },
              "loadbalancer_algorithm": {
                "type": "string",
                "description": "Load balancing algorithm used.",
                "description_kind": "plain",
                "computed": true
              },
              "name": {
                "type": "string",
                "description": "Name of the origin pool to look up.",
                "description_kind": "plain",
                "required": true
              },
              "namespace": {
                "type": "string",
                "description": "Namespace containing the origin pool.",
                "description_kind": "plain",
                "required": true
              },
              "port": {
                "type": "number",
                "description": "Port on which origin servers listen.",
                "description_kind": "plain",
                "computed": true
              }
            },
            "description": "\nThe `f5_distributed_cloud_origin_pool` data source retrieves information about an existing origin pool.\n\n## Example Usage\n\n```hcl\ndata \"f5_distributed_cloud_origin_pool\" \"example\" {\n  name      = \"my-origin-pool\"\n  namespace = \"my-namespace\"\n}\n\noutput \"origin_pool_port\" {\n  value = data.f5_distributed_cloud_origin_pool.example.port\n}\n```\n",
            "description_kind": "markdown"
          }
        },
        "f5_distributed_cloud_protocol_policer": {
          "version": 0,
          "block": {
            "attributes": {
              "description": {
                "type": "string",
                "description": "Description of the protocol policer.",
                "description_kind": "plain",
                "computed": true
              },
              "enabled": {
                "type": "bool",
                "description": "Whether the protocol policer is enabled.",
                "description_kind": "plain",
                "computed": true
              },
              "id": {
                "type": "string",
                "description": "Unique identifier of the protocol policer.",
                "description_kind": "plain",
                "computed": true
              },
              "name": {
                "type": "string",
                "description": "Name of the protocol policer to look up.",
                "description_kind": "plain",
                "required": true
              },
              "namespace": {
                "type": "string",
                "description": "Namespace where the protocol policer is located.",
                "description_kind": "plain",
                "required": true
              }
            },
            "description": "\nThe `f5_distributed_cloud_protocol_policer` data source retrieves information about an existing protocol policer.\n\n## Example Usage\n\n```hcl\ndata \"f5_distributed_cloud_protocol_policer\" \"example\" {\n  name      = \"my-protocol-policer\"\n  namespace = \"my-namespace\"\n}\n\noutput \"enabled\" {\n  value = data.f5_distributed_cloud_protocol_policer.example.enabled\n}\n```\n",
            "description_kind": "markdown"
          }
        },
        "f5_distributed_cloud_public_ip": {
          "version": 0,
          "block": {
            "attributes": {
              "description": {
                "type": "string",
                "description": "Description of the public IP.",
                "description_kind": "plain",
                "computed": true
              },
              "id": {
                "type": "string",
                "description": "Unique identifier of the public IP.",
                "description_kind": "plain",
                "computed": true
              },
              "name": {
                "type": "string",
                "description": "Name of the public IP to look up.",
                "description_kind": "plain",
                "required": true
              },
              "namespace": {
                "type": "string",
                "description": "Namespace where the public IP exists.",
                "description_kind": "plain",
                "required": true
              }
            },
            "description": "Fetches information about an existing F5 Distributed Cloud Public IP.",
            "description_kind": "plain"
          }
        },
        "f5_distributed_cloud_rate_limiter": {
          "version": 0,
          "block": {
            "attributes": {
              "burst_multiplier": {
                "type": "number",
                "description": "Multiplier for burst capacity.",
                "description_kind": "plain",
                "computed": true
              },
              "description": {
                "type": "string",
                "description": "Description of the rate limiter.",
                "description_kind": "plain",
                "computed": true
              },
              "id": {
                "type": "string",
                "description": "Unique identifier of the rate limiter.",
                "description_kind": "plain",
                "computed": true
              },
              "name": {
                "type": "string",
                "description": "Name of the rate limiter to look up.",
                "description_kind": "plain",
                "required": true
              },
              "namespace": {
                "type": "string",
                "description": "Namespace where the rate limiter is located.",
                "description_kind": "plain",
                "required": true
              },
              "total_number": {
                "type": "number",
                "description": "Maximum number of requests allowed in the time unit.",
                "description_kind": "plain",
                "computed": true
              },
              "unit": {
                "type": "string",
                "description": "Time unit for rate limiting (SECOND, MINUTE).",
                "description_kind": "plain",
                "computed": true
              }
            },
            "description": "\nThe `f5_distributed_cloud_rate_limiter` data source retrieves information about an existing rate limiter configuration.\n\n## Example Usage\n\n```hcl\ndata \"f5_distributed_cloud_rate_limiter\" \"example\" {\n  name      = \"my-rate-limiter\"\n  namespace = \"my-namespace\"\n}\n\noutput \"rate_limit\" {\n  value = \"${data.f5_distributed_cloud_rate_limiter.example.total_number} per ${data.f5_distributed_cloud_rate_limiter.example.unit}\"\n}\n```\n",
            "description_kind": "markdown"
          }
        },
        "f5_distributed_cloud_rbac_policy": {
          "version": 0,
          "block": {
            "attributes": {
              "description": {
                "type": "string",
                "description": "Description of the RBAC policy.",
                "description_kind": "plain",
                "computed": true
              },
              "id": {
                "type": "string",
                "description": "Unique identifier of the RBAC policy.",
                "description_kind": "plain",
                "computed": true
              },
              "name": {
                "type": "string",
                "description": "Name of the RBAC policy to look up.",
                "description_kind": "plain",
                "required": true
              },
              "namespace": {
                "type": "string",
                "description": "Namespace where the RBAC policy exists.",
                "description_kind": "plain",
                "required": true
              }
            },
            "description": "Fetches information about an existing F5 Distributed Cloud RBAC Policy.",
            "description_kind": "plain"
          }
        },
        "f5_distributed_cloud_registration": {
          "version": 0,
          "block": {
            "attributes": {
              "description": {
                "type": "string",
                "description": "Description of the registration.",
                "description_kind": "plain",
                "computed": true
              },
              "id": {
                "type": "string",
                "description": "Unique identifier of the registration.",
                "description_kind": "plain",
                "computed": true
              },
              "name": {
                "type": "string",
                "description": "Name of the registration to look up.",
                "description_kind": "plain",
                "required": true
              },
              "namespace": {
                "type": "string",
                "description": "Namespace where the registration exists.",
                "description_kind": "plain",
                "required": true
              }
            },
            "description": "Fetches information about an existing F5 Distributed Cloud Registration.",
            "description_kind": "plain"
          }
        },
        "f5_distributed_cloud_role": {
          "version": 0,
          "block": {
            "attributes": {
              "description": {
                "type": "string",
                "description": "Description of the role.",
                "description_kind": "plain",
                "computed": true
              },
              "id": {
                "type": "string",
                "description": "Unique identifier of the role.",
                "description_kind": "plain",
                "computed": true
              },
              "name": {
                "type": "string",
                "description": "Name of the role to look up.",
                "description_kind": "plain",
                "required": true
              },
              "namespace": {
                "type": "string",
                "description": "Namespace where the role is located.",
                "description_kind": "plain",
                "required": true
              },
              "role_type": {
                "type": "string",
                "description": "Type of role.",
                "description_kind": "plain",
                "computed": true
              }
            },
            "description": "\nThe `f5_distributed_cloud_role` data source retrieves information about an existing role.\n\n## Example Usage\n\n```hcl\ndata \"f5_distributed_cloud_role\" \"example\" {\n  name      = \"my-role\"\n  namespace = \"system\"\n}\n\noutput \"role_type\" {\n  value = data.f5_distributed_cloud_role.example.role_type\n}\n```\n",
            "description_kind": "markdown"
          }
        },
        "f5_distributed_cloud_route": {
          "version": 0,
          "block": {
            "attributes": {
              "description": {
                "type": "string",
                "description": "Description of the route.",
                "description_kind": "plain",
                "computed": true
              },
              "id": {
                "type": "string",
                "description": "Unique identifier of the route.",
                "description_kind": "plain",
                "computed": true
              },
              "name": {
                "type": "string",
                "description": "Name of the route to look up.",
                "description_kind": "plain",
                "required": true
              },
              "namespace": {
                "type": "string",
                "description": "Namespace where the route is located.",
                "description_kind": "plain",
                "required": true
              },
              "route_type": {
                "type": "string",
                "description": "Type of the route (e.g., simple, redirect, custom).",
                "description_kind": "plain",
                "computed": true
              }
            },
            "description": "\nThe `f5_distributed_cloud_route` data source retrieves information about an existing route.\n\n## Example Usage\n\n```hcl\ndata \"f5_distributed_cloud_route\" \"example\" {\n  name      = \"my-route\"\n  namespace = \"my-namespace\"\n}\n\noutput \"route_type\" {\n  value = data.f5_distributed_cloud_route.example.route_type\n}\n```\n",
            "description_kind": "markdown"
          }
        },
        "f5_distributed_cloud_secret_policy": {
          "version": 0,
          "block": {
            "attributes": {
              "description": {
                "type": "string",
                "description": "Description of the secret policy.",
                "description_kind": "plain",
                "computed": true
              },
              "enabled": {
                "type": "bool",
                "description": "Whether the secret policy is enabled.",
                "description_kind": "plain",
                "computed": true
              },
              "id": {
                "type": "string",
                "description": "Unique identifier of the secret policy.",
                "description_kind": "plain",
                "computed": true
              },
              "name": {
                "type": "string",
                "description": "Name of the secret policy to look up.",
                "description_kind": "plain",
                "required": true
              },
              "namespace": {
                "type": "string",
                "description": "Namespace where the secret policy is located.",
                "description_kind": "plain",
                "required": true
              }
            },
            "description": "\nThe `f5_distributed_cloud_secret_policy` data source retrieves information about an existing secret policy.\n\n## Example Usage\n\n```hcl\ndata \"f5_distributed_cloud_secret_policy\" \"example\" {\n  name      = \"my-secret-policy\"\n  namespace = \"my-namespace\"\n}\n\noutput \"enabled\" {\n  value = data.f5_distributed_cloud_secret_policy.example.enabled\n}\n```\n",
            "description_kind": "markdown"
          }
        },
        "f5_distributed_cloud_segment": {
          "version": 0,
          "block": {
            "attributes": {
              "description": {
                "type": "string",
                "description": "Description of the segment.",
                "description_kind": "plain",
                "computed": true
              },
              "id": {
                "type": "string",
                "description": "Unique identifier of the segment.",
                "description_kind": "plain",
                "computed": true
              },
              "name": {
                "type": "string",
                "description": "Name of the segment to look up.",
                "description_kind": "plain",
                "required": true
              },
              "namespace": {
                "type": "string",
                "description": "Namespace where the segment exists.",
                "description_kind": "plain",
                "required": true
              }
            },
            "description": "Fetches information about an existing F5 Distributed Cloud Segment.",
            "description_kind": "plain"
          }
        },
        "f5_distributed_cloud_service_mesh": {
          "version": 0,
          "block": {
            "attributes": {
              "description": {
                "type": "string",
                "description": "Description of the service mesh.",
                "description_kind": "plain",
                "computed": true
              },
              "id": {
                "type": "string",
                "description": "Unique identifier of the service mesh.",
                "description_kind": "plain",
                "computed": true
              },
              "mesh_type": {
                "type": "string",
                "description": "Type of the service mesh.",
                "description_kind": "plain",
                "computed": true
              },
              "name": {
                "type": "string",
                "description": "Name of the service mesh to look up.",
                "description_kind": "plain",
                "required": true
              },
              "namespace": {
                "type": "string",
                "description": "Namespace where the service mesh is located.",
                "description_kind": "plain",
                "required": true
              }
            },
            "description": "\nThe `f5_distributed_cloud_service_mesh` data source retrieves information about an existing service mesh.\n\n## Example Usage\n\n```hcl\ndata \"f5_distributed_cloud_service_mesh\" \"example\" {\n  name      = \"my-service-mesh\"\n  namespace = \"my-namespace\"\n}\n\noutput \"mesh_type\" {\n  value = data.f5_distributed_cloud_service_mesh.example.mesh_type\n}\n```\n",
            "description_kind": "markdown"
          }
        },
        "f5_distributed_cloud_service_policy": {
          "version": 0,
          "block": {
            "attributes": {
              "algo": {
                "type": "string",
                "description": "Algorithm used by the service policy (FIRST_MATCH, DENY_OVERRIDES, ALLOW_OVERRIDES).",
                "description_kind": "plain",
                "computed": true
              },
              "description": {
                "type": "string",
                "description": "Description of the service policy.",
                "description_kind": "plain",
                "computed": true
              },
              "id": {
                "type": "string",
                "description": "Unique identifier of the service policy.",
                "description_kind": "plain",
                "computed": true
              },
              "name": {
                "type": "string",
                "description": "Name of the service policy to look up.",
                "description_kind": "plain",
                "required": true
              },
              "namespace": {
                "type": "string",
                "description": "Namespace where the service policy is located.",
                "description_kind": "plain",
                "required": true
              }
            },
            "description": "\nThe `f5_distributed_cloud_service_policy` data source retrieves information about an existing service policy.\n\n## Example Usage\n\n```hcl\ndata \"f5_distributed_cloud_service_policy\" \"example\" {\n  name      = \"my-service-policy\"\n  namespace = \"my-namespace\"\n}\n\noutput \"policy_algo\" {\n  value = data.f5_distributed_cloud_service_policy.example.algo\n}\n```\n",
            "description_kind": "markdown"
          }
        },
        "f5_distributed_cloud_service_policy_set": {
          "version": 0,
          "block": {
            "attributes": {
              "description": {
                "type": "string",
                "description": "Description of the service policy set.",
                "description_kind": "plain",
                "computed": true
              },
              "id": {
                "type": "string",
                "description": "Unique identifier of the service policy set.",
                "description_kind": "plain",
                "computed": true
              },
              "name": {
                "type": "string",
                "description": "Name of the service policy set to look up.",
                "description_kind": "plain",
                "required": true
              },
              "namespace": {
                "type": "string",
                "description": "Namespace where the service policy set exists.",
                "description_kind": "plain",
                "required": true
              }
            },
            "description": "Fetches information about an existing F5 Distributed Cloud Service Policy Set.",
            "description_kind": "plain"
          }
        },
        "f5_distributed_cloud_site": {
          "version": 0,
          "block": {
            "attributes": {
              "description": {
                "type": "string",
                "description": "Description of the site.",
                "description_kind": "plain",
                "computed": true
              },
              "id": {
                "type": "string",
                "description": "Unique identifier of the site.",
                "description_kind": "plain",
                "computed": true
              },
              "name": {
                "type": "string",
                "description": "Name of the site to look up.",
                "description_kind": "plain",
                "required": true
              },
              "namespace": {
                "type": "string",
                "description": "Namespace where the site exists.",
                "description_kind": "plain",
                "required": true
              }
            },
            "description": "Fetches information about an existing F5 Distributed Cloud Site.",
            "description_kind": "plain"
          }
        },
        "f5_distributed_cloud_site_mesh_group": {
          "version": 0,
          "block": {
            "attributes": {
              "description": {
                "type": "string",
                "description": "Description of the site mesh group.",
                "description_kind": "plain",
                "computed": true
              },
              "id": {
                "type": "string",
                "description": "Unique identifier of the site mesh group.",
                "description_kind": "plain",
                "computed": true
              },
              "mesh_type": {
                "type": "string",
                "description": "Type of the site mesh group.",
                "description_kind": "plain",
                "computed": true
              },
              "name": {
                "type": "string",
                "description": "Name of the site mesh group to look up.",
                "description_kind": "plain",
                "required": true
              },
              "namespace": {
                "type": "string",
                "description": "Namespace where the site mesh group is located.",
                "description_kind": "plain",
                "required": true
              }
            },
            "description": "\nThe `f5_distributed_cloud_site_mesh_group` data source retrieves information about an existing site mesh group.\n\n## Example Usage\n\n```hcl\ndata \"f5_distributed_cloud_site_mesh_group\" \"example\" {\n  name      = \"my-site-mesh-group\"\n  namespace = \"system\"\n}\n\noutput \"mesh_type\" {\n  value = data.f5_distributed_cloud_site_mesh_group.example.mesh_type\n}\n```\n",
            "description_kind": "markdown"
          }
        },
        "f5_distributed_cloud_tcp_loadbalancer": {
          "version": 0,
          "block": {
            "attributes": {
              "description": {
                "type": "string",
                "description": "Description of the TCP load balancer.",
                "description_kind": "plain",
                "computed": true
              },
              "dns_volterra_managed": {
                "type": "bool",
                "description": "Whether DNS is managed by Volterra.",
                "description_kind": "plain",
                "computed": true
              },
              "id": {
                "type": "string",
                "description": "Unique identifier of the TCP load balancer.",
                "description_kind": "plain",
                "computed": true
              },
              "listen_port": {
                "type": "number",
                "description": "Port on which the TCP load balancer listens.",
                "description_kind": "plain",
                "computed": true
              },
              "name": {
                "type": "string",
                "description": "Name of the TCP load balancer to look up.",
                "description_kind": "plain",
                "required": true
              },
              "namespace": {
                "type": "string",
                "description": "Namespace where the TCP load balancer is located.",
                "description_kind": "plain",
                "required": true
              }
            },
            "description": "\nThe `f5_distributed_cloud_tcp_loadbalancer` data source retrieves information about an existing TCP load balancer.\n\n## Example Usage\n\n```hcl\ndata \"f5_distributed_cloud_tcp_loadbalancer\" \"example\" {\n  name      = \"my-tcp-lb\"\n  namespace = \"my-namespace\"\n}\n\noutput \"tcp_lb_port\" {\n  value = data.f5_distributed_cloud_tcp_loadbalancer.example.listen_port\n}\n```\n",
            "description_kind": "markdown"
          }
        },
        "f5_distributed_cloud_token": {
          "version": 0,
          "block": {
            "attributes": {
              "description": {
                "type": "string",
                "description": "Description of the token.",
                "description_kind": "plain",
                "computed": true
              },
              "id": {
                "type": "string",
                "description": "Unique identifier of the token.",
                "description_kind": "plain",
                "computed": true
              },
              "name": {
                "type": "string",
                "description": "Name of the token to look up.",
                "description_kind": "plain",
                "required": true
              },
              "namespace": {
                "type": "string",
                "description": "Namespace where the token exists.",
                "description_kind": "plain",
                "required": true
              }
            },
            "description": "Fetches information about an existing F5 Distributed Cloud Token.",
            "description_kind": "plain"
          }
        },
        "f5_distributed_cloud_tunnel": {
          "version": 0,
          "block": {
            "attributes": {
              "description": {
                "type": "string",
                "description": "Description of the tunnel.",
                "description_kind": "plain",
                "computed": true
              },
              "id": {
                "type": "string",
                "description": "Unique identifier of the tunnel.",
                "description_kind": "plain",
                "computed": true
              },
              "name": {
                "type": "string",
                "description": "Name of the tunnel to look up.",
                "description_kind": "plain",
                "required": true
              },
              "namespace": {
                "type": "string",
                "description": "Namespace where the tunnel is located.",
                "description_kind": "plain",
                "required": true
              },
              "tunnel_type": {
                "type": "string",
                "description": "Type of tunnel (IPSEC, SSL).",
                "description_kind": "plain",
                "computed": true
              }
            },
            "description": "\nThe `f5_distributed_cloud_tunnel` data source retrieves information about an existing tunnel.\n\n## Example Usage\n\n```hcl\ndata \"f5_distributed_cloud_tunnel\" \"example\" {\n  name      = \"my-tunnel\"\n  namespace = \"my-namespace\"\n}\n\noutput \"tunnel_type\" {\n  value = data.f5_distributed_cloud_tunnel.example.tunnel_type\n}\n```\n",
            "description_kind": "markdown"
          }
        },
        "f5_distributed_cloud_user": {
          "version": 0,
          "block": {
            "attributes": {
              "description": {
                "type": "string",
                "description": "Description of the user.",
                "description_kind": "plain",
                "computed": true
              },
              "email": {
                "type": "string",
                "description": "Email address of the user.",
                "description_kind": "plain",
                "computed": true
              },
              "id": {
                "type": "string",
                "description": "Unique identifier of the user.",
                "description_kind": "plain",
                "computed": true
              },
              "name": {
                "type": "string",
                "description": "Name of the user to look up.",
                "description_kind": "plain",
                "required": true
              },
              "namespace": {
                "type": "string",
                "description": "Namespace where the user is located.",
                "description_kind": "plain",
                "required": true
              }
            },
            "description": "\nThe `f5_distributed_cloud_user` data source retrieves information about an existing user.\n\n## Example Usage\n\n```hcl\ndata \"f5_distributed_cloud_user\" \"example\" {\n  name      = \"my-user\"\n  namespace = \"system\"\n}\n\noutput \"email\" {\n  value = data.f5_distributed_cloud_user.example.email\n}\n```\n",
            "description_kind": "markdown"
          }
        },
        "f5_distributed_cloud_virtual_site": {
          "version": 0,
          "block": {
            "attributes": {
              "description": {
                "type": "string",
                "description": "Description of the virtual site.",
                "description_kind": "plain",
                "computed": true
              },
              "id": {
                "type": "string",
                "description": "Unique identifier of the virtual site.",
                "description_kind": "plain",
                "computed": true
              },
              "name": {
                "type": "string",
                "description": "Name of the virtual site to look up.",
                "description_kind": "plain",
                "required": true
              },
              "namespace": {
                "type": "string",
                "description": "Namespace where the virtual site is located.",
                "description_kind": "plain",
                "required": true
              },
              "site_type": {
                "type": "string",
                "description": "Type of the virtual site (CUSTOMER_EDGE, REGIONAL_EDGE).",
                "description_kind": "plain",
                "computed": true
              }
            },
            "description": "\nThe `f5_distributed_cloud_virtual_site` data source retrieves information about an existing virtual site.\n\n## Example Usage\n\n```hcl\ndata \"f5_distributed_cloud_virtual_site\" \"example\" {\n  name      = \"my-virtual-site\"\n  namespace = \"my-namespace\"\n}\n\noutput \"site_type\" {\n  value = data.f5_distributed_cloud_virtual_site.example.site_type\n}\n```\n",
            "description_kind": "markdown"
          }
        },
        "f5_distributed_cloud_voltstack_site": {
          "version": 0,
          "block": {
            "attributes": {
              "description": {
                "type": "string",
                "description": "Description of the Voltstack site.",
                "description_kind": "plain",
                "computed": true
              },
              "id": {
                "type": "string",
                "description": "Unique identifier of the Voltstack site.",
                "description_kind": "plain",
                "computed": true
              },
              "name": {
                "type": "string",
                "description": "Name of the Voltstack site to look up.",
                "description_kind": "plain",
                "required": true
              },
              "namespace": {
                "type": "string",
                "description": "Namespace where the Voltstack site is located.",
                "description_kind": "plain",
                "required": true
              },
              "site_state": {
                "type": "string",
                "description": "State of the site (ONLINE, OFFLINE, etc.).",
                "description_kind": "plain",
                "computed": true
              },
              "site_type": {
                "type": "string",
                "description": "Type of Voltstack site.",
                "description_kind": "plain",
                "computed": true
              }
            },
            "description": "\nThe `f5_distributed_cloud_voltstack_site` data source retrieves information about an existing Voltstack site.\n\n## Example Usage\n\n```hcl\ndata \"f5_distributed_cloud_voltstack_site\" \"example\" {\n  name      = \"my-voltstack-site\"\n  namespace = \"system\"\n}\n\noutput \"site_state\" {\n  value = data.f5_distributed_cloud_voltstack_site.example.site_state\n}\n```\n",
            "description_kind": "markdown"
          }
        },
        "f5_distributed_cloud_waf_rule": {
          "version": 0,
          "block": {
            "attributes": {
              "description": {
                "type": "string",
                "description": "Description of the WAF rule.",
                "description_kind": "plain",
                "computed": true
              },
              "id": {
                "type": "string",
                "description": "Unique identifier of the WAF rule.",
                "description_kind": "plain",
                "computed": true
              },
              "mode": {
                "type": "string",
                "description": "Mode of the WAF rule (BLOCK, DETECT).",
                "description_kind": "plain",
                "computed": true
              },
              "name": {
                "type": "string",
                "description": "Name of the WAF rule to look up.",
                "description_kind": "plain",
                "required": true
              },
              "namespace": {
                "type": "string",
                "description": "Namespace where the WAF rule is located.",
                "description_kind": "plain",
                "required": true
              }
            },
            "description": "\nThe `f5_distributed_cloud_waf_rule` data source retrieves information about an existing WAF rule.\n\n## Example Usage\n\n```hcl\ndata \"f5_distributed_cloud_waf_rule\" \"example\" {\n  name      = \"my-waf-rule\"\n  namespace = \"my-namespace\"\n}\n\noutput \"waf_mode\" {\n  value = data.f5_distributed_cloud_waf_rule.example.mode\n}\n```\n",
            "description_kind": "markdown"
          }
        },
        "f5_distributed_cloud_workload": {
          "version": 0,
          "block": {
            "attributes": {
              "description": {
                "type": "string",
                "description": "Description of the workload.",
                "description_kind": "plain",
                "computed": true
              },
              "id": {
                "type": "string",
                "description": "Unique identifier of the workload.",
                "description_kind": "plain",
                "computed": true
              },
              "name": {
                "type": "string",
                "description": "Name of the workload to look up.",
                "description_kind": "plain",
                "required": true
              },
              "namespace": {
                "type": "string",
                "description": "Namespace where the workload exists.",
                "description_kind": "plain",
                "required": true
              }
            },
            "description": "Fetches information about an existing F5 Distributed Cloud Workload.",
            "description_kind": "plain"
          }
        }
      }
    }
  }
}